{"format_version":"1.0","provider_schemas":{"registry.terraform.io/nutanix/nutanix":{"provider":{"version":0,"block":{"attributes":{"endpoint":{"type":"string","description":"URL for Nutanix Prism (e.g IP or FQDN for cluster VIP\nnote, this is never the data services VIP, and should not be an\nindividual CVM address, as this would cause calls to fail during\ncluster lifecycle management operations, such as AOS upgrades.","description_kind":"plain","optional":true},"foundation_endpoint":{"type":"string","description":"endpoint for foundation VM (eg. Foundation VM IP)","description_kind":"plain","optional":true},"foundation_port":{"type":"string","description":"Port for foundation VM","description_kind":"plain","optional":true},"insecure":{"type":"bool","description":"Explicitly allow the provider to perform \"insecure\" SSL requests. If omitted,default value is `false`","description_kind":"plain","optional":true},"ndb_endpoint":{"type":"string","description":"endpoint for Era VM (era ip)","description_kind":"plain","optional":true},"ndb_password":{"type":"string","description_kind":"plain","optional":true},"ndb_username":{"type":"string","description_kind":"plain","optional":true},"password":{"type":"string","description":"Password for provided user name.","description_kind":"plain","optional":true},"port":{"type":"string","description":"Port for Nutanix Prism.","description_kind":"plain","optional":true},"proxy_url":{"type":"string","description_kind":"plain","optional":true},"session_auth":{"type":"bool","description":"Use session authentification instead of basic auth for each request","description_kind":"plain","optional":true},"username":{"type":"string","description":"User name for Nutanix Prism. Could be\nlocal cluster auth (e.g. 'admin') or directory auth.","description_kind":"plain","optional":true},"wait_timeout":{"type":"number","description":"Set if you know that the creation o update of a resource may take long time (minutes)","description_kind":"plain","optional":true}},"description_kind":"plain"}},"resource_schemas":{"nutanix_access_control_policy":{"version":0,"block":{"attributes":{"api_version":{"type":"string","description_kind":"plain","computed":true},"description":{"type":"string","description_kind":"plain","optional":true,"computed":true},"id":{"type":"string","description_kind":"plain","optional":true,"computed":true},"metadata":{"type":["map","string"],"description_kind":"plain","computed":true},"name":{"type":"string","description_kind":"plain","optional":true,"computed":true},"state":{"type":"string","description_kind":"plain","computed":true}},"block_types":{"categories":{"nesting_mode":"set","block":{"attributes":{"name":{"type":"string","description_kind":"plain","optional":true,"computed":true},"value":{"type":"string","description_kind":"plain","optional":true,"computed":true}},"description_kind":"plain"}},"context_filter_list":{"nesting_mode":"list","block":{"block_types":{"entity_filter_expression_list":{"nesting_mode":"list","block":{"attributes":{"left_hand_side_entity_type":{"type":"string","description_kind":"plain","optional":true,"computed":true},"operator":{"type":"string","description_kind":"plain","required":true}},"block_types":{"right_hand_side":{"nesting_mode":"list","block":{"attributes":{"collection":{"type":"string","description_kind":"plain","optional":true,"computed":true},"uuid_list":{"type":["set","string"],"description_kind":"plain","optional":true,"computed":true}},"block_types":{"categories":{"nesting_mode":"list","block":{"attributes":{"name":{"type":"string","description_kind":"plain","optional":true,"computed":true},"value":{"type":["set","string"],"description_kind":"plain","optional":true,"computed":true}},"description_kind":"plain"},"max_items":1}},"description_kind":"plain"},"min_items":1,"max_items":1}},"description_kind":"plain"},"min_items":1},"scope_filter_expression_list":{"nesting_mode":"list","block":{"attributes":{"left_hand_side":{"type":"string","description_kind":"plain","required":true},"operator":{"type":"string","description_kind":"plain","required":true}},"block_types":{"right_hand_side":{"nesting_mode":"list","block":{"attributes":{"collection":{"type":"string","description_kind":"plain","optional":true,"computed":true},"uuid_list":{"type":["set","string"],"description_kind":"plain","optional":true,"computed":true}},"block_types":{"categories":{"nesting_mode":"list","block":{"attributes":{"name":{"type":"string","description_kind":"plain","optional":true,"computed":true},"value":{"type":["set","string"],"description_kind":"plain","optional":true,"computed":true}},"description_kind":"plain"},"max_items":1}},"description_kind":"plain"},"min_items":1,"max_items":1}},"description_kind":"plain"}}},"description_kind":"plain"}},"owner_reference":{"nesting_mode":"list","block":{"attributes":{"kind":{"type":"string","description_kind":"plain","optional":true},"name":{"type":"string","description_kind":"plain","optional":true},"uuid":{"type":"string","description_kind":"plain","optional":true}},"description_kind":"plain"},"max_items":1},"role_reference":{"nesting_mode":"list","block":{"attributes":{"kind":{"type":"string","description_kind":"plain","required":true},"name":{"type":"string","description_kind":"plain","optional":true,"computed":true},"uuid":{"type":"string","description_kind":"plain","required":true}},"description_kind":"plain"},"min_items":1,"max_items":1},"timeouts":{"nesting_mode":"single","block":{"attributes":{"create":{"type":"string","description_kind":"plain","optional":true},"delete":{"type":"string","description_kind":"plain","optional":true},"update":{"type":"string","description_kind":"plain","optional":true}},"description_kind":"plain"}},"user_group_reference_list":{"nesting_mode":"set","block":{"attributes":{"kind":{"type":"string","description_kind":"plain","computed":true},"name":{"type":"string","description_kind":"plain","optional":true,"computed":true},"uuid":{"type":"string","description_kind":"plain","required":true}},"description_kind":"plain"}},"user_reference_list":{"nesting_mode":"set","block":{"attributes":{"kind":{"type":"string","description_kind":"plain","computed":true},"name":{"type":"string","description_kind":"plain","optional":true,"computed":true},"uuid":{"type":"string","description_kind":"plain","required":true}},"description_kind":"plain"}}},"description_kind":"plain"}},"nutanix_address_group":{"version":0,"block":{"attributes":{"address_group_string":{"type":"string","description_kind":"plain","computed":true},"description":{"type":"string","description_kind":"plain","optional":true},"id":{"type":"string","description_kind":"plain","optional":true,"computed":true},"name":{"type":"string","description_kind":"plain","required":true}},"block_types":{"ip_address_block_list":{"nesting_mode":"list","block":{"attributes":{"ip":{"type":"string","description_kind":"plain","required":true},"prefix_length":{"type":"number","description_kind":"plain","required":true}},"description_kind":"plain"},"min_items":1}},"description_kind":"plain"}},"nutanix_category_key":{"version":0,"block":{"attributes":{"api_version":{"type":"string","description_kind":"plain","computed":true},"description":{"type":"string","description_kind":"plain","optional":true,"computed":true},"id":{"type":"string","description_kind":"plain","optional":true,"computed":true},"name":{"type":"string","description_kind":"plain","required":true},"system_defined":{"type":"bool","description_kind":"plain","computed":true}},"description_kind":"plain"}},"nutanix_category_value":{"version":0,"block":{"attributes":{"api_version":{"type":"string","description_kind":"plain","computed":true},"description":{"type":"string","description_kind":"plain","optional":true,"computed":true},"id":{"type":"string","description_kind":"plain","optional":true,"computed":true},"name":{"type":"string","description_kind":"plain","required":true},"system_defined":{"type":"bool","description_kind":"plain","computed":true},"value":{"type":"string","description_kind":"plain","required":true}},"description_kind":"plain"}},"nutanix_floating_ip":{"version":0,"block":{"attributes":{"api_version":{"type":"string","description_kind":"plain","optional":true,"computed":true},"external_subnet_reference_name":{"type":"string","description_kind":"plain","optional":true},"external_subnet_reference_uuid":{"type":"string","description_kind":"plain","optional":true,"computed":true},"id":{"type":"string","description_kind":"plain","optional":true,"computed":true},"metadata":{"type":["map","string"],"description_kind":"plain","computed":true},"private_ip":{"type":"string","description_kind":"plain","optional":true},"vm_nic_reference_uuid":{"type":"string","description_kind":"plain","optional":true},"vpc_reference_name":{"type":"string","description_kind":"plain","optional":true},"vpc_reference_uuid":{"type":"string","description_kind":"plain","optional":true,"computed":true}},"description_kind":"plain"}},"nutanix_foundation_central_api_keys":{"version":0,"block":{"attributes":{"alias":{"type":"string","description_kind":"plain","required":true},"api_key":{"type":"string","description_kind":"plain","computed":true},"created_timestamp":{"type":"string","description_kind":"plain","computed":true},"current_time":{"type":"string","description_kind":"plain","computed":true},"id":{"type":"string","description_kind":"plain","optional":true,"computed":true},"key_uuid":{"type":"string","description_kind":"plain","computed":true}},"description_kind":"plain"}},"nutanix_foundation_central_image_cluster":{"version":0,"block":{"attributes":{"aos_package_sha256sum":{"type":"string","description_kind":"plain","optional":true,"computed":true},"aos_package_url":{"type":"string","description_kind":"plain","optional":true,"computed":true},"archived":{"type":"bool","description_kind":"plain","computed":true},"cluster_external_ip":{"type":"string","description_kind":"plain","optional":true,"computed":true},"cluster_name":{"type":"string","description_kind":"plain","optional":true,"computed":true},"cluster_size":{"type":"number","description_kind":"plain","optional":true,"computed":true},"created_timestamp":{"type":"string","description_kind":"plain","computed":true},"current_time":{"type":"string","description_kind":"plain","computed":true},"destroyed":{"type":"bool","description_kind":"plain","computed":true},"foundation_init_config":{"type":["list",["object",{"blocks":["list",["object",{"block_id":"string","nodes":["list",["object",{"cvm_ip":"string","cvm_vlan_id":"number","fc_imaged_node_uuid":"string","hardware_attributes_override":["map","string"],"hypervisor":"string","hypervisor_hostname":"string","hypervisor_ip":"string","image_now":"bool","ipmi_ip":"string","ipv6_address":"string","node_position":"string","node_serial":"string"}]]}]],"clusters":["list",["object",{"cluster_external_ip":"string","cluster_init_now":"bool","cluster_init_successful":"bool","cluster_members":["list","string"],"cluster_name":"string","cvm_dns_servers":"string","cvm_ntp_servers":"string","redundancy_factor":"number","timezone":"string"}]],"cvm_gateway":"string","cvm_netmask":"string","dns_servers":"string","hyperv_product_key":"string","hyperv_sku":"string","hypervisor_gateway":"string","hypervisor_iso_url":["map","string"],"hypervisor_isos":["list",["object",{"hypervisor_type":"string","sha256sum":"string","url":"string"}]],"hypervisor_netmask":"string","ipmi_gateway":"string","ipmi_netmask":"string","nos_package_url":["list",["object",{"sha256sum":"string","url":"string"}]]}]],"description_kind":"plain","computed":true},"foundation_init_node_uuid":{"type":"string","description_kind":"plain","computed":true},"id":{"type":"string","description_kind":"plain","optional":true,"computed":true},"image_cluster_uuid":{"type":"string","description_kind":"plain","optional":true,"computed":true},"imaged_cluster_uuid":{"type":"string","description_kind":"plain","computed":true},"imaged_node_uuid_list":{"type":["list","string"],"description_kind":"plain","computed":true},"redundancy_factor":{"type":"number","description_kind":"plain","optional":true,"computed":true},"skip_cluster_creation":{"type":"bool","description_kind":"plain","optional":true},"storage_node_count":{"type":"number","description_kind":"plain","optional":true,"computed":true},"timezone":{"type":"string","description_kind":"plain","optional":true,"computed":true},"workflow_type":{"type":"string","description_kind":"plain","computed":true}},"block_types":{"cluster_status":{"nesting_mode":"list","block":{"attributes":{"aggregate_percent_complete":{"type":"number","description_kind":"plain","computed":true},"cluster_creation_started":{"type":"bool","description_kind":"plain","computed":true},"cluster_progress_details":{"type":["list",["object",{"cluster_name":"string","message_list":["list","string"],"percent_complete":"number","status":"string"}]],"description_kind":"plain","computed":true},"current_foundation_ip":{"type":"string","description_kind":"plain","computed":true},"foundation_session_id":{"type":"string","description_kind":"plain","computed":true},"imaging_stopped":{"type":"bool","description_kind":"plain","computed":true},"intent_picked_up":{"type":"bool","description_kind":"plain","computed":true},"node_progress_details":{"type":["list",["object",{"imaged_node_uuid":"string","imaging_stopped":"bool","intent_picked_up":"bool","message_list":["list","string"],"percent_complete":"number","status":"string"}]],"description_kind":"plain","computed":true}},"description_kind":"plain"},"max_items":1},"common_network_settings":{"nesting_mode":"list","block":{"attributes":{"cvm_dns_servers":{"type":["list","string"],"description_kind":"plain","optional":true,"computed":true},"cvm_ntp_servers":{"type":["list","string"],"description_kind":"plain","optional":true,"computed":true},"hypervisor_dns_servers":{"type":["list","string"],"description_kind":"plain","optional":true,"computed":true},"hypervisor_ntp_servers":{"type":["list","string"],"description_kind":"plain","optional":true,"computed":true}},"description_kind":"plain"},"max_items":1},"hypervisor_iso_details":{"nesting_mode":"list","block":{"attributes":{"hyperv_product_key":{"type":"string","description_kind":"plain","optional":true,"computed":true},"hyperv_sku":{"type":"string","description_kind":"plain","optional":true,"computed":true},"sha256sum":{"type":"string","description_kind":"plain","optional":true,"computed":true},"url":{"type":"string","description_kind":"plain","optional":true}},"description_kind":"plain"},"max_items":1},"node_list":{"nesting_mode":"list","block":{"attributes":{"cvm_gateway":{"type":"string","description_kind":"plain","optional":true,"computed":true},"cvm_ip":{"type":"string","description_kind":"plain","optional":true,"computed":true},"cvm_netmask":{"type":"string","description_kind":"plain","optional":true},"cvm_ram_gb":{"type":"number","description_kind":"plain","optional":true},"cvm_vlan_id":{"type":"number","description_kind":"plain","optional":true,"computed":true},"hardware_attributes_override":{"type":["map","string"],"description_kind":"plain","optional":true,"computed":true},"hypervisor_gateway":{"type":"string","description_kind":"plain","optional":true,"computed":true},"hypervisor_hostname":{"type":"string","description_kind":"plain","optional":true,"computed":true},"hypervisor_ip":{"type":"string","description_kind":"plain","optional":true,"computed":true},"hypervisor_netmask":{"type":"string","description_kind":"plain","optional":true,"computed":true},"hypervisor_type":{"type":"string","description_kind":"plain","optional":true},"image_now":{"type":"bool","description_kind":"plain","optional":true,"computed":true},"imaged_node_uuid":{"type":"string","description_kind":"plain","optional":true,"computed":true},"ipmi_gateway":{"type":"string","description_kind":"plain","optional":true,"computed":true},"ipmi_ip":{"type":"string","description_kind":"plain","optional":true,"computed":true},"ipmi_netmask":{"type":"string","description_kind":"plain","optional":true},"rdma_passthrough":{"type":"bool","description_kind":"plain","optional":true},"use_existing_network_settings":{"type":"bool","description_kind":"plain","optional":true}},"description_kind":"plain"}},"timeouts":{"nesting_mode":"single","block":{"attributes":{"create":{"type":"string","description_kind":"plain","optional":true}},"description_kind":"plain"}}},"description_kind":"plain"}},"nutanix_foundation_image":{"version":0,"block":{"attributes":{"filename":{"type":"string","description_kind":"plain","required":true},"id":{"type":"string","description_kind":"plain","optional":true,"computed":true},"in_whitelist":{"type":"bool","description_kind":"plain","computed":true},"installer_type":{"type":"string","description_kind":"plain","required":true},"md5sum":{"type":"string","description_kind":"plain","computed":true},"name":{"type":"string","description_kind":"plain","computed":true},"source":{"type":"string","description_kind":"plain","required":true}},"description_kind":"plain"}},"nutanix_foundation_image_nodes":{"version":0,"block":{"attributes":{"cluster_urls":{"type":["list",["object",{"cluster_name":"string","cluster_url":"string"}]],"description_kind":"plain","computed":true},"cvm_gateway":{"type":"string","description_kind":"plain","required":true},"cvm_netmask":{"type":"string","description_kind":"plain","required":true},"hyperv_external_vnic":{"type":"string","description_kind":"plain","optional":true},"hyperv_external_vswitch":{"type":"string","description_kind":"plain","optional":true},"hyperv_product_key":{"type":"string","description_kind":"plain","optional":true},"hyperv_sku":{"type":"bool","description_kind":"plain","optional":true},"hypervisor_gateway":{"type":"string","description_kind":"plain","required":true},"hypervisor_nameserver":{"type":"string","description_kind":"plain","optional":true},"hypervisor_netmask":{"type":"string","description_kind":"plain","required":true},"hypervisor_password":{"type":"string","description_kind":"plain","optional":true},"id":{"type":"string","description_kind":"plain","optional":true,"computed":true},"install_script":{"type":"string","description_kind":"plain","optional":true},"ipmi_gateway":{"type":"string","description_kind":"plain","optional":true},"ipmi_netmask":{"type":"string","description_kind":"plain","optional":true},"ipmi_password":{"type":"string","description_kind":"plain","optional":true},"ipmi_user":{"type":"string","description_kind":"plain","optional":true},"layout_egg_uuid":{"type":"string","description_kind":"plain","optional":true},"nos_package":{"type":"string","description_kind":"plain","required":true},"session_id":{"type":"string","description_kind":"plain","computed":true},"skip_hypervisor":{"type":"bool","description_kind":"plain","optional":true},"svm_rescue_args":{"type":["list","string"],"description_kind":"plain","optional":true},"ucsm_ip":{"type":"string","description_kind":"plain","optional":true},"ucsm_password":{"type":"string","description_kind":"plain","optional":true},"ucsm_user":{"type":"string","description_kind":"plain","optional":true},"unc_password":{"type":"string","description_kind":"plain","optional":true},"unc_path":{"type":"string","description_kind":"plain","optional":true},"unc_username":{"type":"string","description_kind":"plain","optional":true},"xen_config_type":{"type":"string","description_kind":"plain","optional":true},"xs_master_ip":{"type":"string","description_kind":"plain","optional":true},"xs_master_label":{"type":"string","description_kind":"plain","optional":true},"xs_master_password":{"type":"string","description_kind":"plain","optional":true},"xs_master_username":{"type":"string","description_kind":"plain","optional":true}},"block_types":{"blocks":{"nesting_mode":"list","block":{"attributes":{"block_id":{"type":"string","description_kind":"plain","optional":true}},"block_types":{"nodes":{"nesting_mode":"list","block":{"attributes":{"bond_lacp_rate":{"type":"string","description_kind":"plain","optional":true},"bond_mode":{"type":"string","description_kind":"plain","optional":true},"bond_uplinks":{"type":["list","string"],"description_kind":"plain","optional":true},"cluster_id":{"type":"string","description_kind":"plain","optional":true},"current_cvm_vlan_tag":{"type":"number","description_kind":"plain","optional":true},"current_network_interface":{"type":"string","description_kind":"plain","optional":true},"cvm_gb_ram":{"type":"number","description_kind":"plain","optional":true},"cvm_ip":{"type":"string","description_kind":"plain","optional":true},"cvm_num_vcpus":{"type":"number","description_kind":"plain","optional":true},"device_hint":{"type":"string","description_kind":"plain","optional":true},"exlude_boot_serial":{"type":"string","description_kind":"plain","optional":true},"hypervisor":{"type":"string","description_kind":"plain","optional":true},"hypervisor_hostname":{"type":"string","description_kind":"plain","required":true},"hypervisor_ip":{"type":"string","description_kind":"plain","required":true},"image_delay":{"type":"number","description_kind":"plain","optional":true},"image_now":{"type":"bool","description_kind":"plain","optional":true},"image_successful":{"type":"bool","description_kind":"plain","optional":true},"ipmi_configure_now":{"type":"bool","description_kind":"plain","optional":true},"ipmi_gateway":{"type":"string","description_kind":"plain","optional":true},"ipmi_ip":{"type":"string","description_kind":"plain","optional":true},"ipmi_mac":{"type":"string","description_kind":"plain","optional":true},"ipmi_netmask":{"type":"string","description_kind":"plain","optional":true},"ipmi_password":{"type":"string","description_kind":"plain","optional":true},"ipmi_user":{"type":"string","description_kind":"plain","optional":true},"ipv6_address":{"type":"string","description_kind":"plain","optional":true},"ipv6_interface":{"type":"string","description_kind":"plain","optional":true},"mitigate_low_boot_space":{"type":"bool","description_kind":"plain","optional":true},"node_position":{"type":"string","description_kind":"plain","required":true},"node_serial":{"type":"string","description_kind":"plain","optional":true},"rdma_mac_addr":{"type":"string","description_kind":"plain","optional":true},"rdma_passthrough":{"type":"bool","description_kind":"plain","optional":true},"ucsm_managed_mode":{"type":"string","description_kind":"plain","optional":true},"ucsm_node_serial":{"type":"string","description_kind":"plain","optional":true}},"block_types":{"ucsm_params":{"nesting_mode":"list","block":{"attributes":{"keep_ucsm_settings":{"type":"bool","description_kind":"plain","optional":true},"mac_pool":{"type":"string","description_kind":"plain","optional":true},"native_vlan":{"type":"bool","description_kind":"plain","optional":true},"vlan_name":{"type":"string","description_kind":"plain","optional":true}},"description_kind":"plain"},"max_items":1},"vswitches":{"nesting_mode":"list","block":{"attributes":{"bond_mode":{"type":"string","description_kind":"plain","optional":true},"lacp":{"type":"string","description_kind":"plain","optional":true},"mtu":{"type":"number","description_kind":"plain","optional":true},"name":{"type":"string","description_kind":"plain","optional":true},"other_config":{"type":["list","string"],"description_kind":"plain","optional":true},"uplinks":{"type":["list","string"],"description_kind":"plain","optional":true}},"description_kind":"plain"}}},"description_kind":"plain"},"min_items":1}},"description_kind":"plain"},"min_items":1},"clusters":{"nesting_mode":"list","block":{"attributes":{"backplane_netmask":{"type":"string","description_kind":"plain","optional":true},"backplane_subnet":{"type":"string","description_kind":"plain","optional":true},"backplane_vlan":{"type":"string","description_kind":"plain","optional":true},"cluster_external_ip":{"type":"string","description_kind":"plain","optional":true},"cluster_init_now":{"type":"bool","description_kind":"plain","optional":true},"cluster_init_successful":{"type":"bool","description_kind":"plain","optional":true},"cluster_members":{"type":["list","string"],"description_kind":"plain","required":true},"cluster_name":{"type":"string","description_kind":"plain","required":true},"cvm_dns_servers":{"type":"string","description_kind":"plain","optional":true},"cvm_ntp_servers":{"type":"string","description_kind":"plain","optional":true},"enable_ns":{"type":"bool","description_kind":"plain","optional":true},"hypervisor_ntp_servers":{"type":"string","description_kind":"plain","optional":true},"redundancy_factor":{"type":"number","description_kind":"plain","required":true},"single_node_cluster":{"type":"bool","description_kind":"plain","optional":true},"timezone":{"type":"string","description_kind":"plain","optional":true}},"description_kind":"plain"}},"eos_metadata":{"nesting_mode":"list","block":{"attributes":{"account_name":{"type":["list","string"],"description_kind":"plain","optional":true},"config_id":{"type":"string","description_kind":"plain","optional":true},"email":{"type":"string","description_kind":"plain","optional":true}},"description_kind":"plain"},"max_items":1},"fc_settings":{"nesting_mode":"list","block":{"attributes":{"foundation_central":{"type":"bool","description_kind":"plain","required":true}},"block_types":{"fc_metadata":{"nesting_mode":"list","block":{"attributes":{"api_key":{"type":"string","description_kind":"plain","required":true},"fc_ip":{"type":"string","description_kind":"plain","required":true}},"description_kind":"plain"},"min_items":1,"max_items":1}},"description_kind":"plain"},"max_items":1},"hypervisor_iso":{"nesting_mode":"list","block":{"block_types":{"esx":{"nesting_mode":"list","block":{"attributes":{"checksum":{"type":"string","description_kind":"plain","required":true},"filename":{"type":"string","description_kind":"plain","required":true}},"description_kind":"plain"},"max_items":1},"hyperv":{"nesting_mode":"list","block":{"attributes":{"checksum":{"type":"string","description_kind":"plain","required":true},"filename":{"type":"string","description_kind":"plain","required":true}},"description_kind":"plain"},"max_items":1},"kvm":{"nesting_mode":"list","block":{"attributes":{"checksum":{"type":"string","description_kind":"plain","required":true},"filename":{"type":"string","description_kind":"plain","required":true}},"description_kind":"plain"},"max_items":1},"xen":{"nesting_mode":"list","block":{"attributes":{"checksum":{"type":"string","description_kind":"plain","required":true},"filename":{"type":"string","description_kind":"plain","required":true}},"description_kind":"plain"},"max_items":1}},"description_kind":"plain"},"max_items":1},"tests":{"nesting_mode":"list","block":{"attributes":{"run_ncc":{"type":"bool","description_kind":"plain","optional":true},"run_syscheck":{"type":"bool","description_kind":"plain","optional":true}},"description_kind":"plain"},"max_items":1},"timeouts":{"nesting_mode":"single","block":{"attributes":{"create":{"type":"string","description_kind":"plain","optional":true}},"description_kind":"plain"}}},"description_kind":"plain"}},"nutanix_foundation_ipmi_config":{"version":0,"block":{"attributes":{"id":{"type":"string","description_kind":"plain","optional":true,"computed":true},"ipmi_gateway":{"type":"string","description_kind":"plain","required":true},"ipmi_netmask":{"type":"string","description_kind":"plain","required":true},"ipmi_password":{"type":"string","description_kind":"plain","required":true},"ipmi_user":{"type":"string","description_kind":"plain","required":true}},"block_types":{"blocks":{"nesting_mode":"list","block":{"attributes":{"block_id":{"type":"string","description_kind":"plain","optional":true}},"block_types":{"nodes":{"nesting_mode":"list","block":{"attributes":{"ipmi_configure_now":{"type":"bool","description_kind":"plain","required":true},"ipmi_configure_successful":{"type":"bool","description_kind":"plain","computed":true},"ipmi_ip":{"type":"string","description_kind":"plain","required":true},"ipmi_mac":{"type":"string","description_kind":"plain","required":true},"ipmi_message":{"type":"string","description_kind":"plain","computed":true}},"description_kind":"plain"},"min_items":1}},"description_kind":"plain"},"min_items":1}},"description_kind":"plain"}},"nutanix_image":{"version":1,"block":{"attributes":{"api_version":{"type":"string","description_kind":"plain","computed":true},"architecture":{"type":"string","description_kind":"plain","optional":true,"computed":true},"availability_zone_reference":{"type":["map","string"],"description_kind":"plain","optional":true,"computed":true},"checksum":{"type":["map","string"],"description_kind":"plain","optional":true,"computed":true},"cluster_name":{"type":"string","description_kind":"plain","computed":true},"cluster_uuid":{"type":"string","description_kind":"plain","computed":true},"current_cluster_reference_list":{"type":["list",["object",{"kind":"string","name":"string","uuid":"string"}]],"description_kind":"plain","computed":true},"description":{"type":"string","description_kind":"plain","optional":true,"computed":true},"id":{"type":"string","description_kind":"plain","optional":true,"computed":true},"image_type":{"type":"string","description_kind":"plain","optional":true,"computed":true},"metadata":{"type":["map","string"],"description_kind":"plain","computed":true},"name":{"type":"string","description_kind":"plain","required":true},"owner_reference":{"type":["map","string"],"description_kind":"plain","optional":true,"computed":true},"project_reference":{"type":["map","string"],"description_kind":"plain","optional":true},"retrieval_uri_list":{"type":["list","string"],"description_kind":"plain","computed":true},"size_bytes":{"type":"number","description_kind":"plain","computed":true},"source_path":{"type":"string","description_kind":"plain","optional":true,"computed":true},"source_uri":{"type":"string","description_kind":"plain","optional":true,"computed":true},"state":{"type":"string","description_kind":"plain","computed":true},"version":{"type":["map","string"],"description_kind":"plain","optional":true,"computed":true}},"block_types":{"categories":{"nesting_mode":"set","block":{"attributes":{"name":{"type":"string","description_kind":"plain","optional":true,"computed":true},"value":{"type":"string","description_kind":"plain","optional":true,"computed":true}},"description_kind":"plain"}},"cluster_references":{"nesting_mode":"list","block":{"attributes":{"kind":{"type":"string","description_kind":"plain","optional":true,"computed":true},"name":{"type":"string","description_kind":"plain","computed":true},"uuid":{"type":"string","description_kind":"plain","optional":true,"computed":true}},"description_kind":"plain"}},"timeouts":{"nesting_mode":"single","block":{"attributes":{"create":{"type":"string","description_kind":"plain","optional":true},"delete":{"type":"string","description_kind":"plain","optional":true},"update":{"type":"string","description_kind":"plain","optional":true}},"description_kind":"plain"}}},"description_kind":"plain"}},"nutanix_karbon_cluster":{"version":1,"block":{"attributes":{"deployment_type":{"type":"string","description_kind":"plain","computed":true},"id":{"type":"string","description_kind":"plain","optional":true,"computed":true},"kubeapi_server_ipv4_address":{"type":"string","description_kind":"plain","computed":true},"name":{"type":"string","description_kind":"plain","required":true},"status":{"type":"string","description_kind":"plain","computed":true},"version":{"type":"string","description_kind":"plain","required":true},"wait_timeout_minutes":{"type":"number","description_kind":"plain","deprecated":true,"optional":true}},"block_types":{"active_passive_config":{"nesting_mode":"list","block":{"attributes":{"external_ipv4_address":{"type":"string","description_kind":"plain","required":true}},"description_kind":"plain"},"max_items":1},"cni_config":{"nesting_mode":"list","block":{"attributes":{"node_cidr_mask_size":{"type":"number","description_kind":"plain","optional":true},"pod_ipv4_cidr":{"type":"string","description_kind":"plain","optional":true},"service_ipv4_cidr":{"type":"string","description_kind":"plain","optional":true}},"block_types":{"calico_config":{"nesting_mode":"list","block":{"block_types":{"ip_pool_config":{"nesting_mode":"list","block":{"attributes":{"cidr":{"type":"string","description_kind":"plain","optional":true}},"description_kind":"plain"}}},"description_kind":"plain"},"max_items":1},"flannel_config":{"nesting_mode":"list","block":{"description_kind":"plain"}}},"description_kind":"plain"},"min_items":1,"max_items":1},"etcd_node_pool":{"nesting_mode":"list","block":{"attributes":{"name":{"type":"string","description_kind":"plain","optional":true},"node_os_version":{"type":"string","description_kind":"plain","required":true},"nodes":{"type":["list",["object",{"hostname":"string","ipv4_address":"string"}]],"description_kind":"plain","computed":true},"num_instances":{"type":"number","description_kind":"plain","required":true}},"block_types":{"ahv_config":{"nesting_mode":"list","block":{"attributes":{"cpu":{"type":"number","description_kind":"plain","optional":true},"disk_mib":{"type":"number","description_kind":"plain","optional":true},"memory_mib":{"type":"number","description_kind":"plain","optional":true},"network_uuid":{"type":"string","description_kind":"plain","required":true},"prism_element_cluster_uuid":{"type":"string","description_kind":"plain","required":true}},"description_kind":"plain"},"max_items":1}},"description_kind":"plain"},"min_items":1,"max_items":1},"external_lb_config":{"nesting_mode":"list","block":{"attributes":{"external_ipv4_address":{"type":"string","description_kind":"plain","required":true}},"block_types":{"master_nodes_config":{"nesting_mode":"set","block":{"attributes":{"ipv4_address":{"type":"string","description_kind":"plain","required":true},"node_pool_name":{"type":"string","description_kind":"plain","optional":true}},"description_kind":"plain"},"min_items":2,"max_items":5}},"description_kind":"plain"},"max_items":1},"master_node_pool":{"nesting_mode":"list","block":{"attributes":{"name":{"type":"string","description_kind":"plain","optional":true},"node_os_version":{"type":"string","description_kind":"plain","required":true},"nodes":{"type":["list",["object",{"hostname":"string","ipv4_address":"string"}]],"description_kind":"plain","computed":true},"num_instances":{"type":"number","description_kind":"plain","required":true}},"block_types":{"ahv_config":{"nesting_mode":"list","block":{"attributes":{"cpu":{"type":"number","description_kind":"plain","optional":true},"disk_mib":{"type":"number","description_kind":"plain","optional":true},"memory_mib":{"type":"number","description_kind":"plain","optional":true},"network_uuid":{"type":"string","description_kind":"plain","required":true},"prism_element_cluster_uuid":{"type":"string","description_kind":"plain","required":true}},"description_kind":"plain"},"max_items":1}},"description_kind":"plain"},"min_items":1,"max_items":1},"private_registry":{"nesting_mode":"set","block":{"attributes":{"registry_name":{"type":"string","description_kind":"plain","required":true}},"description_kind":"plain"}},"single_master_config":{"nesting_mode":"list","block":{"description_kind":"plain"},"max_items":1},"storage_class_config":{"nesting_mode":"set","block":{"attributes":{"name":{"type":"string","description_kind":"plain","optional":true},"reclaim_policy":{"type":"string","description_kind":"plain","optional":true}},"block_types":{"volumes_config":{"nesting_mode":"list","block":{"attributes":{"file_system":{"type":"string","description_kind":"plain","optional":true},"flash_mode":{"type":"bool","description_kind":"plain","optional":true},"password":{"type":"string","description_kind":"plain","required":true,"sensitive":true},"prism_element_cluster_uuid":{"type":"string","description_kind":"plain","required":true},"storage_container":{"type":"string","description_kind":"plain","required":true},"username":{"type":"string","description_kind":"plain","required":true}},"description_kind":"plain"},"min_items":1,"max_items":1}},"description_kind":"plain"},"min_items":1,"max_items":1},"timeouts":{"nesting_mode":"single","block":{"attributes":{"create":{"type":"string","description_kind":"plain","optional":true},"delete":{"type":"string","description_kind":"plain","optional":true},"update":{"type":"string","description_kind":"plain","optional":true}},"description_kind":"plain"}},"worker_node_pool":{"nesting_mode":"list","block":{"attributes":{"name":{"type":"string","description_kind":"plain","optional":true},"node_os_version":{"type":"string","description_kind":"plain","required":true},"nodes":{"type":["list",["object",{"hostname":"string","ipv4_address":"string"}]],"description_kind":"plain","computed":true},"num_instances":{"type":"number","description_kind":"plain","required":true}},"block_types":{"ahv_config":{"nesting_mode":"list","block":{"attributes":{"cpu":{"type":"number","description_kind":"plain","optional":true},"disk_mib":{"type":"number","description_kind":"plain","optional":true},"memory_mib":{"type":"number","description_kind":"plain","optional":true},"network_uuid":{"type":"string","description_kind":"plain","required":true},"prism_element_cluster_uuid":{"type":"string","description_kind":"plain","required":true}},"description_kind":"plain"},"max_items":1}},"description_kind":"plain"},"min_items":1,"max_items":1}},"description_kind":"plain"}},"nutanix_karbon_private_registry":{"version":1,"block":{"attributes":{"cert":{"type":"string","description_kind":"plain","optional":true},"endpoint":{"type":"string","description_kind":"plain","computed":true},"id":{"type":"string","description_kind":"plain","optional":true,"computed":true},"name":{"type":"string","description_kind":"plain","required":true},"password":{"type":"string","description_kind":"plain","optional":true,"sensitive":true},"port":{"type":"number","description_kind":"plain","optional":true},"url":{"type":"string","description_kind":"plain","required":true},"username":{"type":"string","description_kind":"plain","optional":true}},"description_kind":"plain"}},"nutanix_karbon_worker_nodepool":{"version":0,"block":{"attributes":{"cluster_name":{"type":"string","description_kind":"plain","required":true},"id":{"type":"string","description_kind":"plain","optional":true,"computed":true},"labels":{"type":["map","string"],"description_kind":"plain","optional":true,"computed":true},"name":{"type":"string","description_kind":"plain","required":true},"node_os_version":{"type":"string","description_kind":"plain","optional":true,"computed":true},"nodes":{"type":["list",["object",{"hostname":"string","ipv4_address":"string"}]],"description_kind":"plain","computed":true},"num_instances":{"type":"number","description_kind":"plain","required":true}},"block_types":{"ahv_config":{"nesting_mode":"list","block":{"attributes":{"cpu":{"type":"number","description_kind":"plain","optional":true},"disk_mib":{"type":"number","description_kind":"plain","optional":true},"iscsi_network_uuid":{"type":"string","description_kind":"plain","optional":true,"computed":true},"memory_mib":{"type":"number","description_kind":"plain","optional":true},"network_uuid":{"type":"string","description_kind":"plain","required":true},"prism_element_cluster_uuid":{"type":"string","description_kind":"plain","optional":true,"computed":true}},"description_kind":"plain"},"max_items":1},"timeouts":{"nesting_mode":"single","block":{"attributes":{"create":{"type":"string","description_kind":"plain","optional":true},"delete":{"type":"string","description_kind":"plain","optional":true},"update":{"type":"string","description_kind":"plain","optional":true}},"description_kind":"plain"}}},"description_kind":"plain"}},"nutanix_ndb_authorize_dbserver":{"version":0,"block":{"attributes":{"dbservers_id":{"type":["list","string"],"description_kind":"plain","optional":true},"id":{"type":"string","description_kind":"plain","optional":true,"computed":true},"time_machine_id":{"type":"string","description_kind":"plain","optional":true},"time_machine_name":{"type":"string","description_kind":"plain","optional":true}},"description_kind":"plain"}},"nutanix_ndb_clone":{"version":0,"block":{"attributes":{"clone":{"type":"bool","description_kind":"plain","computed":true},"clustered":{"type":"bool","description_kind":"plain","optional":true},"compute_profile_id":{"type":"string","description_kind":"plain","optional":true},"create_dbserver":{"type":"bool","description_kind":"plain","optional":true},"database_cluster_type":{"type":"string","description_kind":"plain","computed":true},"database_name":{"type":"string","description_kind":"plain","computed":true},"database_nodes":{"type":["list",["object",{"access_level":["map","string"],"database_id":"string","database_status":"string","date_created":"string","date_modified":"string","dbserver":["map","string"],"dbserver_id":"string","description":"string","id":"string","info":["list",["object",{"info":["map","string"],"secure_info":["map","string"]}]],"name":"string","primary":"bool","properties":["list",["object",{"description":"string","name":"string","ref_id":"string","secure":"bool","value":"string"}]],"protection_domain":["list",["object",{"assoc_entities":["list","string"],"cloud_id":"string","date_created":"string","date_modified":"string","description":"string","era_created":"bool","id":"string","name":"string","owner_id":"string","primary_host":"string","properties":["list",["object",{"description":"string","name":"string","ref_id":"string","secure":"bool","value":"string"}]],"status":"string","type":"string"}]],"protection_domain_id":"string","software_installation_id":"string","status":"string","tags":["list",["object",{"entity_id":"string","entity_type":"string","tag_id":"string","tag_name":"string","value":"string"}]]}]],"description_kind":"plain","computed":true},"database_parameter_profile_id":{"type":"string","description_kind":"plain","optional":true},"date_created":{"type":"string","description_kind":"plain","computed":true},"date_modified":{"type":"string","description_kind":"plain","computed":true},"dbserver_cluster_id":{"type":"string","description_kind":"plain","optional":true},"dbserver_id":{"type":"string","description_kind":"plain","optional":true},"dbserver_logical_cluster":{"type":["map","string"],"description_kind":"plain","computed":true},"dbserver_logical_cluster_id":{"type":"string","description_kind":"plain","optional":true},"delete":{"type":"bool","description_kind":"plain","optional":true},"delete_logical_cluster":{"type":"bool","description_kind":"plain","optional":true},"delete_time_machine":{"type":"bool","description_kind":"plain","optional":true},"description":{"type":"string","description_kind":"plain","optional":true},"forced":{"type":"bool","description_kind":"plain","optional":true},"id":{"type":"string","description_kind":"plain","optional":true,"computed":true},"info":{"type":["list",["object",{"bpg_configs":["list",["object",{"bpg_db_param":["list",["object",{"effective_cache_size":"string","maintenance_work_mem":"string","max_parallel_workers_per_gather":"string","max_worker_processes":"string","shared_buffers":"string","work_mem":"string"}]],"storage":["list",["object",{"archive_storage":["list",["object",{"size":"number"}]],"data_disks":["list",["object",{"count":"number"}]],"log_disks":["list",["object",{"count":"number","size":"number"}]]}]],"vm_properties":["list",["object",{"dirty_background_ratio":"number","dirty_expire_centisecs":"number","dirty_ratio":"number","dirty_writeback_centisecs":"number","nr_hugepages":"number","overcommit_memory":"number","swappiness":"number"}]]}]],"secure_info":["map","string"]}]],"description_kind":"plain","computed":true},"latest_snapshot":{"type":"bool","description_kind":"plain","optional":true},"linked_databases":{"type":["list",["object",{"database_name":"string","database_status":"string","date_created":"string","date_modified":"string","description":"string","id":"string","info":["list",["object",{"info":["map","string"],"secure_info":["map","string"]}]],"metric":["map","string"],"name":"string","parent_database_id":"string","parent_linked_database_id":"string","snapshot_id":"string","status":"string","timezone":"string"}]],"description_kind":"plain","computed":true},"metric":{"type":["map","string"],"description_kind":"plain","computed":true},"name":{"type":"string","description_kind":"plain","required":true},"network_profile_id":{"type":"string","description_kind":"plain","optional":true},"node_count":{"type":"number","description_kind":"plain","optional":true},"nx_cluster_id":{"type":"string","description_kind":"plain","required":true},"parent_database_id":{"type":"string","description_kind":"plain","computed":true},"properties":{"type":["list",["object",{"name":"string","value":"string"}]],"description":"List of all the properties","description_kind":"plain","computed":true},"remove":{"type":"bool","description_kind":"plain","optional":true},"remove_logical_cluster":{"type":"bool","description_kind":"plain","optional":true},"snapshot_id":{"type":"string","description_kind":"plain","optional":true},"soft_remove":{"type":"bool","description_kind":"plain","optional":true},"ssh_public_key":{"type":"string","description_kind":"plain","optional":true,"sensitive":true},"status":{"type":"string","description_kind":"plain","computed":true},"time_machine":{"type":["list",["object",{"access_level":"string","clone":"bool","clones":"string","clustered":"bool","database":"string","database_id":"string","date_created":"string","date_modified":"string","description":"string","ea_status":"string","id":"string","metric":"string","name":"string","properties":["list",["object",{"description":"string","name":"string","ref_id":"string","secure":"bool","value":"string"}]],"schedule":["list",["object",{"continuous_schedule":["list",["object",{"enabled":"bool","log_backup_interval":"number","snapshots_per_day":"number"}]],"daily_schedule":["list",["object",{"enabled":"bool"}]],"date_created":"string","date_modified":"string","description":"string","global_policy":"bool","id":"string","monthly_schedule":["list",["object",{"day_of_month":"number","enabled":"bool"}]],"name":"string","owner_id":"string","quartely_schedule":["list",["object",{"day_of_month":"number","enabled":"bool","start_month":"string","start_month_value":"string"}]],"reference_count":"number","snapshot_time_of_day":["list",["object",{"extra":"bool","hours":"number","minutes":"number","seconds":"number"}]],"start_time":"string","system_policy":"bool","time_zone":"string","unique_name":"string","weekly_schedule":["list",["object",{"day_of_week":"string","day_of_week_value":"string","enabled":"bool"}]],"yearly_schedule":["list",["object",{"day_of_month":"number","enabled":"bool","month":"string","month_value":"string"}]]}]],"schedule_id":"string","scope":"string","sla":["list",["object",{"continuous_retention":"number","current_active_frequency":"string","daily_retention":"number","date_created":"string","date_modified":"string","description":"string","id":"string","monthly_retention":"number","name":"string","owner_id":"string","pitr_enabled":"bool","quarterly_retention":"number","reference_count":"number","system_sla":"bool","unique_name":"string","weekly_retention":"number","yearly_retention":"number"}]],"sla_id":"string","sla_update_in_progress":"bool","sla_update_metadata":"string","source_nx_clusters":["list","string"],"status":"string","tags":["list",["object",{"entity_id":"string","entity_type":"string","tag_id":"string","tag_name":"string","value":"string"}]],"type":"string"}]],"description_kind":"plain","computed":true},"time_machine_id":{"type":"string","description_kind":"plain","optional":true},"time_machine_name":{"type":"string","description_kind":"plain","optional":true},"time_zone":{"type":"string","description_kind":"plain","optional":true,"computed":true},"type":{"type":"string","description_kind":"plain","computed":true},"user_pitr_timestamp":{"type":"string","description_kind":"plain","optional":true},"vm_password":{"type":"string","description_kind":"plain","optional":true,"sensitive":true}},"block_types":{"actionarguments":{"nesting_mode":"set","block":{"attributes":{"name":{"type":"string","description_kind":"plain","required":true},"value":{"type":"string","description_kind":"plain","required":true}},"description":"description of action arguments","description_kind":"plain"}},"lcm_config":{"nesting_mode":"list","block":{"block_types":{"database_lcm_config":{"nesting_mode":"list","block":{"block_types":{"expiry_details":{"nesting_mode":"list","block":{"attributes":{"delete_database":{"type":"bool","description_kind":"plain","optional":true},"expire_in_days":{"type":"number","description_kind":"plain","optional":true},"expiry_date_timezone":{"type":"string","description_kind":"plain","required":true}},"description_kind":"plain"}},"refresh_details":{"nesting_mode":"list","block":{"attributes":{"refresh_date_timezone":{"type":"string","description_kind":"plain","optional":true},"refresh_in_days":{"type":"number","description_kind":"plain","optional":true},"refresh_time":{"type":"string","description_kind":"plain","optional":true}},"description_kind":"plain"}}},"description_kind":"plain"}}},"description_kind":"plain"}},"nodes":{"nesting_mode":"list","block":{"attributes":{"compute_profile_id":{"type":"string","description_kind":"plain","optional":true},"dbserver_id":{"type":"string","description_kind":"plain","optional":true},"network_profile_id":{"type":"string","description_kind":"plain","optional":true},"new_db_server_time_zone":{"type":"string","description_kind":"plain","optional":true},"nx_cluster_id":{"type":"string","description_kind":"plain","optional":true},"vm_name":{"type":"string","description_kind":"plain","optional":true}},"block_types":{"properties":{"nesting_mode":"list","block":{"attributes":{"name":{"type":"string","description_kind":"plain","optional":true},"value":{"type":"string","description_kind":"plain","optional":true}},"description":"List of all the properties","description_kind":"plain"}}},"description_kind":"plain"},"min_items":1},"postgresql_info":{"nesting_mode":"list","block":{"attributes":{"db_password":{"type":"string","description_kind":"plain","required":true,"sensitive":true},"dbserver_description":{"type":"string","description_kind":"plain","optional":true},"post_clone_cmd":{"type":"string","description_kind":"plain","optional":true},"pre_clone_cmd":{"type":"string","description_kind":"plain","optional":true},"vm_name":{"type":"string","description_kind":"plain","required":true}},"description_kind":"plain"}},"tags":{"nesting_mode":"list","block":{"attributes":{"entity_id":{"type":"string","description_kind":"plain","computed":true},"entity_type":{"type":"string","description_kind":"plain","computed":true},"tag_id":{"type":"string","description_kind":"plain","optional":true,"computed":true},"tag_name":{"type":"string","description_kind":"plain","optional":true,"computed":true},"value":{"type":"string","description_kind":"plain","optional":true,"computed":true}},"description_kind":"plain"}},"timeouts":{"nesting_mode":"single","block":{"attributes":{"create":{"type":"string","description_kind":"plain","optional":true},"delete":{"type":"string","description_kind":"plain","optional":true}},"description_kind":"plain"}}},"description_kind":"plain"}},"nutanix_ndb_clone_refresh":{"version":0,"block":{"attributes":{"clone_id":{"type":"string","description_kind":"plain","required":true},"id":{"type":"string","description_kind":"plain","optional":true,"computed":true},"snapshot_id":{"type":"string","description_kind":"plain","optional":true},"timezone":{"type":"string","description_kind":"plain","optional":true},"user_pitr_timestamp":{"type":"string","description_kind":"plain","optional":true}},"block_types":{"timeouts":{"nesting_mode":"single","block":{"attributes":{"create":{"type":"string","description_kind":"plain","optional":true}},"description_kind":"plain"}}},"description_kind":"plain"}},"nutanix_ndb_cluster":{"version":0,"block":{"attributes":{"agent_vm_prefix":{"type":"string","description_kind":"plain","optional":true},"cloud_info":{"type":"string","description_kind":"plain","computed":true},"cloud_type":{"type":"string","description_kind":"plain","computed":true},"cluster_ip":{"type":"string","description_kind":"plain","required":true},"cluster_type":{"type":"string","description_kind":"plain","optional":true},"date_created":{"type":"string","description_kind":"plain","computed":true},"date_modified":{"type":"string","description_kind":"plain","computed":true},"description":{"type":"string","description_kind":"plain","optional":true},"entity_counts":{"type":["list",["object",{"db_servers":"number","engine_counts":["list",["object",{"mariadb_database":["list",["object",{"profiles":["list",["object",{"compute":"number","database_parameter":"number","network":"number","software":"number","storage":"number","windows_domain":"number"}]],"time_machines":"number"}]],"mongodb_database":["list",["object",{"profiles":["list",["object",{"compute":"number","database_parameter":"number","network":"number","software":"number","storage":"number","windows_domain":"number"}]],"time_machines":"number"}]],"mysql_database":["list",["object",{"profiles":["list",["object",{"compute":"number","database_parameter":"number","network":"number","software":"number","storage":"number","windows_domain":"number"}]],"time_machines":"number"}]],"oracle_database":["list",["object",{"profiles":["list",["object",{"compute":"number","database_parameter":"number","network":"number","software":"number","storage":"number","windows_domain":"number"}]],"time_machines":"number"}]],"postgres_database":["list",["object",{"profiles":["list",["object",{"compute":"number","database_parameter":"number","network":"number","software":"number","storage":"number","windows_domain":"number"}]],"time_machines":"number"}]],"saphana_database":["list",["object",{"profiles":["list",["object",{"compute":"number","database_parameter":"number","network":"number","software":"number","storage":"number","windows_domain":"number"}]],"time_machines":"number"}]],"sqlserver_database":["list",["object",{"profiles":["list",["object",{"compute":"number","database_parameter":"number","network":"number","software":"number","storage":"number","windows_domain":"number"}]],"time_machines":"number"}]]}]]}]],"description_kind":"plain","computed":true},"fqdns":{"type":"string","description_kind":"plain","computed":true},"healthy":{"type":"bool","description_kind":"plain","computed":true},"hypervisor_type":{"type":"string","description_kind":"plain","computed":true},"hypervisor_version":{"type":"string","description_kind":"plain","computed":true},"id":{"type":"string","description_kind":"plain","computed":true},"ip_addresses":{"type":["list","string"],"description_kind":"plain","computed":true},"management_server_info":{"type":"string","description_kind":"plain","computed":true},"name":{"type":"string","description_kind":"plain","required":true},"nx_cluster_uuid":{"type":"string","description_kind":"plain","computed":true},"owner_id":{"type":"string","description_kind":"plain","computed":true},"password":{"type":"string","description_kind":"plain","required":true,"sensitive":true},"port":{"type":"number","description_kind":"plain","optional":true},"properties":{"type":["list",["object",{"description":"string","name":"string","ref_id":"string","secure":"bool","value":"string"}]],"description_kind":"plain","computed":true},"protocol":{"type":"string","description_kind":"plain","optional":true},"reference_count":{"type":"number","description_kind":"plain","computed":true},"resource_config":{"type":["list",["object",{"memory_threshold_percentage":"number","storage_threshold_percentage":"number"}]],"description_kind":"plain","computed":true},"status":{"type":"string","description_kind":"plain","computed":true},"storage_container":{"type":"string","description_kind":"plain","required":true},"unique_name":{"type":"string","description_kind":"plain","computed":true},"username":{"type":"string","description_kind":"plain","required":true},"version":{"type":"string","description_kind":"plain","optional":true}},"block_types":{"agent_network_info":{"nesting_mode":"list","block":{"attributes":{"dns":{"type":"string","description_kind":"plain","optional":true},"ntp":{"type":"string","description_kind":"plain","optional":true}},"description_kind":"plain"},"min_items":1},"networks_info":{"nesting_mode":"list","block":{"attributes":{"access_type":{"type":["list","string"],"description_kind":"plain","optional":true},"type":{"type":"string","description_kind":"plain","optional":true}},"block_types":{"network_info":{"nesting_mode":"list","block":{"attributes":{"gateway":{"type":"string","description_kind":"plain","optional":true},"static_ip":{"type":"string","description_kind":"plain","optional":true},"subnet_mask":{"type":"string","description_kind":"plain","optional":true},"vlan_name":{"type":"string","description_kind":"plain","optional":true}},"description_kind":"plain"}}},"description_kind":"plain"},"min_items":1}},"description_kind":"plain"}},"nutanix_ndb_database":{"version":0,"block":{"attributes":{"autotunestagingdrive":{"type":"bool","description_kind":"plain","optional":true},"clone":{"type":"bool","description_kind":"plain","computed":true},"clustered":{"type":"bool","description_kind":"plain","optional":true},"computeprofileid":{"type":"string","description_kind":"plain","optional":true},"createdbserver":{"type":"bool","description_kind":"plain","optional":true},"database_cluster_type":{"type":"string","description_kind":"plain","computed":true},"database_instance_id":{"type":"string","description_kind":"plain","optional":true,"computed":true},"database_name":{"type":"string","description_kind":"plain","computed":true},"database_nodes":{"type":["list",["object",{"access_level":["map","string"],"database_id":"string","database_status":"string","date_created":"string","date_modified":"string","dbserver":["map","string"],"dbserver_id":"string","description":"string","id":"string","info":["list",["object",{"info":["map","string"],"secure_info":["map","string"]}]],"name":"string","primary":"bool","properties":["list",["object",{"description":"string","name":"string","ref_id":"string","secure":"bool","value":"string"}]],"protection_domain":["list",["object",{"assoc_entities":["list","string"],"cloud_id":"string","date_created":"string","date_modified":"string","description":"string","era_created":"bool","id":"string","name":"string","owner_id":"string","primary_host":"string","properties":["list",["object",{"description":"string","name":"string","ref_id":"string","secure":"bool","value":"string"}]],"status":"string","type":"string"}]],"protection_domain_id":"string","software_installation_id":"string","status":"string","tags":["list",["object",{"entity_id":"string","entity_type":"string","tag_id":"string","tag_name":"string","value":"string"}]]}]],"description_kind":"plain","computed":true},"databasetype":{"type":"string","description_kind":"plain","optional":true},"date_created":{"type":"string","description_kind":"plain","computed":true},"date_modified":{"type":"string","description_kind":"plain","computed":true},"dbparameterprofileid":{"type":"string","description_kind":"plain","optional":true},"dbserver_logical_cluster":{"type":["map","string"],"description_kind":"plain","computed":true},"dbserver_logical_cluster_id":{"type":"string","description_kind":"plain","computed":true},"dbserverid":{"type":"string","description_kind":"plain","optional":true},"delete":{"type":"bool","description_kind":"plain","optional":true},"delete_logical_cluster":{"type":"bool","description_kind":"plain","optional":true},"delete_time_machine":{"type":"bool","description_kind":"plain","optional":true},"description":{"type":"string","description_kind":"plain","optional":true},"forced":{"type":"bool","description_kind":"plain","optional":true},"id":{"type":"string","description_kind":"plain","optional":true,"computed":true},"info":{"type":["list",["object",{"bpg_configs":["list",["object",{"bpg_db_param":["list",["object",{"effective_cache_size":"string","maintenance_work_mem":"string","max_parallel_workers_per_gather":"string","max_worker_processes":"string","shared_buffers":"string","work_mem":"string"}]],"storage":["list",["object",{"archive_storage":["list",["object",{"size":"number"}]],"data_disks":["list",["object",{"count":"number"}]],"log_disks":["list",["object",{"count":"number","size":"number"}]]}]],"vm_properties":["list",["object",{"dirty_background_ratio":"number","dirty_expire_centisecs":"number","dirty_ratio":"number","dirty_writeback_centisecs":"number","nr_hugepages":"number","overcommit_memory":"number","swappiness":"number"}]]}]],"secure_info":["map","string"]}]],"description_kind":"plain","computed":true},"lcm_config":{"type":["list",["object",{"expiry_details":["list",["object",{"delete_database":"bool","delete_time_machine":"bool","delete_vm":"bool","effective_timestamp":"string","expire_in_days":"number","expiry_date_timezone":"string","expiry_timestamp":"string","remind_before_in_days":"number","user_created":"bool"}]],"post_delete_command":["list",["object",{"command":"string"}]],"pre_delete_command":["list",["object",{"command":"string"}]],"refresh_details":["list",["object",{"last_refresh_date":"string","next_refresh_date":"string","refresh_date_timezone":"string","refresh_in_days":"number","refresh_in_hours":"number","refresh_in_months":"number","refresh_time":"string"}]]}]],"description_kind":"plain","computed":true},"linked_databases":{"type":["list",["object",{"database_name":"string","database_status":"string","date_created":"string","date_modified":"string","description":"string","id":"string","info":["list",["object",{"info":["map","string"],"secure_info":["map","string"]}]],"metric":["map","string"],"name":"string","parent_database_id":"string","parent_linked_database_id":"string","snapshot_id":"string","status":"string","timezone":"string"}]],"description_kind":"plain","computed":true},"metric":{"type":["map","string"],"description_kind":"plain","computed":true},"name":{"type":"string","description_kind":"plain","required":true},"networkprofileid":{"type":"string","description_kind":"plain","optional":true},"newdbservertimezone":{"type":"string","description_kind":"plain","optional":true},"nodecount":{"type":"number","description_kind":"plain","optional":true},"nxclusterid":{"type":"string","description_kind":"plain","optional":true},"parent_database_id":{"type":"string","description_kind":"plain","computed":true},"properties":{"type":["list",["object",{"name":"string","value":"string"}]],"description":"List of all the properties","description_kind":"plain","computed":true},"remove":{"type":"bool","description_kind":"plain","optional":true},"soft_remove":{"type":"bool","description_kind":"plain","optional":true},"softwareprofileid":{"type":"string","description_kind":"plain","optional":true},"softwareprofileversionid":{"type":"string","description_kind":"plain","optional":true},"sshpublickey":{"type":"string","description_kind":"plain","optional":true,"sensitive":true},"status":{"type":"string","description_kind":"plain","computed":true},"time_machine":{"type":["list",["object",{"access_level":"string","clone":"bool","clones":"string","clustered":"bool","database":"string","database_id":"string","date_created":"string","date_modified":"string","description":"string","ea_status":"string","id":"string","metric":"string","name":"string","properties":["list",["object",{"description":"string","name":"string","ref_id":"string","secure":"bool","value":"string"}]],"schedule":["list",["object",{"continuous_schedule":["list",["object",{"enabled":"bool","log_backup_interval":"number","snapshots_per_day":"number"}]],"daily_schedule":["list",["object",{"enabled":"bool"}]],"date_created":"string","date_modified":"string","description":"string","global_policy":"bool","id":"string","monthly_schedule":["list",["object",{"day_of_month":"number","enabled":"bool"}]],"name":"string","owner_id":"string","quartely_schedule":["list",["object",{"day_of_month":"number","enabled":"bool","start_month":"string","start_month_value":"string"}]],"reference_count":"number","snapshot_time_of_day":["list",["object",{"extra":"bool","hours":"number","minutes":"number","seconds":"number"}]],"start_time":"string","system_policy":"bool","time_zone":"string","unique_name":"string","weekly_schedule":["list",["object",{"day_of_week":"string","day_of_week_value":"string","enabled":"bool"}]],"yearly_schedule":["list",["object",{"day_of_month":"number","enabled":"bool","month":"string","month_value":"string"}]]}]],"schedule_id":"string","scope":"string","sla":["list",["object",{"continuous_retention":"number","current_active_frequency":"string","daily_retention":"number","date_created":"string","date_modified":"string","description":"string","id":"string","monthly_retention":"number","name":"string","owner_id":"string","pitr_enabled":"bool","quarterly_retention":"number","reference_count":"number","system_sla":"bool","unique_name":"string","weekly_retention":"number","yearly_retention":"number"}]],"sla_id":"string","sla_update_in_progress":"bool","sla_update_metadata":"string","source_nx_clusters":["list","string"],"status":"string","tags":["list",["object",{"entity_id":"string","entity_type":"string","tag_id":"string","tag_name":"string","value":"string"}]],"type":"string"}]],"description_kind":"plain","computed":true},"time_machine_id":{"type":"string","description_kind":"plain","computed":true},"time_zone":{"type":"string","description_kind":"plain","computed":true},"type":{"type":"string","description_kind":"plain","computed":true},"vm_password":{"type":"string","description_kind":"plain","optional":true,"sensitive":true}},"block_types":{"actionarguments":{"nesting_mode":"set","block":{"attributes":{"name":{"type":"string","description_kind":"plain","required":true},"value":{"type":"string","description_kind":"plain","required":true}},"description":"description of action arguments","description_kind":"plain"}},"cluster_info":{"nesting_mode":"list","block":{"block_types":{"cluster_ip_infos":{"nesting_mode":"list","block":{"attributes":{"nx_cluster_id":{"type":"string","description_kind":"plain","required":true}},"block_types":{"ip_infos":{"nesting_mode":"list","block":{"attributes":{"ip_addresses":{"type":["list","string"],"description_kind":"plain","optional":true},"ip_type":{"type":"string","description_kind":"plain","optional":true}},"description_kind":"plain"}}},"description_kind":"plain"},"min_items":1}},"description_kind":"plain"}},"maintenance_tasks":{"nesting_mode":"list","block":{"attributes":{"maintenance_window_id":{"type":"string","description_kind":"plain","optional":true}},"block_types":{"tasks":{"nesting_mode":"list","block":{"attributes":{"post_command":{"type":"string","description_kind":"plain","optional":true},"pre_command":{"type":"string","description_kind":"plain","optional":true},"task_type":{"type":"string","description_kind":"plain","optional":true}},"description_kind":"plain"}}},"description_kind":"plain"},"max_items":1},"nodes":{"nesting_mode":"set","block":{"attributes":{"computeprofileid":{"type":"string","description_kind":"plain","optional":true},"dbserverid":{"type":"string","description_kind":"plain","optional":true},"networkprofileid":{"type":"string","description_kind":"plain","optional":true},"nx_cluster_id":{"type":"string","description_kind":"plain","optional":true},"vmname":{"type":"string","description_kind":"plain","required":true}},"block_types":{"ip_infos":{"nesting_mode":"list","block":{"attributes":{"ip_addresses":{"type":["list","string"],"description_kind":"plain","optional":true},"ip_type":{"type":"string","description_kind":"plain","optional":true}},"description_kind":"plain"}},"properties":{"nesting_mode":"set","block":{"attributes":{"name":{"type":"string","description_kind":"plain","required":true},"value":{"type":"string","description_kind":"plain","required":true}},"description_kind":"plain"}}},"description":"Description of nodes","description_kind":"plain"}},"postgresql_info":{"nesting_mode":"list","block":{"attributes":{"allocate_pg_hugepage":{"type":"bool","description_kind":"plain","optional":true},"auth_method":{"type":"string","description_kind":"plain","optional":true},"auto_tune_staging_drive":{"type":"bool","description_kind":"plain","optional":true},"cluster_database":{"type":"bool","description_kind":"plain","optional":true},"database_names":{"type":"string","description_kind":"plain","required":true},"database_size":{"type":"string","description_kind":"plain","required":true},"db_password":{"type":"string","description_kind":"plain","required":true,"sensitive":true},"listener_port":{"type":"string","description_kind":"plain","required":true},"post_create_script":{"type":"string","description_kind":"plain","optional":true},"pre_create_script":{"type":"string","description_kind":"plain","optional":true}},"block_types":{"ha_instance":{"nesting_mode":"list","block":{"attributes":{"archive_wal_expire_days":{"type":"number","description_kind":"plain","optional":true},"backup_policy":{"type":"string","description_kind":"plain","optional":true},"cluster_description":{"type":"string","description_kind":"plain","optional":true},"cluster_name":{"type":"string","description_kind":"plain","required":true},"deploy_haproxy":{"type":"bool","description_kind":"plain","optional":true},"enable_peer_auth":{"type":"bool","description_kind":"plain","optional":true},"enable_synchronous_mode":{"type":"bool","description_kind":"plain","optional":true},"failover_mode":{"type":"string","description_kind":"plain","optional":true},"node_type":{"type":"string","description_kind":"plain","optional":true},"patroni_cluster_name":{"type":"string","description_kind":"plain","required":true},"provision_virtual_ip":{"type":"bool","description_kind":"plain","optional":true},"proxy_read_port":{"type":"string","description_kind":"plain","required":true},"proxy_write_port":{"type":"string","description_kind":"plain","required":true}},"description_kind":"plain"},"max_items":1}},"description_kind":"plain"},"max_items":1},"tags":{"nesting_mode":"list","block":{"attributes":{"entity_id":{"type":"string","description_kind":"plain","computed":true},"entity_type":{"type":"string","description_kind":"plain","computed":true},"tag_id":{"type":"string","description_kind":"plain","optional":true,"computed":true},"tag_name":{"type":"string","description_kind":"plain","optional":true,"computed":true},"value":{"type":"string","description_kind":"plain","optional":true,"computed":true}},"description_kind":"plain"}},"timemachineinfo":{"nesting_mode":"set","block":{"attributes":{"autotunelogdrive":{"type":"bool","description":"description of autoTuneLogDrive","description_kind":"plain","optional":true},"description":{"type":"string","description":"description of time machine's","description_kind":"plain","optional":true},"name":{"type":"string","description":"description of time machine's name","description_kind":"plain","required":true},"slaid":{"type":"string","description":"description of SLA ID.","description_kind":"plain","optional":true}},"block_types":{"schedule":{"nesting_mode":"set","block":{"block_types":{"continuousschedule":{"nesting_mode":"list","block":{"attributes":{"enabled":{"type":"bool","description_kind":"plain","required":true},"logbackupinterval":{"type":"number","description_kind":"plain","required":true},"snapshotsperday":{"type":"number","description_kind":"plain","required":true}},"description":"description of schedule of time machine","description_kind":"plain"},"max_items":1},"monthlyschedule":{"nesting_mode":"list","block":{"attributes":{"dayofmonth":{"type":"number","description_kind":"plain","required":true},"enabled":{"type":"bool","description_kind":"plain","required":true}},"description":"description of schedule of time machine","description_kind":"plain"},"max_items":1},"quartelyschedule":{"nesting_mode":"list","block":{"attributes":{"dayofmonth":{"type":"number","description_kind":"plain","required":true},"enabled":{"type":"bool","description_kind":"plain","required":true},"startmonth":{"type":"string","description_kind":"plain","required":true}},"description":"description of schedule of time machine","description_kind":"plain"},"max_items":1},"snapshottimeofday":{"nesting_mode":"list","block":{"attributes":{"hours":{"type":"number","description_kind":"plain","required":true},"minutes":{"type":"number","description_kind":"plain","required":true},"seconds":{"type":"number","description_kind":"plain","required":true}},"description":"description of schedule of time machine","description_kind":"plain"},"max_items":1},"weeklyschedule":{"nesting_mode":"list","block":{"attributes":{"dayofweek":{"type":"string","description_kind":"plain","required":true},"enabled":{"type":"bool","description_kind":"plain","required":true}},"description":"description of schedule of time machine","description_kind":"plain"},"max_items":1},"yearlyschedule":{"nesting_mode":"list","block":{"attributes":{"dayofmonth":{"type":"number","description_kind":"plain","required":true},"enabled":{"type":"bool","description_kind":"plain","required":true},"month":{"type":"string","description_kind":"plain","required":true}},"description":"description of schedule of time machine","description_kind":"plain"},"max_items":1}},"description":"description of schedule of time machine","description_kind":"plain"},"min_items":1,"max_items":1},"sla_details":{"nesting_mode":"list","block":{"block_types":{"primary_sla":{"nesting_mode":"list","block":{"attributes":{"nx_cluster_ids":{"type":["list","string"],"description_kind":"plain","optional":true},"sla_id":{"type":"string","description":"description of SLA ID.","description_kind":"plain","required":true}},"description_kind":"plain"}}},"description_kind":"plain"}},"tags":{"nesting_mode":"list","block":{"attributes":{"entity_id":{"type":"string","description_kind":"plain","computed":true},"entity_type":{"type":"string","description_kind":"plain","computed":true},"tag_id":{"type":"string","description_kind":"plain","optional":true,"computed":true},"tag_name":{"type":"string","description_kind":"plain","optional":true,"computed":true},"value":{"type":"string","description_kind":"plain","optional":true,"computed":true}},"description_kind":"plain"}}},"description":"sample description for time machine info","description_kind":"plain"},"max_items":1},"timeouts":{"nesting_mode":"single","block":{"attributes":{"create":{"type":"string","description_kind":"plain","optional":true},"delete":{"type":"string","description_kind":"plain","optional":true},"update":{"type":"string","description_kind":"plain","optional":true}},"description_kind":"plain"}}},"description_kind":"plain"}},"nutanix_ndb_database_restore":{"version":0,"block":{"attributes":{"clone":{"type":"bool","description_kind":"plain","computed":true},"database_cluster_type":{"type":"string","description_kind":"plain","computed":true},"database_id":{"type":"string","description_kind":"plain","required":true},"database_instance_id":{"type":"string","description_kind":"plain","computed":true},"database_name":{"type":"string","description_kind":"plain","computed":true},"database_nodes":{"type":["list",["object",{"access_level":["map","string"],"database_id":"string","database_status":"string","date_created":"string","date_modified":"string","dbserver":["map","string"],"dbserver_id":"string","description":"string","id":"string","info":["list",["object",{"info":["map","string"],"secure_info":["map","string"]}]],"name":"string","primary":"bool","properties":["list",["object",{"description":"string","name":"string","ref_id":"string","secure":"bool","value":"string"}]],"protection_domain":["list",["object",{"assoc_entities":["list","string"],"cloud_id":"string","date_created":"string","date_modified":"string","description":"string","era_created":"bool","id":"string","name":"string","owner_id":"string","primary_host":"string","properties":["list",["object",{"description":"string","name":"string","ref_id":"string","secure":"bool","value":"string"}]],"status":"string","type":"string"}]],"protection_domain_id":"string","software_installation_id":"string","status":"string","tags":["list",["object",{"entity_id":"string","entity_type":"string","tag_id":"string","tag_name":"string","value":"string"}]]}]],"description_kind":"plain","computed":true},"date_created":{"type":"string","description_kind":"plain","computed":true},"date_modified":{"type":"string","description_kind":"plain","computed":true},"dbserver_logical_cluster":{"type":["map","string"],"description_kind":"plain","computed":true},"dbserver_logical_cluster_id":{"type":"string","description_kind":"plain","computed":true},"description":{"type":"string","description_kind":"plain","computed":true},"id":{"type":"string","description_kind":"plain","optional":true,"computed":true},"info":{"type":["list",["object",{"bpg_configs":["list",["object",{"bpg_db_param":["list",["object",{"effective_cache_size":"string","maintenance_work_mem":"string","max_parallel_workers_per_gather":"string","max_worker_processes":"string","shared_buffers":"string","work_mem":"string"}]],"storage":["list",["object",{"archive_storage":["list",["object",{"size":"number"}]],"data_disks":["list",["object",{"count":"number"}]],"log_disks":["list",["object",{"count":"number","size":"number"}]]}]],"vm_properties":["list",["object",{"dirty_background_ratio":"number","dirty_expire_centisecs":"number","dirty_ratio":"number","dirty_writeback_centisecs":"number","nr_hugepages":"number","overcommit_memory":"number","swappiness":"number"}]]}]],"secure_info":["map","string"]}]],"description_kind":"plain","computed":true},"latest_snapshot":{"type":"string","description_kind":"plain","optional":true},"lcm_config":{"type":["list",["object",{"expiry_details":["list",["object",{"delete_database":"bool","delete_time_machine":"bool","delete_vm":"bool","effective_timestamp":"string","expire_in_days":"number","expiry_date_timezone":"string","expiry_timestamp":"string","remind_before_in_days":"number","user_created":"bool"}]],"post_delete_command":["list",["object",{"command":"string"}]],"pre_delete_command":["list",["object",{"command":"string"}]],"refresh_details":["list",["object",{"last_refresh_date":"string","next_refresh_date":"string","refresh_date_timezone":"string","refresh_in_days":"number","refresh_in_hours":"number","refresh_in_months":"number","refresh_time":"string"}]]}]],"description_kind":"plain","computed":true},"linked_databases":{"type":["list",["object",{"database_name":"string","database_status":"string","date_created":"string","date_modified":"string","description":"string","id":"string","info":["list",["object",{"info":["map","string"],"secure_info":["map","string"]}]],"metric":["map","string"],"name":"string","parent_database_id":"string","parent_linked_database_id":"string","snapshot_id":"string","status":"string","timezone":"string"}]],"description_kind":"plain","computed":true},"metric":{"type":["map","string"],"description_kind":"plain","computed":true},"name":{"type":"string","description_kind":"plain","computed":true},"parent_database_id":{"type":"string","description_kind":"plain","computed":true},"properties":{"type":["list",["object",{"name":"string","value":"string"}]],"description":"List of all the properties","description_kind":"plain","computed":true},"restore_version":{"type":"number","description_kind":"plain","optional":true},"snapshot_id":{"type":"string","description_kind":"plain","optional":true},"status":{"type":"string","description_kind":"plain","computed":true},"time_machine":{"type":["list",["object",{"access_level":"string","clone":"bool","clones":"string","clustered":"bool","database":"string","database_id":"string","date_created":"string","date_modified":"string","description":"string","ea_status":"string","id":"string","metric":"string","name":"string","properties":["list",["object",{"description":"string","name":"string","ref_id":"string","secure":"bool","value":"string"}]],"schedule":["list",["object",{"continuous_schedule":["list",["object",{"enabled":"bool","log_backup_interval":"number","snapshots_per_day":"number"}]],"daily_schedule":["list",["object",{"enabled":"bool"}]],"date_created":"string","date_modified":"string","description":"string","global_policy":"bool","id":"string","monthly_schedule":["list",["object",{"day_of_month":"number","enabled":"bool"}]],"name":"string","owner_id":"string","quartely_schedule":["list",["object",{"day_of_month":"number","enabled":"bool","start_month":"string","start_month_value":"string"}]],"reference_count":"number","snapshot_time_of_day":["list",["object",{"extra":"bool","hours":"number","minutes":"number","seconds":"number"}]],"start_time":"string","system_policy":"bool","time_zone":"string","unique_name":"string","weekly_schedule":["list",["object",{"day_of_week":"string","day_of_week_value":"string","enabled":"bool"}]],"yearly_schedule":["list",["object",{"day_of_month":"number","enabled":"bool","month":"string","month_value":"string"}]]}]],"schedule_id":"string","scope":"string","sla":["list",["object",{"continuous_retention":"number","current_active_frequency":"string","daily_retention":"number","date_created":"string","date_modified":"string","description":"string","id":"string","monthly_retention":"number","name":"string","owner_id":"string","pitr_enabled":"bool","quarterly_retention":"number","reference_count":"number","system_sla":"bool","unique_name":"string","weekly_retention":"number","yearly_retention":"number"}]],"sla_id":"string","sla_update_in_progress":"bool","sla_update_metadata":"string","source_nx_clusters":["list","string"],"status":"string","tags":["list",["object",{"entity_id":"string","entity_type":"string","tag_id":"string","tag_name":"string","value":"string"}]],"type":"string"}]],"description_kind":"plain","computed":true},"time_machine_id":{"type":"string","description_kind":"plain","computed":true},"time_zone":{"type":"string","description_kind":"plain","computed":true},"time_zone_pitr":{"type":"string","description_kind":"plain","optional":true},"type":{"type":"string","description_kind":"plain","computed":true},"user_pitr_timestamp":{"type":"string","description_kind":"plain","optional":true}},"block_types":{"tags":{"nesting_mode":"list","block":{"attributes":{"entity_id":{"type":"string","description_kind":"plain","computed":true},"entity_type":{"type":"string","description_kind":"plain","computed":true},"tag_id":{"type":"string","description_kind":"plain","optional":true,"computed":true},"tag_name":{"type":"string","description_kind":"plain","optional":true,"computed":true},"value":{"type":"string","description_kind":"plain","optional":true,"computed":true}},"description_kind":"plain"}},"timeouts":{"nesting_mode":"single","block":{"attributes":{"create":{"type":"string","description_kind":"plain","optional":true}},"description_kind":"plain"}}},"description_kind":"plain"}},"nutanix_ndb_database_scale":{"version":0,"block":{"attributes":{"application_type":{"type":"string","description_kind":"plain","required":true},"clone":{"type":"bool","description_kind":"plain","computed":true},"data_storage_size":{"type":"number","description_kind":"plain","required":true},"database_cluster_type":{"type":"string","description_kind":"plain","computed":true},"database_instance_id":{"type":"string","description_kind":"plain","computed":true},"database_name":{"type":"string","description_kind":"plain","computed":true},"database_nodes":{"type":["list",["object",{"access_level":["map","string"],"database_id":"string","database_status":"string","date_created":"string","date_modified":"string","dbserver":["map","string"],"dbserver_id":"string","description":"string","id":"string","info":["list",["object",{"info":["map","string"],"secure_info":["map","string"]}]],"name":"string","primary":"bool","properties":["list",["object",{"description":"string","name":"string","ref_id":"string","secure":"bool","value":"string"}]],"protection_domain":["list",["object",{"assoc_entities":["list","string"],"cloud_id":"string","date_created":"string","date_modified":"string","description":"string","era_created":"bool","id":"string","name":"string","owner_id":"string","primary_host":"string","properties":["list",["object",{"description":"string","name":"string","ref_id":"string","secure":"bool","value":"string"}]],"status":"string","type":"string"}]],"protection_domain_id":"string","software_installation_id":"string","status":"string","tags":["list",["object",{"entity_id":"string","entity_type":"string","tag_id":"string","tag_name":"string","value":"string"}]]}]],"description_kind":"plain","computed":true},"database_uuid":{"type":"string","description_kind":"plain","required":true},"databasetype":{"type":"string","description_kind":"plain","computed":true},"date_created":{"type":"string","description_kind":"plain","computed":true},"date_modified":{"type":"string","description_kind":"plain","computed":true},"dbserver_logical_cluster":{"type":["map","string"],"description_kind":"plain","computed":true},"dbserver_logical_cluster_id":{"type":"string","description_kind":"plain","computed":true},"description":{"type":"string","description_kind":"plain","computed":true},"id":{"type":"string","description_kind":"plain","optional":true,"computed":true},"info":{"type":["list",["object",{"bpg_configs":["list",["object",{"bpg_db_param":["list",["object",{"effective_cache_size":"string","maintenance_work_mem":"string","max_parallel_workers_per_gather":"string","max_worker_processes":"string","shared_buffers":"string","work_mem":"string"}]],"storage":["list",["object",{"archive_storage":["list",["object",{"size":"number"}]],"data_disks":["list",["object",{"count":"number"}]],"log_disks":["list",["object",{"count":"number","size":"number"}]]}]],"vm_properties":["list",["object",{"dirty_background_ratio":"number","dirty_expire_centisecs":"number","dirty_ratio":"number","dirty_writeback_centisecs":"number","nr_hugepages":"number","overcommit_memory":"number","swappiness":"number"}]]}]],"secure_info":["map","string"]}]],"description_kind":"plain","computed":true},"lcm_config":{"type":["list",["object",{"expiry_details":["list",["object",{"delete_database":"bool","delete_time_machine":"bool","delete_vm":"bool","effective_timestamp":"string","expire_in_days":"number","expiry_date_timezone":"string","expiry_timestamp":"string","remind_before_in_days":"number","user_created":"bool"}]],"post_delete_command":["list",["object",{"command":"string"}]],"pre_delete_command":["list",["object",{"command":"string"}]],"refresh_details":["list",["object",{"last_refresh_date":"string","next_refresh_date":"string","refresh_date_timezone":"string","refresh_in_days":"number","refresh_in_hours":"number","refresh_in_months":"number","refresh_time":"string"}]]}]],"description_kind":"plain","computed":true},"linked_databases":{"type":["list",["object",{"database_name":"string","database_status":"string","date_created":"string","date_modified":"string","description":"string","id":"string","info":["list",["object",{"info":["map","string"],"secure_info":["map","string"]}]],"metric":["map","string"],"name":"string","parent_database_id":"string","parent_linked_database_id":"string","snapshot_id":"string","status":"string","timezone":"string"}]],"description_kind":"plain","computed":true},"metric":{"type":["map","string"],"description_kind":"plain","computed":true},"name":{"type":"string","description_kind":"plain","computed":true},"parent_database_id":{"type":"string","description_kind":"plain","computed":true},"parent_source_database_id":{"type":"string","description_kind":"plain","computed":true},"post_script_cmd":{"type":"string","description_kind":"plain","optional":true},"pre_script_cmd":{"type":"string","description_kind":"plain","optional":true},"properties":{"type":["list",["object",{"name":"string","value":"string"}]],"description":"List of all the properties","description_kind":"plain","computed":true},"scale_count":{"type":"number","description_kind":"plain","optional":true},"status":{"type":"string","description_kind":"plain","computed":true},"time_machine":{"type":["list",["object",{"access_level":"string","clone":"bool","clones":"string","clustered":"bool","database":"string","database_id":"string","date_created":"string","date_modified":"string","description":"string","ea_status":"string","id":"string","metric":"string","name":"string","properties":["list",["object",{"description":"string","name":"string","ref_id":"string","secure":"bool","value":"string"}]],"schedule":["list",["object",{"continuous_schedule":["list",["object",{"enabled":"bool","log_backup_interval":"number","snapshots_per_day":"number"}]],"daily_schedule":["list",["object",{"enabled":"bool"}]],"date_created":"string","date_modified":"string","description":"string","global_policy":"bool","id":"string","monthly_schedule":["list",["object",{"day_of_month":"number","enabled":"bool"}]],"name":"string","owner_id":"string","quartely_schedule":["list",["object",{"day_of_month":"number","enabled":"bool","start_month":"string","start_month_value":"string"}]],"reference_count":"number","snapshot_time_of_day":["list",["object",{"extra":"bool","hours":"number","minutes":"number","seconds":"number"}]],"start_time":"string","system_policy":"bool","time_zone":"string","unique_name":"string","weekly_schedule":["list",["object",{"day_of_week":"string","day_of_week_value":"string","enabled":"bool"}]],"yearly_schedule":["list",["object",{"day_of_month":"number","enabled":"bool","month":"string","month_value":"string"}]]}]],"schedule_id":"string","scope":"string","sla":["list",["object",{"continuous_retention":"number","current_active_frequency":"string","daily_retention":"number","date_created":"string","date_modified":"string","description":"string","id":"string","monthly_retention":"number","name":"string","owner_id":"string","pitr_enabled":"bool","quarterly_retention":"number","reference_count":"number","system_sla":"bool","unique_name":"string","weekly_retention":"number","yearly_retention":"number"}]],"sla_id":"string","sla_update_in_progress":"bool","sla_update_metadata":"string","source_nx_clusters":["list","string"],"status":"string","tags":["list",["object",{"entity_id":"string","entity_type":"string","tag_id":"string","tag_name":"string","value":"string"}]],"type":"string"}]],"description_kind":"plain","computed":true},"time_machine_id":{"type":"string","description_kind":"plain","computed":true},"time_zone":{"type":"string","description_kind":"plain","computed":true},"type":{"type":"string","description_kind":"plain","computed":true}},"block_types":{"tags":{"nesting_mode":"list","block":{"attributes":{"entity_id":{"type":"string","description_kind":"plain","computed":true},"entity_type":{"type":"string","description_kind":"plain","computed":true},"tag_id":{"type":"string","description_kind":"plain","optional":true,"computed":true},"tag_name":{"type":"string","description_kind":"plain","optional":true,"computed":true},"value":{"type":"string","description_kind":"plain","optional":true,"computed":true}},"description_kind":"plain"}},"timeouts":{"nesting_mode":"single","block":{"attributes":{"create":{"type":"string","description_kind":"plain","optional":true}},"description_kind":"plain"}}},"description_kind":"plain"}},"nutanix_ndb_database_snapshot":{"version":0,"block":{"attributes":{"app_info_version":{"type":"string","description_kind":"plain","computed":true},"applicable_types":{"type":["list","string"],"description_kind":"plain","computed":true},"database_node_id":{"type":"string","description_kind":"plain","computed":true},"database_snapshot":{"type":"bool","description_kind":"plain","computed":true},"date_created":{"type":"string","description_kind":"plain","computed":true},"date_modified":{"type":"string","description_kind":"plain","computed":true},"dbserver_id":{"type":"string","description_kind":"plain","computed":true},"dbserver_ip":{"type":"string","description_kind":"plain","computed":true},"dbserver_name":{"type":"string","description_kind":"plain","computed":true},"dbserver_storage_metadata_version":{"type":"number","description_kind":"plain","computed":true},"description":{"type":"string","description_kind":"plain","computed":true},"expiry_date_timezone":{"type":"string","description_kind":"plain","optional":true},"from_timestamp":{"type":"string","description_kind":"plain","computed":true},"id":{"type":"string","description_kind":"plain","computed":true},"lcm_config":{"type":["list",["object",{"expiry_details":["list",["object",{"delete_database":"bool","delete_time_machine":"bool","delete_vm":"bool","effective_timestamp":"string","expire_in_days":"number","expiry_date_timezone":"string","expiry_timestamp":"string","remind_before_in_days":"number","user_created":"bool"}]],"post_delete_command":["list",["object",{"command":"string"}]],"pre_delete_command":["list",["object",{"command":"string"}]],"refresh_details":["list",["object",{"last_refresh_date":"string","next_refresh_date":"string","refresh_date_timezone":"string","refresh_in_days":"number","refresh_in_hours":"number","refresh_in_months":"number","refresh_time":"string"}]]}]],"description_kind":"plain","computed":true},"name":{"type":"string","description_kind":"plain","optional":true},"nx_cluster_id":{"type":"string","description_kind":"plain","computed":true},"parent_snapshot":{"type":"bool","description_kind":"plain","computed":true},"parent_snapshot_id":{"type":"string","description_kind":"plain","computed":true},"processed":{"type":"bool","description_kind":"plain","computed":true},"properties":{"type":["list",["object",{"description":"string","name":"string","ref_id":"string","secure":"bool","value":"string"}]],"description":"List of all the properties","description_kind":"plain","computed":true},"protection_domain_id":{"type":"string","description_kind":"plain","computed":true},"remove_schedule_in_days":{"type":"number","description_kind":"plain","optional":true},"replicate_to_clusters":{"type":["list","string"],"description_kind":"plain","optional":true},"replicated_snapshots":{"type":["list","string"],"description_kind":"plain","computed":true},"santized":{"type":"bool","description_kind":"plain","computed":true},"santized_from_snapshot_id":{"type":"string","description_kind":"plain","computed":true},"santized_snapshots":{"type":"string","description_kind":"plain","computed":true},"snapshot_family":{"type":"string","description_kind":"plain","computed":true},"snapshot_size":{"type":"number","description_kind":"plain","computed":true},"snapshot_timestamp":{"type":"string","description_kind":"plain","computed":true},"snapshot_timestamp_date":{"type":"number","description_kind":"plain","computed":true},"snapshot_uuid":{"type":"string","description_kind":"plain","computed":true},"software_database_snapshot":{"type":"bool","description_kind":"plain","computed":true},"software_snapshot":{"type":"string","description_kind":"plain","computed":true},"software_snapshot_id":{"type":"string","description_kind":"plain","computed":true},"status":{"type":"string","description_kind":"plain","computed":true},"time_machine_id":{"type":"string","description_kind":"plain","optional":true},"time_machine_name":{"type":"string","description_kind":"plain","optional":true},"timezone":{"type":"string","description_kind":"plain","computed":true},"to_timestamp":{"type":"string","description_kind":"plain","computed":true},"type":{"type":"string","description_kind":"plain","computed":true}},"block_types":{"tags":{"nesting_mode":"list","block":{"attributes":{"entity_id":{"type":"string","description_kind":"plain","computed":true},"entity_type":{"type":"string","description_kind":"plain","computed":true},"tag_id":{"type":"string","description_kind":"plain","optional":true,"computed":true},"tag_name":{"type":"string","description_kind":"plain","optional":true,"computed":true},"value":{"type":"string","description_kind":"plain","optional":true,"computed":true}},"description_kind":"plain"}},"timeouts":{"nesting_mode":"single","block":{"attributes":{"create":{"type":"string","description_kind":"plain","optional":true},"delete":{"type":"string","description_kind":"plain","optional":true}},"description_kind":"plain"}}},"description_kind":"plain"}},"nutanix_ndb_dbserver_vm":{"version":0,"block":{"attributes":{"client_id":{"type":"string","description_kind":"plain","computed":true},"compute_profile_id":{"type":"string","description_kind":"plain","required":true},"database_type":{"type":"string","description_kind":"plain","required":true},"dbserver_cluster_id":{"type":"string","description_kind":"plain","computed":true},"delete":{"type":"bool","description_kind":"plain","optional":true},"delete_vgs":{"type":"bool","description_kind":"plain","optional":true},"delete_vm_snapshots":{"type":"bool","description_kind":"plain","optional":true},"description":{"type":"string","description_kind":"plain","optional":true,"computed":true},"era_drive_id":{"type":"string","description_kind":"plain","computed":true},"era_version":{"type":"string","description_kind":"plain","computed":true},"fqdns":{"type":"string","description_kind":"plain","computed":true},"id":{"type":"string","description_kind":"plain","optional":true,"computed":true},"ip_addresses":{"type":["list","string"],"description_kind":"plain","computed":true},"latest_snapshot":{"type":"bool","description_kind":"plain","optional":true},"mac_addresses":{"type":["list","string"],"description_kind":"plain","computed":true},"name":{"type":"string","description_kind":"plain","computed":true},"network_profile_id":{"type":"string","description_kind":"plain","required":true},"nx_cluster_id":{"type":"string","description_kind":"plain","required":true},"properties":{"type":["list",["object",{"name":"string","value":"string"}]],"description":"List of all the properties","description_kind":"plain","computed":true},"remove":{"type":"bool","description_kind":"plain","optional":true},"snapshot_id":{"type":"string","description_kind":"plain","optional":true},"soft_remove":{"type":"bool","description_kind":"plain","optional":true},"software_profile_id":{"type":"string","description_kind":"plain","optional":true},"software_profile_version_id":{"type":"string","description_kind":"plain","optional":true},"status":{"type":"string","description_kind":"plain","computed":true},"time_machine_id":{"type":"string","description_kind":"plain","optional":true},"timezone":{"type":"string","description_kind":"plain","optional":true},"type":{"type":"string","description_kind":"plain","computed":true},"vm_cluster_name":{"type":"string","description_kind":"plain","computed":true},"vm_cluster_uuid":{"type":"string","description_kind":"plain","computed":true},"vm_password":{"type":"string","description_kind":"plain","optional":true,"sensitive":true},"vm_timezone":{"type":"string","description_kind":"plain","computed":true}},"block_types":{"credentials":{"nesting_mode":"list","block":{"attributes":{"label":{"type":"string","description_kind":"plain","optional":true},"password":{"type":"string","description_kind":"plain","required":true},"username":{"type":"string","description_kind":"plain","required":true}},"description_kind":"plain"}},"maintenance_tasks":{"nesting_mode":"list","block":{"attributes":{"maintenance_window_id":{"type":"string","description_kind":"plain","optional":true}},"block_types":{"tasks":{"nesting_mode":"list","block":{"attributes":{"post_command":{"type":"string","description_kind":"plain","optional":true},"pre_command":{"type":"string","description_kind":"plain","optional":true},"task_type":{"type":"string","description_kind":"plain","optional":true}},"description_kind":"plain"}}},"description_kind":"plain"},"max_items":1},"postgres_database":{"nesting_mode":"list","block":{"attributes":{"client_public_key":{"type":"string","description_kind":"plain","optional":true},"vm_name":{"type":"string","description_kind":"plain","required":true}},"description_kind":"plain"}},"tags":{"nesting_mode":"list","block":{"attributes":{"entity_id":{"type":"string","description_kind":"plain","computed":true},"entity_type":{"type":"string","description_kind":"plain","computed":true},"tag_id":{"type":"string","description_kind":"plain","optional":true,"computed":true},"tag_name":{"type":"string","description_kind":"plain","optional":true,"computed":true},"value":{"type":"string","description_kind":"plain","optional":true,"computed":true}},"description_kind":"plain"}},"timeouts":{"nesting_mode":"single","block":{"attributes":{"create":{"type":"string","description_kind":"plain","optional":true},"delete":{"type":"string","description_kind":"plain","optional":true}},"description_kind":"plain"}}},"description_kind":"plain"}},"nutanix_ndb_linked_databases":{"version":0,"block":{"attributes":{"database_id":{"type":"string","description_kind":"plain","required":true},"database_name":{"type":"string","description_kind":"plain","optional":true},"database_status":{"type":"string","description_kind":"plain","computed":true},"date_created":{"type":"string","description_kind":"plain","computed":true},"date_modified":{"type":"string","description_kind":"plain","computed":true},"description":{"type":"string","description_kind":"plain","computed":true},"id":{"type":"string","description_kind":"plain","computed":true},"info":{"type":["list",["object",{"info":["list",["object",{"created_by":"string"}]],"secure_info":["map","string"]}]],"description_kind":"plain","computed":true},"metric":{"type":["map","string"],"description_kind":"plain","computed":true},"name":{"type":"string","description_kind":"plain","computed":true},"parent_database_id":{"type":"string","description_kind":"plain","computed":true},"parent_linked_database_id":{"type":"string","description_kind":"plain","computed":true},"snapshot_id":{"type":"string","description_kind":"plain","computed":true},"status":{"type":"string","description_kind":"plain","computed":true},"timezone":{"type":"string","description_kind":"plain","computed":true}},"block_types":{"timeouts":{"nesting_mode":"single","block":{"attributes":{"create":{"type":"string","description_kind":"plain","optional":true},"delete":{"type":"string","description_kind":"plain","optional":true}},"description_kind":"plain"}}},"description_kind":"plain"}},"nutanix_ndb_log_catchups":{"version":0,"block":{"attributes":{"database_id":{"type":"string","description_kind":"plain","optional":true},"for_restore":{"type":"bool","description_kind":"plain","optional":true},"id":{"type":"string","description_kind":"plain","optional":true,"computed":true},"log_catchup_version":{"type":"number","description_kind":"plain","optional":true},"time_machine_id":{"type":"string","description_kind":"plain","optional":true}},"block_types":{"timeouts":{"nesting_mode":"single","block":{"attributes":{"create":{"type":"string","description_kind":"plain","optional":true}},"description_kind":"plain"}}},"description_kind":"plain"}},"nutanix_ndb_maintenance_task":{"version":0,"block":{"attributes":{"dbserver_cluster":{"type":["list","string"],"description_kind":"plain","optional":true},"dbserver_id":{"type":["list","string"],"description_kind":"plain","optional":true},"entity_task_association":{"type":["list",["object",{"access_level":"string","date_created":"string","date_modified":"string","description":"string","entity":"string","entity_id":"string","entity_type":"string","id":"string","maintenance_window_id":"string","maintenance_window_owner_id":"string","name":"string","owner_id":"string","payload":["list",["object",{"pre_post_command":["list",["object",{"post_command":"string","pre_command":"string"}]]}]],"properties":["list",["object",{"name":"string","value":"string"}]],"status":"string","tags":["list",["object",{"entity_id":"string","entity_type":"string","tag_id":"string","tag_name":"string","value":"string"}]],"task_type":"string"}]],"description_kind":"plain","computed":true},"id":{"type":"string","description_kind":"plain","optional":true,"computed":true},"maintenance_window_id":{"type":"string","description_kind":"plain","required":true}},"block_types":{"tasks":{"nesting_mode":"list","block":{"attributes":{"post_command":{"type":"string","description_kind":"plain","optional":true},"pre_command":{"type":"string","description_kind":"plain","optional":true},"task_type":{"type":"string","description_kind":"plain","optional":true}},"description_kind":"plain"}}},"description_kind":"plain"}},"nutanix_ndb_maintenance_window":{"version":0,"block":{"attributes":{"access_level":{"type":"string","description_kind":"plain","computed":true},"date_created":{"type":"string","description_kind":"plain","computed":true},"date_modified":{"type":"string","description_kind":"plain","computed":true},"day_of_week":{"type":"string","description_kind":"plain","optional":true},"description":{"type":"string","description_kind":"plain","optional":true},"duration":{"type":"number","description_kind":"plain","optional":true},"entity_task_assoc":{"type":["list",["object",{"access_level":"string","date_created":"string","date_modified":"string","description":"string","entity":"string","entity_id":"string","entity_type":"string","id":"string","maintenance_window_id":"string","maintenance_window_owner_id":"string","name":"string","owner_id":"string","payload":["list",["object",{"pre_post_command":["list",["object",{"post_command":"string","pre_command":"string"}]]}]],"properties":["list",["object",{"name":"string","value":"string"}]],"status":"string","tags":["list",["object",{"entity_id":"string","entity_type":"string","tag_id":"string","tag_name":"string","value":"string"}]],"task_type":"string"}]],"description_kind":"plain","computed":true},"id":{"type":"string","description_kind":"plain","optional":true,"computed":true},"name":{"type":"string","description_kind":"plain","required":true},"next_run_time":{"type":"string","description_kind":"plain","computed":true},"owner_id":{"type":"string","description_kind":"plain","computed":true},"properties":{"type":["list",["object",{"name":"string","value":"string"}]],"description":"List of all the properties","description_kind":"plain","computed":true},"recurrence":{"type":"string","description_kind":"plain","required":true},"schedule":{"type":["list",["object",{"day_of_week":"string","duration":"number","hour":"number","minute":"number","recurrence":"string","start_time":"string","threshold":"string","timezone":"string","week_of_month":"number"}]],"description_kind":"plain","computed":true},"start_time":{"type":"string","description_kind":"plain","required":true},"status":{"type":"string","description_kind":"plain","computed":true},"timezone":{"type":"string","description_kind":"plain","optional":true},"week_of_month":{"type":"number","description_kind":"plain","optional":true}},"block_types":{"tags":{"nesting_mode":"list","block":{"attributes":{"entity_id":{"type":"string","description_kind":"plain","computed":true},"entity_type":{"type":"string","description_kind":"plain","computed":true},"tag_id":{"type":"string","description_kind":"plain","optional":true,"computed":true},"tag_name":{"type":"string","description_kind":"plain","optional":true,"computed":true},"value":{"type":"string","description_kind":"plain","optional":true,"computed":true}},"description_kind":"plain"}}},"description_kind":"plain"}},"nutanix_ndb_network":{"version":0,"block":{"attributes":{"cluster_id":{"type":"string","description_kind":"plain","required":true},"dns_domain":{"type":"string","description_kind":"plain","optional":true},"gateway":{"type":"string","description_kind":"plain","optional":true},"id":{"type":"string","description_kind":"plain","optional":true,"computed":true},"managed":{"type":"bool","description_kind":"plain","computed":true},"name":{"type":"string","description_kind":"plain","required":true},"primary_dns":{"type":"string","description_kind":"plain","optional":true},"properties":{"type":["list",["object",{"name":"string","secure":"bool","value":"string"}]],"description_kind":"plain","computed":true},"properties_map":{"type":["list",["object",{"vlan_gateway":"string","vlan_primary_dns":"string","vlan_secondary_dns":"string","vlan_subnet_mask":"string"}]],"description_kind":"plain","computed":true},"secondary_dns":{"type":"string","description_kind":"plain","optional":true},"stretched_vlan_id":{"type":"string","description_kind":"plain","computed":true},"subnet_mask":{"type":"string","description_kind":"plain","optional":true},"type":{"type":"string","description_kind":"plain","required":true}},"block_types":{"ip_pools":{"nesting_mode":"list","block":{"attributes":{"addresses":{"type":["list",["object",{"ip":"string","status":"string"}]],"description_kind":"plain","computed":true},"end_ip":{"type":"string","description_kind":"plain","optional":true,"computed":true},"id":{"type":"string","description_kind":"plain","computed":true},"modified_by":{"type":"string","description_kind":"plain","computed":true},"start_ip":{"type":"string","description_kind":"plain","optional":true,"computed":true}},"description_kind":"plain"}}},"description_kind":"plain"}},"nutanix_ndb_profile":{"version":0,"block":{"attributes":{"assoc_databases":{"type":["list","string"],"description_kind":"plain","computed":true},"assoc_db_servers":{"type":["list","string"],"description_kind":"plain","computed":true},"cluster_availability":{"type":["list",["object",{"date_created":"string","date_modified":"string","nx_cluster_id":"string","owner_id":"string","profile_id":"string","status":"string"}]],"description_kind":"plain","computed":true},"description":{"type":"string","description_kind":"plain","optional":true},"engine_type":{"type":"string","description_kind":"plain","optional":true,"computed":true},"id":{"type":"string","description_kind":"plain","optional":true,"computed":true},"latest_version":{"type":"string","description_kind":"plain","computed":true},"latest_version_id":{"type":"string","description_kind":"plain","computed":true},"name":{"type":"string","description_kind":"plain","required":true},"nx_cluster_id":{"type":"string","description_kind":"plain","computed":true},"owner":{"type":"string","description_kind":"plain","computed":true},"published":{"type":"bool","description_kind":"plain","optional":true},"status":{"type":"string","description_kind":"plain","computed":true},"versions":{"type":["list",["object",{"db_version":"string","deprecated":"bool","description":"string","engine_type":"string","id":"string","name":"string","owner":"string","profile_id":"string","properties":["list",["object",{"name":"string","secure":"bool","value":"string"}]],"properties_map":["map","string"],"published":"bool","status":"string","system_profile":"bool","topology":"string","type":"string","version":"string","version_cluster_association":["list",["object",{"date_created":"string","date_modified":"string","nx_cluster_id":"string","optimized_for_provisioning":"bool","owner_id":"string","profile_version_id":"string","properties":["list",["object",{"name":"string","secure":"bool","value":"string"}]],"status":"string"}]]}]],"description_kind":"plain","computed":true}},"block_types":{"compute_profile":{"nesting_mode":"list","block":{"attributes":{"core_per_cpu":{"type":"string","description_kind":"plain","optional":true},"cpus":{"type":"string","description_kind":"plain","optional":true},"memory_size":{"type":"string","description_kind":"plain","optional":true}},"description_kind":"plain"}},"database_parameter_profile":{"nesting_mode":"list","block":{"block_types":{"postgres_database":{"nesting_mode":"list","block":{"attributes":{"autovacuum":{"type":"string","description_kind":"plain","optional":true},"autovacuum_freeze_max_age":{"type":"string","description_kind":"plain","optional":true},"autovacuum_max_workers":{"type":"string","description_kind":"plain","optional":true},"autovacuum_vacuum_cost_delay":{"type":"string","description_kind":"plain","optional":true},"autovacuum_vacuum_scale_factor":{"type":"string","description_kind":"plain","optional":true},"autovacuum_vacuum_threshold":{"type":"string","description_kind":"plain","optional":true},"autovacuum_work_mem":{"type":"string","description_kind":"plain","optional":true},"checkpoint_completion_target":{"type":"string","description_kind":"plain","optional":true},"checkpoint_timeout":{"type":"string","description_kind":"plain","optional":true},"effective_io_concurrency":{"type":"string","description_kind":"plain","optional":true},"max_connections":{"type":"string","description_kind":"plain","optional":true},"max_locks_per_transaction":{"type":"string","description_kind":"plain","optional":true},"max_prepared_transactions":{"type":"string","description_kind":"plain","optional":true},"max_replication_slots":{"type":"string","description_kind":"plain","optional":true},"max_wal_senders":{"type":"string","description_kind":"plain","optional":true},"max_wal_size":{"type":"string","description_kind":"plain","optional":true},"max_worker_processes":{"type":"string","description_kind":"plain","optional":true},"min_wal_size":{"type":"string","description_kind":"plain","optional":true},"random_page_cost":{"type":"string","description_kind":"plain","optional":true},"synchronous_commit":{"type":"string","description_kind":"plain","optional":true},"timezone":{"type":"string","description_kind":"plain","optional":true},"wal_buffers":{"type":"string","description_kind":"plain","optional":true},"wal_keep_segments":{"type":"string","description_kind":"plain","optional":true}},"description_kind":"plain"}}},"description_kind":"plain"}},"network_profile":{"nesting_mode":"list","block":{"attributes":{"topology":{"type":"string","description_kind":"plain","required":true}},"block_types":{"postgres_database":{"nesting_mode":"list","block":{"block_types":{"ha_instance":{"nesting_mode":"list","block":{"attributes":{"cluster_id":{"type":["list","string"],"description_kind":"plain","optional":true},"cluster_name":{"type":["list","string"],"description_kind":"plain","optional":true},"num_of_clusters":{"type":"string","description_kind":"plain","optional":true},"vlan_name":{"type":["list","string"],"description_kind":"plain","optional":true}},"description_kind":"plain"}},"single_instance":{"nesting_mode":"list","block":{"attributes":{"enable_ip_address_selection":{"type":"string","description_kind":"plain","optional":true},"vlan_name":{"type":"string","description_kind":"plain","optional":true}},"description_kind":"plain"}}},"description_kind":"plain"}},"version_cluster_association":{"nesting_mode":"list","block":{"attributes":{"nx_cluster_id":{"type":"string","description_kind":"plain","required":true}},"description_kind":"plain"}}},"description_kind":"plain"}},"software_profile":{"nesting_mode":"list","block":{"attributes":{"available_cluster_ids":{"type":["list","string"],"description_kind":"plain","optional":true},"topology":{"type":"string","description_kind":"plain","required":true}},"block_types":{"postgres_database":{"nesting_mode":"list","block":{"attributes":{"base_profile_version_description":{"type":"string","description_kind":"plain","optional":true},"base_profile_version_name":{"type":"string","description_kind":"plain","optional":true},"db_software_notes":{"type":"string","description_kind":"plain","optional":true},"os_notes":{"type":"string","description_kind":"plain","optional":true},"source_dbserver_id":{"type":"string","description_kind":"plain","optional":true}},"description_kind":"plain"}}},"description_kind":"plain"},"max_items":1}},"description_kind":"plain"}},"nutanix_ndb_register_database":{"version":0,"block":{"attributes":{"auto_tune_staging_drive":{"type":"bool","description_kind":"plain","optional":true},"category":{"type":"string","description_kind":"plain","optional":true},"clone":{"type":"bool","description_kind":"plain","computed":true},"clustered":{"type":"bool","description_kind":"plain","optional":true},"database_cluster_type":{"type":"string","description_kind":"plain","computed":true},"database_name":{"type":"string","description_kind":"plain","required":true},"database_nodes":{"type":["list",["object",{"access_level":["map","string"],"database_id":"string","database_status":"string","date_created":"string","date_modified":"string","dbserver":["map","string"],"dbserver_id":"string","description":"string","id":"string","info":["list",["object",{"info":["map","string"],"secure_info":["map","string"]}]],"name":"string","primary":"bool","properties":["list",["object",{"description":"string","name":"string","ref_id":"string","secure":"bool","value":"string"}]],"protection_domain":["list",["object",{"assoc_entities":["list","string"],"cloud_id":"string","date_created":"string","date_modified":"string","description":"string","era_created":"bool","id":"string","name":"string","owner_id":"string","primary_host":"string","properties":["list",["object",{"description":"string","name":"string","ref_id":"string","secure":"bool","value":"string"}]],"status":"string","type":"string"}]],"protection_domain_id":"string","software_installation_id":"string","status":"string","tags":["list",["object",{"entity_id":"string","entity_type":"string","tag_id":"string","tag_name":"string","value":"string"}]]}]],"description_kind":"plain","computed":true},"database_status":{"type":"string","description_kind":"plain","computed":true},"database_type":{"type":"string","description_kind":"plain","required":true},"date_created":{"type":"string","description_kind":"plain","computed":true},"date_modified":{"type":"string","description_kind":"plain","computed":true},"dbserver_logical_cluster":{"type":["map","string"],"description_kind":"plain","computed":true},"dbserver_logical_cluster_id":{"type":"string","description_kind":"plain","computed":true},"delete":{"type":"bool","description_kind":"plain","optional":true},"delete_logical_cluster":{"type":"bool","description_kind":"plain","optional":true},"delete_time_machine":{"type":"bool","description_kind":"plain","optional":true},"description":{"type":"string","description_kind":"plain","optional":true},"forced":{"type":"bool","description_kind":"plain","optional":true},"forced_install":{"type":"bool","description_kind":"plain","optional":true},"group_info":{"type":["map","string"],"description_kind":"plain","computed":true},"id":{"type":"string","description_kind":"plain","optional":true,"computed":true},"info":{"type":["list",["object",{"bpg_configs":["list",["object",{"bpg_db_param":["list",["object",{"effective_cache_size":"string","maintenance_work_mem":"string","max_parallel_workers_per_gather":"string","max_worker_processes":"string","shared_buffers":"string","work_mem":"string"}]],"storage":["list",["object",{"archive_storage":["list",["object",{"size":"number"}]],"data_disks":["list",["object",{"count":"number"}]],"log_disks":["list",["object",{"count":"number","size":"number"}]]}]],"vm_properties":["list",["object",{"dirty_background_ratio":"number","dirty_expire_centisecs":"number","dirty_ratio":"number","dirty_writeback_centisecs":"number","nr_hugepages":"number","overcommit_memory":"number","swappiness":"number"}]]}]],"secure_info":["map","string"]}]],"description_kind":"plain","computed":true},"lcm_config":{"type":["list",["object",{"expiry_details":["list",["object",{"delete_database":"bool","delete_time_machine":"bool","delete_vm":"bool","effective_timestamp":"string","expire_in_days":"number","expiry_date_timezone":"string","expiry_timestamp":"string","remind_before_in_days":"number","user_created":"bool"}]],"post_delete_command":["list",["object",{"command":"string"}]],"pre_delete_command":["list",["object",{"command":"string"}]],"refresh_details":["list",["object",{"last_refresh_date":"string","next_refresh_date":"string","refresh_date_timezone":"string","refresh_in_days":"number","refresh_in_hours":"number","refresh_in_months":"number","refresh_time":"string"}]]}]],"description_kind":"plain","computed":true},"linked_databases":{"type":["list",["object",{"database_name":"string","database_status":"string","date_created":"string","date_modified":"string","description":"string","id":"string","info":["list",["object",{"info":["map","string"],"secure_info":["map","string"]}]],"metric":["map","string"],"name":"string","parent_database_id":"string","parent_linked_database_id":"string","snapshot_id":"string","status":"string","timezone":"string"}]],"description_kind":"plain","computed":true},"metric":{"type":["map","string"],"description_kind":"plain","computed":true},"name":{"type":"string","description_kind":"plain","computed":true},"nx_cluster_id":{"type":"string","description_kind":"plain","optional":true},"parent_database_id":{"type":"string","description_kind":"plain","computed":true},"parent_source_database_id":{"type":"string","description_kind":"plain","computed":true},"parent_time_machine_id":{"type":"string","description_kind":"plain","computed":true},"properties":{"type":["list",["object",{"name":"string","value":"string"}]],"description":"List of all the properties","description_kind":"plain","computed":true},"remove":{"type":"bool","description_kind":"plain","optional":true},"reset_description_in_nx_cluster":{"type":"bool","description_kind":"plain","optional":true},"soft_remove":{"type":"bool","description_kind":"plain","optional":true},"status":{"type":"string","description_kind":"plain","computed":true},"time_machine":{"type":["list",["object",{"access_level":"string","clone":"bool","clones":"string","clustered":"bool","database":"string","database_id":"string","date_created":"string","date_modified":"string","description":"string","ea_status":"string","id":"string","metric":"string","name":"string","properties":["list",["object",{"description":"string","name":"string","ref_id":"string","secure":"bool","value":"string"}]],"schedule":["list",["object",{"continuous_schedule":["list",["object",{"enabled":"bool","log_backup_interval":"number","snapshots_per_day":"number"}]],"daily_schedule":["list",["object",{"enabled":"bool"}]],"date_created":"string","date_modified":"string","description":"string","global_policy":"bool","id":"string","monthly_schedule":["list",["object",{"day_of_month":"number","enabled":"bool"}]],"name":"string","owner_id":"string","quartely_schedule":["list",["object",{"day_of_month":"number","enabled":"bool","start_month":"string","start_month_value":"string"}]],"reference_count":"number","snapshot_time_of_day":["list",["object",{"extra":"bool","hours":"number","minutes":"number","seconds":"number"}]],"start_time":"string","system_policy":"bool","time_zone":"string","unique_name":"string","weekly_schedule":["list",["object",{"day_of_week":"string","day_of_week_value":"string","enabled":"bool"}]],"yearly_schedule":["list",["object",{"day_of_month":"number","enabled":"bool","month":"string","month_value":"string"}]]}]],"schedule_id":"string","scope":"string","sla":["list",["object",{"continuous_retention":"number","current_active_frequency":"string","daily_retention":"number","date_created":"string","date_modified":"string","description":"string","id":"string","monthly_retention":"number","name":"string","owner_id":"string","pitr_enabled":"bool","quarterly_retention":"number","reference_count":"number","system_sla":"bool","unique_name":"string","weekly_retention":"number","yearly_retention":"number"}]],"sla_id":"string","sla_update_in_progress":"bool","sla_update_metadata":"string","source_nx_clusters":["list","string"],"status":"string","tags":["list",["object",{"entity_id":"string","entity_type":"string","tag_id":"string","tag_name":"string","value":"string"}]],"type":"string"}]],"description_kind":"plain","computed":true},"time_machine_id":{"type":"string","description_kind":"plain","computed":true},"time_zone":{"type":"string","description_kind":"plain","computed":true},"type":{"type":"string","description_kind":"plain","computed":true},"vm_description":{"type":"string","description_kind":"plain","optional":true},"vm_ip":{"type":"string","description_kind":"plain","required":true},"vm_password":{"type":"string","description_kind":"plain","optional":true,"sensitive":true},"vm_sshkey":{"type":"string","description_kind":"plain","optional":true,"sensitive":true},"vm_username":{"type":"string","description_kind":"plain","optional":true},"working_directory":{"type":"string","description_kind":"plain","optional":true}},"block_types":{"actionarguments":{"nesting_mode":"set","block":{"attributes":{"name":{"type":"string","description_kind":"plain","required":true},"value":{"type":"string","description_kind":"plain","required":true}},"description":"description of action arguments","description_kind":"plain"}},"postgress_info":{"nesting_mode":"list","block":{"attributes":{"allow_multiple_databases":{"type":"bool","description_kind":"plain","optional":true},"backup_policy":{"type":"string","description_kind":"plain","optional":true},"db_name":{"type":"string","description_kind":"plain","required":true},"db_password":{"type":"string","description_kind":"plain","required":true,"sensitive":true},"db_user":{"type":"string","description_kind":"plain","optional":true},"listener_port":{"type":"string","description_kind":"plain","required":true},"postgres_software_home":{"type":"string","description_kind":"plain","required":true},"software_home":{"type":"string","description_kind":"plain","optional":true},"switch_log":{"type":"bool","description_kind":"plain","optional":true},"vm_ip":{"type":"string","description_kind":"plain","optional":true}},"description_kind":"plain"}},"tags":{"nesting_mode":"list","block":{"attributes":{"entity_id":{"type":"string","description_kind":"plain","computed":true},"entity_type":{"type":"string","description_kind":"plain","computed":true},"tag_id":{"type":"string","description_kind":"plain","optional":true,"computed":true},"tag_name":{"type":"string","description_kind":"plain","optional":true,"computed":true},"value":{"type":"string","description_kind":"plain","optional":true,"computed":true}},"description_kind":"plain"}},"time_machine_info":{"nesting_mode":"set","block":{"attributes":{"autotunelogdrive":{"type":"bool","description":"description of autoTuneLogDrive","description_kind":"plain","optional":true},"description":{"type":"string","description":"description of time machine's","description_kind":"plain","optional":true},"name":{"type":"string","description":"description of time machine's name","description_kind":"plain","required":true},"slaid":{"type":"string","description":"description of SLA ID.","description_kind":"plain","optional":true}},"block_types":{"schedule":{"nesting_mode":"set","block":{"block_types":{"continuousschedule":{"nesting_mode":"list","block":{"attributes":{"enabled":{"type":"bool","description_kind":"plain","required":true},"logbackupinterval":{"type":"number","description_kind":"plain","required":true},"snapshotsperday":{"type":"number","description_kind":"plain","required":true}},"description":"description of schedule of time machine","description_kind":"plain"},"max_items":1},"monthlyschedule":{"nesting_mode":"list","block":{"attributes":{"dayofmonth":{"type":"number","description_kind":"plain","required":true},"enabled":{"type":"bool","description_kind":"plain","required":true}},"description":"description of schedule of time machine","description_kind":"plain"},"max_items":1},"quartelyschedule":{"nesting_mode":"list","block":{"attributes":{"dayofmonth":{"type":"number","description_kind":"plain","required":true},"enabled":{"type":"bool","description_kind":"plain","required":true},"startmonth":{"type":"string","description_kind":"plain","required":true}},"description":"description of schedule of time machine","description_kind":"plain"},"max_items":1},"snapshottimeofday":{"nesting_mode":"list","block":{"attributes":{"hours":{"type":"number","description_kind":"plain","required":true},"minutes":{"type":"number","description_kind":"plain","required":true},"seconds":{"type":"number","description_kind":"plain","required":true}},"description":"description of schedule of time machine","description_kind":"plain"},"max_items":1},"weeklyschedule":{"nesting_mode":"list","block":{"attributes":{"dayofweek":{"type":"string","description_kind":"plain","required":true},"enabled":{"type":"bool","description_kind":"plain","required":true}},"description":"description of schedule of time machine","description_kind":"plain"},"max_items":1},"yearlyschedule":{"nesting_mode":"list","block":{"attributes":{"dayofmonth":{"type":"number","description_kind":"plain","required":true},"enabled":{"type":"bool","description_kind":"plain","required":true},"month":{"type":"string","description_kind":"plain","required":true}},"description":"description of schedule of time machine","description_kind":"plain"},"max_items":1}},"description":"description of schedule of time machine","description_kind":"plain"},"min_items":1,"max_items":1},"sla_details":{"nesting_mode":"list","block":{"block_types":{"primary_sla":{"nesting_mode":"list","block":{"attributes":{"nx_cluster_ids":{"type":["list","string"],"description_kind":"plain","optional":true},"sla_id":{"type":"string","description":"description of SLA ID.","description_kind":"plain","required":true}},"description_kind":"plain"}}},"description_kind":"plain"}},"tags":{"nesting_mode":"list","block":{"attributes":{"entity_id":{"type":"string","description_kind":"plain","computed":true},"entity_type":{"type":"string","description_kind":"plain","computed":true},"tag_id":{"type":"string","description_kind":"plain","optional":true,"computed":true},"tag_name":{"type":"string","description_kind":"plain","optional":true,"computed":true},"value":{"type":"string","description_kind":"plain","optional":true,"computed":true}},"description_kind":"plain"}}},"description":"sample description for time machine info","description_kind":"plain"},"max_items":1},"timeouts":{"nesting_mode":"single","block":{"attributes":{"create":{"type":"string","description_kind":"plain","optional":true},"delete":{"type":"string","description_kind":"plain","optional":true},"update":{"type":"string","description_kind":"plain","optional":true}},"description_kind":"plain"}}},"description_kind":"plain"}},"nutanix_ndb_register_dbserver":{"version":0,"block":{"attributes":{"client_id":{"type":"string","description_kind":"plain","computed":true},"database_type":{"type":"string","description_kind":"plain","required":true},"dbserver_cluster_id":{"type":"string","description_kind":"plain","computed":true},"delete":{"type":"bool","description_kind":"plain","optional":true},"delete_vgs":{"type":"bool","description_kind":"plain","optional":true},"delete_vm_snapshots":{"type":"bool","description_kind":"plain","optional":true},"description":{"type":"string","description_kind":"plain","optional":true,"computed":true},"era_created":{"type":"bool","description_kind":"plain","computed":true},"era_drive_id":{"type":"string","description_kind":"plain","computed":true},"era_version":{"type":"string","description_kind":"plain","computed":true},"forced_install":{"type":"bool","description_kind":"plain","optional":true},"fqdns":{"type":"string","description_kind":"plain","computed":true},"id":{"type":"string","description_kind":"plain","optional":true,"computed":true},"internal":{"type":"bool","description_kind":"plain","computed":true},"ip_addresses":{"type":["list","string"],"description_kind":"plain","computed":true},"mac_addresses":{"type":["list","string"],"description_kind":"plain","computed":true},"name":{"type":"string","description_kind":"plain","optional":true,"computed":true},"nxcluster_id":{"type":"string","description_kind":"plain","optional":true},"password":{"type":"string","description_kind":"plain","optional":true,"sensitive":true},"properties":{"type":["list",["object",{"name":"string","value":"string"}]],"description":"List of all the properties","description_kind":"plain","computed":true},"remove":{"type":"bool","description_kind":"plain","optional":true},"soft_remove":{"type":"bool","description_kind":"plain","optional":true},"ssh_key":{"type":"string","description_kind":"plain","optional":true,"sensitive":true},"status":{"type":"string","description_kind":"plain","computed":true},"type":{"type":"string","description_kind":"plain","computed":true},"update_name_description_in_cluster":{"type":"bool","description_kind":"plain","optional":true},"username":{"type":"string","description_kind":"plain","optional":true},"vm_cluster_name":{"type":"string","description_kind":"plain","computed":true},"vm_cluster_uuid":{"type":"string","description_kind":"plain","computed":true},"vm_ip":{"type":"string","description_kind":"plain","required":true},"vm_timezone":{"type":"string","description_kind":"plain","computed":true},"working_directory":{"type":"string","description_kind":"plain","optional":true}},"block_types":{"credentials":{"nesting_mode":"list","block":{"attributes":{"label":{"type":"string","description_kind":"plain","optional":true},"password":{"type":"string","description_kind":"plain","required":true},"username":{"type":"string","description_kind":"plain","required":true}},"description_kind":"plain"}},"postgres_database":{"nesting_mode":"list","block":{"attributes":{"listener_port":{"type":"string","description_kind":"plain","optional":true},"postgres_software_home":{"type":"string","description_kind":"plain","optional":true}},"description_kind":"plain"}},"tags":{"nesting_mode":"list","block":{"attributes":{"entity_id":{"type":"string","description_kind":"plain","computed":true},"entity_type":{"type":"string","description_kind":"plain","computed":true},"tag_id":{"type":"string","description_kind":"plain","optional":true,"computed":true},"tag_name":{"type":"string","description_kind":"plain","optional":true,"computed":true},"value":{"type":"string","description_kind":"plain","optional":true,"computed":true}},"description_kind":"plain"}}},"description_kind":"plain"}},"nutanix_ndb_scale_database":{"version":0,"block":{"attributes":{"application_type":{"type":"string","description_kind":"plain","required":true},"clone":{"type":"bool","description_kind":"plain","computed":true},"data_storage_size":{"type":"number","description_kind":"plain","required":true},"database_cluster_type":{"type":"string","description_kind":"plain","computed":true},"database_instance_id":{"type":"string","description_kind":"plain","computed":true},"database_name":{"type":"string","description_kind":"plain","computed":true},"database_nodes":{"type":["list",["object",{"access_level":["map","string"],"database_id":"string","database_status":"string","date_created":"string","date_modified":"string","dbserver":["map","string"],"dbserver_id":"string","description":"string","id":"string","info":["list",["object",{"info":["map","string"],"secure_info":["map","string"]}]],"name":"string","primary":"bool","properties":["list",["object",{"description":"string","name":"string","ref_id":"string","secure":"bool","value":"string"}]],"protection_domain":["list",["object",{"assoc_entities":["list","string"],"cloud_id":"string","date_created":"string","date_modified":"string","description":"string","era_created":"bool","id":"string","name":"string","owner_id":"string","primary_host":"string","properties":["list",["object",{"description":"string","name":"string","ref_id":"string","secure":"bool","value":"string"}]],"status":"string","type":"string"}]],"protection_domain_id":"string","software_installation_id":"string","status":"string","tags":["list",["object",{"entity_id":"string","entity_type":"string","tag_id":"string","tag_name":"string","value":"string"}]]}]],"description_kind":"plain","computed":true},"database_uuid":{"type":"string","description_kind":"plain","required":true},"databasetype":{"type":"string","description_kind":"plain","computed":true},"date_created":{"type":"string","description_kind":"plain","computed":true},"date_modified":{"type":"string","description_kind":"plain","computed":true},"dbserver_logical_cluster":{"type":["map","string"],"description_kind":"plain","computed":true},"dbserver_logical_cluster_id":{"type":"string","description_kind":"plain","computed":true},"description":{"type":"string","description_kind":"plain","computed":true},"id":{"type":"string","description_kind":"plain","optional":true,"computed":true},"info":{"type":["list",["object",{"bpg_configs":["list",["object",{"bpg_db_param":["list",["object",{"effective_cache_size":"string","maintenance_work_mem":"string","max_parallel_workers_per_gather":"string","max_worker_processes":"string","shared_buffers":"string","work_mem":"string"}]],"storage":["list",["object",{"archive_storage":["list",["object",{"size":"number"}]],"data_disks":["list",["object",{"count":"number"}]],"log_disks":["list",["object",{"count":"number","size":"number"}]]}]],"vm_properties":["list",["object",{"dirty_background_ratio":"number","dirty_expire_centisecs":"number","dirty_ratio":"number","dirty_writeback_centisecs":"number","nr_hugepages":"number","overcommit_memory":"number","swappiness":"number"}]]}]],"secure_info":["map","string"]}]],"description_kind":"plain","computed":true},"lcm_config":{"type":["list",["object",{"expiry_details":["list",["object",{"delete_database":"bool","delete_time_machine":"bool","delete_vm":"bool","effective_timestamp":"string","expire_in_days":"number","expiry_date_timezone":"string","expiry_timestamp":"string","remind_before_in_days":"number","user_created":"bool"}]],"post_delete_command":["list",["object",{"command":"string"}]],"pre_delete_command":["list",["object",{"command":"string"}]],"refresh_details":["list",["object",{"last_refresh_date":"string","next_refresh_date":"string","refresh_date_timezone":"string","refresh_in_days":"number","refresh_in_hours":"number","refresh_in_months":"number","refresh_time":"string"}]]}]],"description_kind":"plain","computed":true},"linked_databases":{"type":["list",["object",{"database_name":"string","database_status":"string","date_created":"string","date_modified":"string","description":"string","id":"string","info":["list",["object",{"info":["map","string"],"secure_info":["map","string"]}]],"metric":["map","string"],"name":"string","parent_database_id":"string","parent_linked_database_id":"string","snapshot_id":"string","status":"string","timezone":"string"}]],"description_kind":"plain","computed":true},"metric":{"type":["map","string"],"description_kind":"plain","computed":true},"name":{"type":"string","description_kind":"plain","computed":true},"parent_database_id":{"type":"string","description_kind":"plain","computed":true},"parent_source_database_id":{"type":"string","description_kind":"plain","computed":true},"post_script_cmd":{"type":"string","description_kind":"plain","optional":true},"pre_script_cmd":{"type":"string","description_kind":"plain","optional":true},"properties":{"type":["list",["object",{"name":"string","value":"string"}]],"description":"List of all the properties","description_kind":"plain","computed":true},"scale_count":{"type":"number","description_kind":"plain","optional":true},"status":{"type":"string","description_kind":"plain","computed":true},"time_machine":{"type":["list",["object",{"access_level":"string","clone":"bool","clones":"string","clustered":"bool","database":"string","database_id":"string","date_created":"string","date_modified":"string","description":"string","ea_status":"string","id":"string","metric":"string","name":"string","properties":["list",["object",{"description":"string","name":"string","ref_id":"string","secure":"bool","value":"string"}]],"schedule":["list",["object",{"continuous_schedule":["list",["object",{"enabled":"bool","log_backup_interval":"number","snapshots_per_day":"number"}]],"daily_schedule":["list",["object",{"enabled":"bool"}]],"date_created":"string","date_modified":"string","description":"string","global_policy":"bool","id":"string","monthly_schedule":["list",["object",{"day_of_month":"number","enabled":"bool"}]],"name":"string","owner_id":"string","quartely_schedule":["list",["object",{"day_of_month":"number","enabled":"bool","start_month":"string","start_month_value":"string"}]],"reference_count":"number","snapshot_time_of_day":["list",["object",{"extra":"bool","hours":"number","minutes":"number","seconds":"number"}]],"start_time":"string","system_policy":"bool","time_zone":"string","unique_name":"string","weekly_schedule":["list",["object",{"day_of_week":"string","day_of_week_value":"string","enabled":"bool"}]],"yearly_schedule":["list",["object",{"day_of_month":"number","enabled":"bool","month":"string","month_value":"string"}]]}]],"schedule_id":"string","scope":"string","sla":["list",["object",{"continuous_retention":"number","current_active_frequency":"string","daily_retention":"number","date_created":"string","date_modified":"string","description":"string","id":"string","monthly_retention":"number","name":"string","owner_id":"string","pitr_enabled":"bool","quarterly_retention":"number","reference_count":"number","system_sla":"bool","unique_name":"string","weekly_retention":"number","yearly_retention":"number"}]],"sla_id":"string","sla_update_in_progress":"bool","sla_update_metadata":"string","source_nx_clusters":["list","string"],"status":"string","tags":["list",["object",{"entity_id":"string","entity_type":"string","tag_id":"string","tag_name":"string","value":"string"}]],"type":"string"}]],"description_kind":"plain","computed":true},"time_machine_id":{"type":"string","description_kind":"plain","computed":true},"time_zone":{"type":"string","description_kind":"plain","computed":true},"type":{"type":"string","description_kind":"plain","computed":true}},"block_types":{"tags":{"nesting_mode":"list","block":{"attributes":{"entity_id":{"type":"string","description_kind":"plain","computed":true},"entity_type":{"type":"string","description_kind":"plain","computed":true},"tag_id":{"type":"string","description_kind":"plain","optional":true,"computed":true},"tag_name":{"type":"string","description_kind":"plain","optional":true,"computed":true},"value":{"type":"string","description_kind":"plain","optional":true,"computed":true}},"description_kind":"plain"}},"timeouts":{"nesting_mode":"single","block":{"attributes":{"create":{"type":"string","description_kind":"plain","optional":true}},"description_kind":"plain"}}},"description_kind":"plain"}},"nutanix_ndb_sla":{"version":0,"block":{"attributes":{"continuous_retention":{"type":"number","description_kind":"plain","optional":true},"current_active_frequency":{"type":"string","description_kind":"plain","computed":true},"daily_retention":{"type":"number","description_kind":"plain","optional":true},"date_created":{"type":"string","description_kind":"plain","computed":true},"date_modified":{"type":"string","description_kind":"plain","computed":true},"description":{"type":"string","description_kind":"plain","optional":true},"id":{"type":"string","description_kind":"plain","optional":true,"computed":true},"monthly_retention":{"type":"number","description_kind":"plain","optional":true},"name":{"type":"string","description_kind":"plain","required":true},"owner_id":{"type":"string","description_kind":"plain","computed":true},"pitr_enabled":{"type":"bool","description_kind":"plain","computed":true},"quarterly_retention":{"type":"number","description_kind":"plain","optional":true},"reference_count":{"type":"number","description_kind":"plain","computed":true},"system_sla":{"type":"bool","description_kind":"plain","computed":true},"unique_name":{"type":"string","description_kind":"plain","computed":true},"weekly_retention":{"type":"number","description_kind":"plain","optional":true},"yearly_retention":{"type":"number","description_kind":"plain","optional":true,"computed":true}},"description_kind":"plain"}},"nutanix_ndb_software_version_profile":{"version":0,"block":{"attributes":{"available_cluster_ids":{"type":["list","string"],"description_kind":"plain","optional":true},"db_version":{"type":"string","description_kind":"plain","computed":true},"deprecated":{"type":"bool","description_kind":"plain","computed":true},"description":{"type":"string","description_kind":"plain","optional":true},"engine_type":{"type":"string","description_kind":"plain","required":true},"id":{"type":"string","description_kind":"plain","optional":true,"computed":true},"name":{"type":"string","description_kind":"plain","required":true},"owner":{"type":"string","description_kind":"plain","computed":true},"profile_id":{"type":"string","description_kind":"plain","required":true},"properties":{"type":["list",["object",{"name":"string","secure":"bool","value":"string"}]],"description_kind":"plain","computed":true},"properties_map":{"type":["map","string"],"description_kind":"plain","computed":true},"published":{"type":"bool","description_kind":"plain","computed":true},"status":{"type":"string","description_kind":"plain","optional":true},"system_profile":{"type":"bool","description_kind":"plain","computed":true},"topology":{"type":"string","description_kind":"plain","computed":true},"version":{"type":"string","description_kind":"plain","computed":true},"version_cluster_association":{"type":["list",["object",{"date_created":"string","date_modified":"string","nx_cluster_id":"string","optimized_for_provisioning":"bool","owner_id":"string","profile_version_id":"string","properties":["list",["object",{"name":"string","secure":"bool","value":"string"}]],"status":"string"}]],"description_kind":"plain","computed":true}},"block_types":{"postgres_database":{"nesting_mode":"list","block":{"attributes":{"db_software_notes":{"type":"string","description_kind":"plain","optional":true},"os_notes":{"type":"string","description_kind":"plain","optional":true},"source_dbserver_id":{"type":"string","description_kind":"plain","optional":true}},"description_kind":"plain"}},"timeouts":{"nesting_mode":"single","block":{"attributes":{"create":{"type":"string","description_kind":"plain","optional":true}},"description_kind":"plain"}}},"description_kind":"plain"}},"nutanix_ndb_stretched_vlan":{"version":0,"block":{"attributes":{"description":{"type":"string","description_kind":"plain","optional":true},"id":{"type":"string","description_kind":"plain","optional":true,"computed":true},"name":{"type":"string","description_kind":"plain","required":true},"type":{"type":"string","description_kind":"plain","required":true},"vlan_ids":{"type":["list","string"],"description_kind":"plain","required":true},"vlans_list":{"type":["list",["object",{"cluster_id":"string","id":"string","managed":"bool","name":"string","properties":["list",["object",{"name":"string","secure":"bool","value":"string"}]],"properties_map":["list",["object",{"vlan_gateway":"string","vlan_primary_dns":"string","vlan_secondary_dns":"string","vlan_subnet_mask":"string"}]],"stretched_vlan_id":"string","type":"string"}]],"description_kind":"plain","computed":true}},"block_types":{"metadata":{"nesting_mode":"list","block":{"attributes":{"gateway":{"type":"string","description_kind":"plain","optional":true,"computed":true},"subnet_mask":{"type":"string","description_kind":"plain","optional":true,"computed":true}},"description_kind":"plain"},"max_items":1}},"description_kind":"plain"}},"nutanix_ndb_tag":{"version":0,"block":{"attributes":{"date_created":{"type":"string","description_kind":"plain","computed":true},"date_modified":{"type":"string","description_kind":"plain","computed":true},"description":{"type":"string","description_kind":"plain","optional":true},"entity_type":{"type":"string","description_kind":"plain","required":true},"id":{"type":"string","description_kind":"plain","optional":true,"computed":true},"name":{"type":"string","description_kind":"plain","required":true},"owner":{"type":"string","description_kind":"plain","computed":true},"required":{"type":"bool","description_kind":"plain","optional":true},"status":{"type":"string","description_kind":"plain","optional":true,"computed":true},"values":{"type":"number","description_kind":"plain","computed":true}},"description_kind":"plain"}},"nutanix_ndb_tms_cluster":{"version":0,"block":{"attributes":{"date_created":{"type":"string","description_kind":"plain","computed":true},"date_modified":{"type":"string","description_kind":"plain","computed":true},"description":{"type":"string","description_kind":"plain","computed":true},"id":{"type":"string","description_kind":"plain","optional":true,"computed":true},"log_drive_id":{"type":"string","description_kind":"plain","computed":true},"log_drive_status":{"type":"string","description_kind":"plain","computed":true},"nx_cluster_id":{"type":"string","description_kind":"plain","required":true},"owner_id":{"type":"string","description_kind":"plain","computed":true},"schedule_id":{"type":"string","description_kind":"plain","computed":true},"sla_id":{"type":"string","description_kind":"plain","required":true},"source":{"type":"bool","description_kind":"plain","computed":true},"source_clusters":{"type":["list","string"],"description_kind":"plain","computed":true},"status":{"type":"string","description_kind":"plain","computed":true},"time_machine_id":{"type":"string","description_kind":"plain","required":true},"type":{"type":"string","description_kind":"plain","optional":true}},"description_kind":"plain"}},"nutanix_network_security_rule":{"version":1,"block":{"attributes":{"ad_rule_action":{"type":"string","description_kind":"plain","optional":true,"computed":true},"ad_rule_target_group_default_internal_policy":{"type":"string","description_kind":"plain","optional":true},"ad_rule_target_group_filter_kind_list":{"type":["list","string"],"description_kind":"plain","optional":true,"computed":true},"ad_rule_target_group_filter_type":{"type":"string","description_kind":"plain","optional":true,"computed":true},"ad_rule_target_group_peer_specification_type":{"type":"string","description_kind":"plain","optional":true},"allow_ipv6_traffic":{"type":"bool","description_kind":"plain","optional":true,"computed":true},"api_version":{"type":"string","description_kind":"plain","computed":true},"app_rule_action":{"type":"string","description_kind":"plain","optional":true,"computed":true},"app_rule_target_group_default_internal_policy":{"type":"string","description_kind":"plain","optional":true},"app_rule_target_group_filter_kind_list":{"type":["list","string"],"description_kind":"plain","optional":true,"computed":true},"app_rule_target_group_filter_type":{"type":"string","description_kind":"plain","optional":true,"computed":true},"app_rule_target_group_peer_specification_type":{"type":"string","description_kind":"plain","optional":true},"description":{"type":"string","description_kind":"plain","optional":true,"computed":true},"id":{"type":"string","description_kind":"plain","optional":true,"computed":true},"is_policy_hitlog_enabled":{"type":"bool","description_kind":"plain","optional":true,"computed":true},"isolation_rule_action":{"type":"string","description_kind":"plain","optional":true,"computed":true},"isolation_rule_first_entity_filter_kind_list":{"type":["list","string"],"description_kind":"plain","optional":true,"computed":true},"isolation_rule_first_entity_filter_type":{"type":"string","description_kind":"plain","optional":true,"computed":true},"isolation_rule_second_entity_filter_kind_list":{"type":["list","string"],"description_kind":"plain","optional":true,"computed":true},"isolation_rule_second_entity_filter_type":{"type":"string","description_kind":"plain","optional":true,"computed":true},"metadata":{"type":["map","string"],"description_kind":"plain","computed":true},"name":{"type":"string","description_kind":"plain","required":true},"owner_reference":{"type":["map","string"],"description_kind":"plain","optional":true,"computed":true},"project_reference":{"type":["map","string"],"description_kind":"plain","optional":true,"computed":true}},"block_types":{"ad_rule_inbound_allow_list":{"nesting_mode":"list","block":{"attributes":{"expiration_time":{"type":"string","description_kind":"plain","optional":true,"computed":true},"filter_kind_list":{"type":["list","string"],"description_kind":"plain","optional":true,"computed":true},"filter_type":{"type":"string","description_kind":"plain","optional":true,"computed":true},"ip_subnet":{"type":"string","description_kind":"plain","optional":true,"computed":true},"ip_subnet_prefix_length":{"type":"string","description_kind":"plain","optional":true,"computed":true},"network_function_chain_reference":{"type":["map","string"],"description_kind":"plain","optional":true,"computed":true},"peer_specification_type":{"type":"string","description_kind":"plain","optional":true,"computed":true},"protocol":{"type":"string","description_kind":"plain","optional":true,"computed":true}},"block_types":{"address_group_inclusion_list":{"nesting_mode":"list","block":{"attributes":{"kind":{"type":"string","description_kind":"plain","optional":true,"computed":true},"name":{"type":"string","description_kind":"plain","computed":true},"uuid":{"type":"string","description_kind":"plain","optional":true,"computed":true}},"description_kind":"plain"}},"filter_params":{"nesting_mode":"set","block":{"attributes":{"name":{"type":"string","description_kind":"plain","required":true},"values":{"type":["list","string"],"description_kind":"plain","required":true}},"description_kind":"plain"}},"icmp_type_code_list":{"nesting_mode":"list","block":{"attributes":{"code":{"type":"string","description_kind":"plain","optional":true,"computed":true},"type":{"type":"string","description_kind":"plain","optional":true,"computed":true}},"description_kind":"plain"}},"service_group_list":{"nesting_mode":"list","block":{"attributes":{"kind":{"type":"string","description_kind":"plain","optional":true,"computed":true},"name":{"type":"string","description_kind":"plain","computed":true},"uuid":{"type":"string","description_kind":"plain","optional":true,"computed":true}},"description_kind":"plain"}},"tcp_port_range_list":{"nesting_mode":"list","block":{"attributes":{"end_port":{"type":"number","description_kind":"plain","optional":true,"computed":true},"start_port":{"type":"number","description_kind":"plain","optional":true,"computed":true}},"description_kind":"plain"}},"udp_port_range_list":{"nesting_mode":"list","block":{"attributes":{"end_port":{"type":"number","description_kind":"plain","optional":true,"computed":true},"start_port":{"type":"number","description_kind":"plain","optional":true,"computed":true}},"description_kind":"plain"}}},"description_kind":"plain"}},"ad_rule_outbound_allow_list":{"nesting_mode":"list","block":{"attributes":{"expiration_time":{"type":"string","description_kind":"plain","optional":true,"computed":true},"filter_kind_list":{"type":["list","string"],"description_kind":"plain","optional":true,"computed":true},"filter_type":{"type":"string","description_kind":"plain","optional":true,"computed":true},"ip_subnet":{"type":"string","description_kind":"plain","optional":true,"computed":true},"ip_subnet_prefix_length":{"type":"string","description_kind":"plain","optional":true,"computed":true},"network_function_chain_reference":{"type":["map","string"],"description_kind":"plain","optional":true,"computed":true},"peer_specification_type":{"type":"string","description_kind":"plain","optional":true,"computed":true},"protocol":{"type":"string","description_kind":"plain","optional":true,"computed":true}},"block_types":{"address_group_inclusion_list":{"nesting_mode":"list","block":{"attributes":{"kind":{"type":"string","description_kind":"plain","optional":true,"computed":true},"name":{"type":"string","description_kind":"plain","computed":true},"uuid":{"type":"string","description_kind":"plain","optional":true,"computed":true}},"description_kind":"plain"}},"filter_params":{"nesting_mode":"set","block":{"attributes":{"name":{"type":"string","description_kind":"plain","required":true},"values":{"type":["list","string"],"description_kind":"plain","required":true}},"description_kind":"plain"}},"icmp_type_code_list":{"nesting_mode":"list","block":{"attributes":{"code":{"type":"string","description_kind":"plain","optional":true,"computed":true},"type":{"type":"string","description_kind":"plain","optional":true,"computed":true}},"description_kind":"plain"}},"service_group_list":{"nesting_mode":"list","block":{"attributes":{"kind":{"type":"string","description_kind":"plain","optional":true,"computed":true},"name":{"type":"string","description_kind":"plain","computed":true},"uuid":{"type":"string","description_kind":"plain","optional":true,"computed":true}},"description_kind":"plain"}},"tcp_port_range_list":{"nesting_mode":"list","block":{"attributes":{"end_port":{"type":"number","description_kind":"plain","optional":true,"computed":true},"start_port":{"type":"number","description_kind":"plain","optional":true,"computed":true}},"description_kind":"plain"}},"udp_port_range_list":{"nesting_mode":"list","block":{"attributes":{"end_port":{"type":"number","description_kind":"plain","optional":true,"computed":true},"start_port":{"type":"number","description_kind":"plain","optional":true,"computed":true}},"description_kind":"plain"}}},"description_kind":"plain"}},"ad_rule_target_group_filter_params":{"nesting_mode":"set","block":{"attributes":{"name":{"type":"string","description_kind":"plain","required":true},"values":{"type":["list","string"],"description_kind":"plain","required":true}},"description_kind":"plain"}},"app_rule_inbound_allow_list":{"nesting_mode":"list","block":{"attributes":{"expiration_time":{"type":"string","description_kind":"plain","optional":true,"computed":true},"filter_kind_list":{"type":["list","string"],"description_kind":"plain","optional":true,"computed":true},"filter_type":{"type":"string","description_kind":"plain","optional":true,"computed":true},"ip_subnet":{"type":"string","description_kind":"plain","optional":true,"computed":true},"ip_subnet_prefix_length":{"type":"string","description_kind":"plain","optional":true,"computed":true},"network_function_chain_reference":{"type":["map","string"],"description_kind":"plain","optional":true,"computed":true},"peer_specification_type":{"type":"string","description_kind":"plain","optional":true,"computed":true},"protocol":{"type":"string","description_kind":"plain","optional":true,"computed":true}},"block_types":{"address_group_inclusion_list":{"nesting_mode":"list","block":{"attributes":{"kind":{"type":"string","description_kind":"plain","optional":true,"computed":true},"name":{"type":"string","description_kind":"plain","computed":true},"uuid":{"type":"string","description_kind":"plain","optional":true,"computed":true}},"description_kind":"plain"}},"filter_params":{"nesting_mode":"set","block":{"attributes":{"name":{"type":"string","description_kind":"plain","required":true},"values":{"type":["list","string"],"description_kind":"plain","required":true}},"description_kind":"plain"}},"icmp_type_code_list":{"nesting_mode":"list","block":{"attributes":{"code":{"type":"string","description_kind":"plain","optional":true,"computed":true},"type":{"type":"string","description_kind":"plain","optional":true,"computed":true}},"description_kind":"plain"}},"service_group_list":{"nesting_mode":"list","block":{"attributes":{"kind":{"type":"string","description_kind":"plain","optional":true,"computed":true},"name":{"type":"string","description_kind":"plain","computed":true},"uuid":{"type":"string","description_kind":"plain","optional":true,"computed":true}},"description_kind":"plain"}},"tcp_port_range_list":{"nesting_mode":"list","block":{"attributes":{"end_port":{"type":"number","description_kind":"plain","optional":true,"computed":true},"start_port":{"type":"number","description_kind":"plain","optional":true,"computed":true}},"description_kind":"plain"}},"udp_port_range_list":{"nesting_mode":"list","block":{"attributes":{"end_port":{"type":"number","description_kind":"plain","optional":true,"computed":true},"start_port":{"type":"number","description_kind":"plain","optional":true,"computed":true}},"description_kind":"plain"}}},"description_kind":"plain"}},"app_rule_outbound_allow_list":{"nesting_mode":"list","block":{"attributes":{"expiration_time":{"type":"string","description_kind":"plain","optional":true,"computed":true},"filter_kind_list":{"type":["list","string"],"description_kind":"plain","optional":true,"computed":true},"filter_type":{"type":"string","description_kind":"plain","optional":true,"computed":true},"ip_subnet":{"type":"string","description_kind":"plain","optional":true,"computed":true},"ip_subnet_prefix_length":{"type":"string","description_kind":"plain","optional":true,"computed":true},"network_function_chain_reference":{"type":["map","string"],"description_kind":"plain","optional":true,"computed":true},"peer_specification_type":{"type":"string","description_kind":"plain","optional":true,"computed":true},"protocol":{"type":"string","description_kind":"plain","optional":true,"computed":true}},"block_types":{"address_group_inclusion_list":{"nesting_mode":"list","block":{"attributes":{"kind":{"type":"string","description_kind":"plain","optional":true,"computed":true},"name":{"type":"string","description_kind":"plain","computed":true},"uuid":{"type":"string","description_kind":"plain","optional":true,"computed":true}},"description_kind":"plain"}},"filter_params":{"nesting_mode":"set","block":{"attributes":{"name":{"type":"string","description_kind":"plain","required":true},"values":{"type":["list","string"],"description_kind":"plain","required":true}},"description_kind":"plain"}},"icmp_type_code_list":{"nesting_mode":"list","block":{"attributes":{"code":{"type":"string","description_kind":"plain","optional":true,"computed":true},"type":{"type":"string","description_kind":"plain","optional":true,"computed":true}},"description_kind":"plain"}},"service_group_list":{"nesting_mode":"list","block":{"attributes":{"kind":{"type":"string","description_kind":"plain","optional":true,"computed":true},"name":{"type":"string","description_kind":"plain","computed":true},"uuid":{"type":"string","description_kind":"plain","optional":true,"computed":true}},"description_kind":"plain"}},"tcp_port_range_list":{"nesting_mode":"list","block":{"attributes":{"end_port":{"type":"number","description_kind":"plain","optional":true,"computed":true},"start_port":{"type":"number","description_kind":"plain","optional":true,"computed":true}},"description_kind":"plain"}},"udp_port_range_list":{"nesting_mode":"list","block":{"attributes":{"end_port":{"type":"number","description_kind":"plain","optional":true,"computed":true},"start_port":{"type":"number","description_kind":"plain","optional":true,"computed":true}},"description_kind":"plain"}}},"description_kind":"plain"}},"app_rule_target_group_filter_params":{"nesting_mode":"set","block":{"attributes":{"name":{"type":"string","description_kind":"plain","required":true},"values":{"type":["list","string"],"description_kind":"plain","required":true}},"description_kind":"plain"}},"categories":{"nesting_mode":"set","block":{"attributes":{"name":{"type":"string","description_kind":"plain","optional":true,"computed":true},"value":{"type":"string","description_kind":"plain","optional":true,"computed":true}},"description_kind":"plain"}},"isolation_rule_first_entity_filter_params":{"nesting_mode":"set","block":{"attributes":{"name":{"type":"string","description_kind":"plain","required":true},"values":{"type":["list","string"],"description_kind":"plain","required":true}},"description_kind":"plain"}},"isolation_rule_second_entity_filter_params":{"nesting_mode":"set","block":{"attributes":{"name":{"type":"string","description_kind":"plain","required":true},"values":{"type":["list","string"],"description_kind":"plain","required":true}},"description_kind":"plain"}},"timeouts":{"nesting_mode":"single","block":{"attributes":{"create":{"type":"string","description_kind":"plain","optional":true},"delete":{"type":"string","description_kind":"plain","optional":true},"update":{"type":"string","description_kind":"plain","optional":true}},"description_kind":"plain"}}},"description_kind":"plain"}},"nutanix_pbr":{"version":0,"block":{"attributes":{"action":{"type":"string","description_kind":"plain","required":true},"api_version":{"type":"string","description_kind":"plain","optional":true,"computed":true},"id":{"type":"string","description_kind":"plain","optional":true,"computed":true},"is_bidirectional":{"type":"bool","description_kind":"plain","optional":true,"computed":true},"metadata":{"type":["map","string"],"description_kind":"plain","computed":true},"name":{"type":"string","description_kind":"plain","required":true},"priority":{"type":"number","description_kind":"plain","required":true},"protocol_type":{"type":"string","description_kind":"plain","required":true},"service_ip_list":{"type":["list","string"],"description_kind":"plain","optional":true,"computed":true},"vpc_name":{"type":"string","description_kind":"plain","optional":true,"computed":true},"vpc_reference_uuid":{"type":"string","description_kind":"plain","optional":true,"computed":true}},"block_types":{"destination":{"nesting_mode":"list","block":{"attributes":{"address_type":{"type":"string","description_kind":"plain","optional":true},"prefix_length":{"type":"number","description_kind":"plain","optional":true},"subnet_ip":{"type":"string","description_kind":"plain","optional":true}},"description_kind":"plain"},"min_items":1,"max_items":1},"protocol_parameters":{"nesting_mode":"list","block":{"attributes":{"protocol_number":{"type":"string","description_kind":"plain","optional":true}},"block_types":{"icmp":{"nesting_mode":"list","block":{"attributes":{"icmp_code":{"type":"number","description_kind":"plain","required":true},"icmp_type":{"type":"number","description_kind":"plain","required":true}},"description_kind":"plain"},"max_items":1},"tcp":{"nesting_mode":"list","block":{"block_types":{"destination_port_range_list":{"nesting_mode":"list","block":{"attributes":{"end_port":{"type":"number","description_kind":"plain","optional":true,"computed":true},"start_port":{"type":"number","description_kind":"plain","optional":true,"computed":true}},"description_kind":"plain"}},"source_port_range_list":{"nesting_mode":"list","block":{"attributes":{"end_port":{"type":"number","description_kind":"plain","optional":true,"computed":true},"start_port":{"type":"number","description_kind":"plain","optional":true,"computed":true}},"description_kind":"plain"}}},"description_kind":"plain"},"max_items":1},"udp":{"nesting_mode":"list","block":{"block_types":{"destination_port_range_list":{"nesting_mode":"list","block":{"attributes":{"end_port":{"type":"number","description_kind":"plain","optional":true,"computed":true},"start_port":{"type":"number","description_kind":"plain","optional":true,"computed":true}},"description_kind":"plain"}},"source_port_range_list":{"nesting_mode":"list","block":{"attributes":{"end_port":{"type":"number","description_kind":"plain","optional":true,"computed":true},"start_port":{"type":"number","description_kind":"plain","optional":true,"computed":true}},"description_kind":"plain"}}},"description_kind":"plain"},"max_items":1}},"description_kind":"plain"},"max_items":1},"source":{"nesting_mode":"list","block":{"attributes":{"address_type":{"type":"string","description_kind":"plain","optional":true},"prefix_length":{"type":"number","description_kind":"plain","optional":true},"subnet_ip":{"type":"string","description_kind":"plain","optional":true}},"description_kind":"plain"},"min_items":1,"max_items":1}},"description_kind":"plain"}},"nutanix_project":{"version":0,"block":{"attributes":{"api_version":{"type":"string","description_kind":"plain","optional":true,"computed":true},"cluster_uuid":{"type":"string","description_kind":"plain","optional":true},"description":{"type":"string","description_kind":"plain","required":true},"enable_collab":{"type":"bool","description_kind":"plain","optional":true},"id":{"type":"string","description_kind":"plain","optional":true,"computed":true},"is_default":{"type":"bool","description_kind":"plain","computed":true},"metadata":{"type":["map","string"],"description_kind":"plain","computed":true},"name":{"type":"string","description_kind":"plain","required":true},"owner_reference":{"type":["map","string"],"description_kind":"plain","optional":true,"computed":true},"project_reference":{"type":["map","string"],"description_kind":"plain","optional":true,"computed":true},"state":{"type":"string","description_kind":"plain","computed":true},"use_project_internal":{"type":"bool","description_kind":"plain","optional":true}},"block_types":{"account_reference_list":{"nesting_mode":"list","block":{"attributes":{"kind":{"type":"string","description_kind":"plain","optional":true},"name":{"type":"string","description_kind":"plain","optional":true,"computed":true},"uuid":{"type":"string","description_kind":"plain","required":true}},"description_kind":"plain"}},"acp":{"nesting_mode":"list","block":{"attributes":{"context_filter_list":{"type":["list",["object",{"entity_filter_expression_list":["list",["object",{"left_hand_side_entity_type":"string","operator":"string","right_hand_side":["list",["object",{"categories":["list",["object",{"name":"string","value":["set","string"]}]],"collection":"string","uuid_list":["set","string"]}]]}]],"scope_filter_expression_list":["list",["object",{"left_hand_side":"string","operator":"string","right_hand_side":["list",["object",{"categories":["list",["object",{"name":"string","value":["set","string"]}]],"collection":"string","uuid_list":["set","string"]}]]}]]}]],"description_kind":"plain","computed":true},"description":{"type":"string","description_kind":"plain","optional":true},"metadata":{"type":["map","string"],"description_kind":"plain","computed":true},"name":{"type":"string","description_kind":"plain","optional":true,"computed":true}},"block_types":{"role_reference":{"nesting_mode":"list","block":{"attributes":{"kind":{"type":"string","description_kind":"plain","required":true},"name":{"type":"string","description_kind":"plain","optional":true,"computed":true},"uuid":{"type":"string","description_kind":"plain","required":true}},"description_kind":"plain"},"min_items":1,"max_items":1},"user_group_reference_list":{"nesting_mode":"set","block":{"attributes":{"kind":{"type":"string","description_kind":"plain","optional":true},"name":{"type":"string","description_kind":"plain","optional":true},"uuid":{"type":"string","description_kind":"plain","required":true}},"description_kind":"plain"}},"user_reference_list":{"nesting_mode":"set","block":{"attributes":{"kind":{"type":"string","description_kind":"plain","optional":true},"name":{"type":"string","description_kind":"plain","optional":true},"uuid":{"type":"string","description_kind":"plain","required":true}},"description_kind":"plain"}}},"description_kind":"plain"}},"categories":{"nesting_mode":"set","block":{"attributes":{"name":{"type":"string","description_kind":"plain","optional":true,"computed":true},"value":{"type":"string","description_kind":"plain","optional":true,"computed":true}},"description_kind":"plain"}},"cluster_reference_list":{"nesting_mode":"list","block":{"attributes":{"kind":{"type":"string","description_kind":"plain","optional":true},"name":{"type":"string","description_kind":"plain","optional":true,"computed":true},"uuid":{"type":"string","description_kind":"plain","required":true}},"description_kind":"plain"}},"default_environment_reference":{"nesting_mode":"list","block":{"attributes":{"kind":{"type":"string","description_kind":"plain","optional":true},"name":{"type":"string","description_kind":"plain","optional":true,"computed":true},"uuid":{"type":"string","description_kind":"plain","required":true}},"description_kind":"plain"},"max_items":1},"default_subnet_reference":{"nesting_mode":"list","block":{"attributes":{"kind":{"type":"string","description_kind":"plain","optional":true},"name":{"type":"string","description_kind":"plain","optional":true,"computed":true},"uuid":{"type":"string","description_kind":"plain","required":true}},"description_kind":"plain"},"min_items":1,"max_items":1},"environment_reference_list":{"nesting_mode":"list","block":{"attributes":{"kind":{"type":"string","description_kind":"plain","optional":true},"name":{"type":"string","description_kind":"plain","optional":true,"computed":true},"uuid":{"type":"string","description_kind":"plain","required":true}},"description_kind":"plain"}},"external_network_list":{"nesting_mode":"list","block":{"attributes":{"name":{"type":"string","description_kind":"plain","optional":true,"computed":true},"uuid":{"type":"string","description_kind":"plain","required":true}},"description_kind":"plain"}},"external_user_group_reference_list":{"nesting_mode":"set","block":{"attributes":{"kind":{"type":"string","description_kind":"plain","optional":true},"name":{"type":"string","description_kind":"plain","optional":true,"computed":true},"uuid":{"type":"string","description_kind":"plain","required":true}},"description_kind":"plain"}},"resource_domain":{"nesting_mode":"list","block":{"block_types":{"resources":{"nesting_mode":"list","block":{"attributes":{"limit":{"type":"number","description_kind":"plain","required":true},"resource_type":{"type":"string","description_kind":"plain","required":true},"units":{"type":"string","description_kind":"plain","computed":true},"value":{"type":"number","description_kind":"plain","computed":true}},"description_kind":"plain"},"min_items":1}},"description_kind":"plain"},"max_items":1},"subnet_reference_list":{"nesting_mode":"list","block":{"attributes":{"kind":{"type":"string","description_kind":"plain","optional":true},"name":{"type":"string","description_kind":"plain","optional":true,"computed":true},"uuid":{"type":"string","description_kind":"plain","required":true}},"description_kind":"plain"}},"timeouts":{"nesting_mode":"single","block":{"attributes":{"create":{"type":"string","description_kind":"plain","optional":true},"delete":{"type":"string","description_kind":"plain","optional":true},"update":{"type":"string","description_kind":"plain","optional":true}},"description_kind":"plain"}},"tunnel_reference_list":{"nesting_mode":"list","block":{"attributes":{"kind":{"type":"string","description_kind":"plain","optional":true},"name":{"type":"string","description_kind":"plain","optional":true,"computed":true},"uuid":{"type":"string","description_kind":"plain","required":true}},"description_kind":"plain"}},"user_group_list":{"nesting_mode":"list","block":{"attributes":{"metadata":{"type":["map","string"],"description_kind":"plain","optional":true}},"block_types":{"directory_service_ou":{"nesting_mode":"list","block":{"attributes":{"distinguished_name":{"type":"string","description_kind":"plain","required":true}},"description_kind":"plain"}},"directory_service_user_group":{"nesting_mode":"list","block":{"attributes":{"distinguished_name":{"type":"string","description_kind":"plain","required":true}},"description_kind":"plain"}},"saml_user_group":{"nesting_mode":"list","block":{"attributes":{"idp_uuid":{"type":"string","description_kind":"plain","required":true},"name":{"type":"string","description_kind":"plain","required":true}},"description_kind":"plain"}}},"description_kind":"plain"}},"user_list":{"nesting_mode":"list","block":{"attributes":{"metadata":{"type":["map","string"],"description_kind":"plain","optional":true}},"block_types":{"directory_service_user":{"nesting_mode":"list","block":{"attributes":{"default_user_principal_name":{"type":"string","description_kind":"plain","computed":true},"user_principal_name":{"type":"string","description_kind":"plain","optional":true,"computed":true}},"block_types":{"directory_service_reference":{"nesting_mode":"list","block":{"attributes":{"kind":{"type":"string","description_kind":"plain","optional":true},"name":{"type":"string","description_kind":"plain","optional":true,"computed":true},"uuid":{"type":"string","description_kind":"plain","required":true}},"description_kind":"plain"},"min_items":1,"max_items":1}},"description_kind":"plain"},"max_items":1},"identity_provider_user":{"nesting_mode":"list","block":{"attributes":{"username":{"type":"string","description_kind":"plain","optional":true,"computed":true}},"block_types":{"identity_provider_reference":{"nesting_mode":"list","block":{"attributes":{"kind":{"type":"string","description_kind":"plain","optional":true},"name":{"type":"string","description_kind":"plain","optional":true,"computed":true},"uuid":{"type":"string","description_kind":"plain","required":true}},"description_kind":"plain"},"min_items":1,"max_items":1}},"description_kind":"plain"},"max_items":1}},"description_kind":"plain"}},"user_reference_list":{"nesting_mode":"set","block":{"attributes":{"kind":{"type":"string","description_kind":"plain","optional":true},"name":{"type":"string","description_kind":"plain","optional":true,"computed":true},"uuid":{"type":"string","description_kind":"plain","required":true}},"description_kind":"plain"}},"vpc_reference_list":{"nesting_mode":"list","block":{"attributes":{"kind":{"type":"string","description_kind":"plain","optional":true},"name":{"type":"string","description_kind":"plain","optional":true,"computed":true},"uuid":{"type":"string","description_kind":"plain","required":true}},"description_kind":"plain"}}},"description_kind":"plain"}},"nutanix_protection_rule":{"version":1,"block":{"attributes":{"api_version":{"type":"string","description_kind":"plain","computed":true},"description":{"type":"string","description_kind":"plain","optional":true,"computed":true},"id":{"type":"string","description_kind":"plain","optional":true,"computed":true},"metadata":{"type":["map","string"],"description_kind":"plain","computed":true},"name":{"type":"string","description_kind":"plain","required":true},"start_time":{"type":"string","description_kind":"plain","optional":true,"computed":true},"state":{"type":"string","description_kind":"plain","computed":true}},"block_types":{"availability_zone_connectivity_list":{"nesting_mode":"list","block":{"attributes":{"destination_availability_zone_index":{"type":"number","description_kind":"plain","optional":true,"computed":true},"source_availability_zone_index":{"type":"number","description_kind":"plain","optional":true,"computed":true}},"block_types":{"snapshot_schedule_list":{"nesting_mode":"list","block":{"attributes":{"auto_suspend_timeout_secs":{"type":"number","description_kind":"plain","optional":true,"computed":true},"recovery_point_objective_secs":{"type":"number","description_kind":"plain","required":true},"snapshot_type":{"type":"string","description_kind":"plain","optional":true,"computed":true}},"block_types":{"local_snapshot_retention_policy":{"nesting_mode":"list","block":{"attributes":{"num_snapshots":{"type":"number","description_kind":"plain","optional":true,"computed":true},"rollup_retention_policy_multiple":{"type":"number","description_kind":"plain","optional":true,"computed":true},"rollup_retention_policy_snapshot_interval_type":{"type":"string","description_kind":"plain","optional":true,"computed":true}},"description_kind":"plain"},"max_items":1},"remote_snapshot_retention_policy":{"nesting_mode":"list","block":{"attributes":{"num_snapshots":{"type":"number","description_kind":"plain","optional":true,"computed":true},"rollup_retention_policy_multiple":{"type":"number","description_kind":"plain","optional":true,"computed":true},"rollup_retention_policy_snapshot_interval_type":{"type":"string","description_kind":"plain","optional":true,"computed":true}},"description_kind":"plain"},"max_items":1}},"description_kind":"plain"}}},"description_kind":"plain"},"min_items":1},"categories":{"nesting_mode":"set","block":{"attributes":{"name":{"type":"string","description_kind":"plain","optional":true,"computed":true},"value":{"type":"string","description_kind":"plain","optional":true,"computed":true}},"description_kind":"plain"}},"category_filter":{"nesting_mode":"list","block":{"attributes":{"kind_list":{"type":["list","string"],"description_kind":"plain","optional":true,"computed":true},"type":{"type":"string","description_kind":"plain","optional":true,"computed":true}},"block_types":{"params":{"nesting_mode":"set","block":{"attributes":{"name":{"type":"string","description_kind":"plain","required":true},"values":{"type":["list","string"],"description_kind":"plain","required":true}},"description_kind":"plain"}}},"description_kind":"plain"},"max_items":1},"ordered_availability_zone_list":{"nesting_mode":"list","block":{"attributes":{"availability_zone_url":{"type":"string","description_kind":"plain","optional":true,"computed":true},"cluster_uuid":{"type":"string","description_kind":"plain","optional":true,"computed":true}},"description_kind":"plain"},"min_items":1},"owner_reference":{"nesting_mode":"list","block":{"attributes":{"kind":{"type":"string","description_kind":"plain","optional":true},"name":{"type":"string","description_kind":"plain","optional":true},"uuid":{"type":"string","description_kind":"plain","optional":true}},"description_kind":"plain"},"max_items":1},"project_reference":{"nesting_mode":"list","block":{"attributes":{"kind":{"type":"string","description_kind":"plain","optional":true},"name":{"type":"string","description_kind":"plain","optional":true},"uuid":{"type":"string","description_kind":"plain","optional":true}},"description_kind":"plain"},"max_items":1},"timeouts":{"nesting_mode":"single","block":{"attributes":{"create":{"type":"string","description_kind":"plain","optional":true},"delete":{"type":"string","description_kind":"plain","optional":true},"update":{"type":"string","description_kind":"plain","optional":true}},"description_kind":"plain"}}},"description_kind":"plain"}},"nutanix_recovery_plan":{"version":1,"block":{"attributes":{"api_version":{"type":"string","description_kind":"plain","computed":true},"description":{"type":"string","description_kind":"plain","optional":true,"computed":true},"id":{"type":"string","description_kind":"plain","optional":true,"computed":true},"metadata":{"type":["map","string"],"description_kind":"plain","computed":true},"name":{"type":"string","description_kind":"plain","required":true},"state":{"type":"string","description_kind":"plain","computed":true}},"block_types":{"categories":{"nesting_mode":"set","block":{"attributes":{"name":{"type":"string","description_kind":"plain","optional":true,"computed":true},"value":{"type":"string","description_kind":"plain","optional":true,"computed":true}},"description_kind":"plain"}},"owner_reference":{"nesting_mode":"list","block":{"attributes":{"kind":{"type":"string","description_kind":"plain","optional":true},"name":{"type":"string","description_kind":"plain","optional":true},"uuid":{"type":"string","description_kind":"plain","optional":true}},"description_kind":"plain"},"max_items":1},"parameters":{"nesting_mode":"list","block":{"block_types":{"floating_ip_assignment_list":{"nesting_mode":"list","block":{"attributes":{"availability_zone_url":{"type":"string","description_kind":"plain","required":true}},"block_types":{"vm_ip_assignment_list":{"nesting_mode":"list","block":{"block_types":{"recovery_floating_ip_config":{"nesting_mode":"list","block":{"attributes":{"ip":{"type":"string","description_kind":"plain","optional":true,"computed":true},"should_allocate_dynamically":{"type":"bool","description_kind":"plain","optional":true,"computed":true}},"description_kind":"plain"},"max_items":1},"test_floating_ip_config":{"nesting_mode":"list","block":{"attributes":{"ip":{"type":"string","description_kind":"plain","optional":true,"computed":true},"should_allocate_dynamically":{"type":"bool","description_kind":"plain","optional":true,"computed":true}},"description_kind":"plain"},"max_items":1},"vm_nic_information":{"nesting_mode":"list","block":{"attributes":{"ip":{"type":"string","description_kind":"plain","optional":true,"computed":true},"uuid":{"type":"string","description_kind":"plain","required":true}},"description_kind":"plain"},"min_items":1,"max_items":1},"vm_reference":{"nesting_mode":"list","block":{"attributes":{"kind":{"type":"string","description_kind":"plain","required":true},"name":{"type":"string","description_kind":"plain","optional":true,"computed":true},"uuid":{"type":"string","description_kind":"plain","required":true}},"description_kind":"plain"},"min_items":1,"max_items":1}},"description_kind":"plain"},"min_items":1}},"description_kind":"plain"}},"network_mapping_list":{"nesting_mode":"list","block":{"attributes":{"are_networks_stretched":{"type":"bool","description_kind":"plain","optional":true,"computed":true}},"block_types":{"availability_zone_network_mapping_list":{"nesting_mode":"list","block":{"attributes":{"availability_zone_url":{"type":"string","description_kind":"plain","optional":true,"computed":true}},"block_types":{"cluster_reference_list":{"nesting_mode":"set","block":{"attributes":{"kind":{"type":"string","description_kind":"plain","required":true},"name":{"type":"string","description_kind":"plain","optional":true,"computed":true},"uuid":{"type":"string","description_kind":"plain","required":true}},"description_kind":"plain"}},"recovery_ip_assignment_list":{"nesting_mode":"list","block":{"block_types":{"ip_config_list":{"nesting_mode":"list","block":{"attributes":{"ip_address":{"type":"string","description_kind":"plain","required":true}},"description_kind":"plain"},"min_items":1},"vm_reference":{"nesting_mode":"list","block":{"attributes":{"kind":{"type":"string","description_kind":"plain","required":true},"name":{"type":"string","description_kind":"plain","optional":true,"computed":true},"uuid":{"type":"string","description_kind":"plain","optional":true,"computed":true}},"description_kind":"plain"},"min_items":1,"max_items":1}},"description_kind":"plain"}},"recovery_network":{"nesting_mode":"list","block":{"attributes":{"name":{"type":"string","description_kind":"plain","optional":true,"computed":true},"use_vpc_reference":{"type":"bool","description_kind":"plain","optional":true,"computed":true}},"block_types":{"subnet_list":{"nesting_mode":"list","block":{"attributes":{"external_connectivity_state":{"type":"string","description_kind":"plain","optional":true,"computed":true},"gateway_ip":{"type":"string","description_kind":"plain","required":true},"prefix_length":{"type":"number","description_kind":"plain","required":true}},"description_kind":"plain"}},"virtual_network_reference":{"nesting_mode":"list","block":{"attributes":{"kind":{"type":"string","description_kind":"plain","optional":true,"computed":true},"name":{"type":"string","description_kind":"plain","optional":true,"computed":true},"uuid":{"type":"string","description_kind":"plain","optional":true,"computed":true}},"description_kind":"plain"},"max_items":1},"vpc_reference":{"nesting_mode":"list","block":{"attributes":{"kind":{"type":"string","description_kind":"plain","optional":true,"computed":true},"name":{"type":"string","description_kind":"plain","optional":true,"computed":true},"uuid":{"type":"string","description_kind":"plain","optional":true,"computed":true}},"description_kind":"plain"},"max_items":1}},"description_kind":"plain"},"max_items":1},"test_ip_assignment_list":{"nesting_mode":"list","block":{"block_types":{"ip_config_list":{"nesting_mode":"list","block":{"attributes":{"ip_address":{"type":"string","description_kind":"plain","required":true}},"description_kind":"plain"},"min_items":1},"vm_reference":{"nesting_mode":"list","block":{"attributes":{"kind":{"type":"string","description_kind":"plain","required":true},"name":{"type":"string","description_kind":"plain","optional":true,"computed":true},"uuid":{"type":"string","description_kind":"plain","optional":true,"computed":true}},"description_kind":"plain"},"min_items":1,"max_items":1}},"description_kind":"plain"}},"test_network":{"nesting_mode":"list","block":{"attributes":{"name":{"type":"string","description_kind":"plain","optional":true,"computed":true},"use_vpc_reference":{"type":"bool","description_kind":"plain","optional":true,"computed":true}},"block_types":{"subnet_list":{"nesting_mode":"list","block":{"attributes":{"external_connectivity_state":{"type":"string","description_kind":"plain","optional":true,"computed":true},"gateway_ip":{"type":"string","description_kind":"plain","required":true},"prefix_length":{"type":"number","description_kind":"plain","required":true}},"description_kind":"plain"}},"virtual_network_reference":{"nesting_mode":"list","block":{"attributes":{"kind":{"type":"string","description_kind":"plain","optional":true,"computed":true},"name":{"type":"string","description_kind":"plain","optional":true,"computed":true},"uuid":{"type":"string","description_kind":"plain","optional":true,"computed":true}},"description_kind":"plain"},"max_items":1},"vpc_reference":{"nesting_mode":"list","block":{"attributes":{"kind":{"type":"string","description_kind":"plain","optional":true,"computed":true},"name":{"type":"string","description_kind":"plain","optional":true,"computed":true},"uuid":{"type":"string","description_kind":"plain","optional":true,"computed":true}},"description_kind":"plain"},"max_items":1}},"description_kind":"plain"},"max_items":1}},"description_kind":"plain"}}},"description_kind":"plain"}}},"description_kind":"plain"},"min_items":1,"max_items":1},"project_reference":{"nesting_mode":"list","block":{"attributes":{"kind":{"type":"string","description_kind":"plain","optional":true},"name":{"type":"string","description_kind":"plain","optional":true},"uuid":{"type":"string","description_kind":"plain","optional":true}},"description_kind":"plain"},"max_items":1},"stage_list":{"nesting_mode":"list","block":{"attributes":{"delay_time_secs":{"type":"number","description_kind":"plain","optional":true,"computed":true},"stage_uuid":{"type":"string","description_kind":"plain","optional":true,"computed":true}},"block_types":{"stage_work":{"nesting_mode":"list","block":{"block_types":{"recover_entities":{"nesting_mode":"list","block":{"block_types":{"entity_info_list":{"nesting_mode":"list","block":{"attributes":{"any_entity_reference_kind":{"type":"string","description_kind":"plain","optional":true},"any_entity_reference_name":{"type":"string","description_kind":"plain","optional":true},"any_entity_reference_uuid":{"type":"string","description_kind":"plain","optional":true}},"block_types":{"categories":{"nesting_mode":"set","block":{"attributes":{"name":{"type":"string","description_kind":"plain","optional":true},"value":{"type":"string","description_kind":"plain","optional":true}},"description_kind":"plain"}},"script_list":{"nesting_mode":"list","block":{"attributes":{"enable_script_exec":{"type":"bool","description_kind":"plain","required":true},"timeout":{"type":"string","description_kind":"plain","optional":true,"computed":true}},"description_kind":"plain"}}},"description_kind":"plain"}}},"description_kind":"plain"},"max_items":1}},"description_kind":"plain"},"min_items":1,"max_items":1}},"description_kind":"plain"},"min_items":1},"timeouts":{"nesting_mode":"single","block":{"attributes":{"create":{"type":"string","description_kind":"plain","optional":true},"delete":{"type":"string","description_kind":"plain","optional":true},"update":{"type":"string","description_kind":"plain","optional":true}},"description_kind":"plain"}}},"description_kind":"plain"}},"nutanix_role":{"version":0,"block":{"attributes":{"api_version":{"type":"string","description_kind":"plain","computed":true},"description":{"type":"string","description_kind":"plain","optional":true,"computed":true},"id":{"type":"string","description_kind":"plain","optional":true,"computed":true},"metadata":{"type":["map","string"],"description_kind":"plain","computed":true},"name":{"type":"string","description_kind":"plain","required":true},"state":{"type":"string","description_kind":"plain","computed":true}},"block_types":{"categories":{"nesting_mode":"set","block":{"attributes":{"name":{"type":"string","description_kind":"plain","optional":true,"computed":true},"value":{"type":"string","description_kind":"plain","optional":true,"computed":true}},"description_kind":"plain"}},"owner_reference":{"nesting_mode":"list","block":{"attributes":{"kind":{"type":"string","description_kind":"plain","optional":true},"name":{"type":"string","description_kind":"plain","optional":true},"uuid":{"type":"string","description_kind":"plain","optional":true}},"description_kind":"plain"},"max_items":1},"permission_reference_list":{"nesting_mode":"set","block":{"attributes":{"kind":{"type":"string","description_kind":"plain","optional":true},"name":{"type":"string","description_kind":"plain","optional":true,"computed":true},"uuid":{"type":"string","description_kind":"plain","required":true}},"description_kind":"plain"},"min_items":1},"project_reference":{"nesting_mode":"list","block":{"attributes":{"kind":{"type":"string","description_kind":"plain","optional":true},"name":{"type":"string","description_kind":"plain","optional":true},"uuid":{"type":"string","description_kind":"plain","optional":true}},"description_kind":"plain"},"max_items":1},"timeouts":{"nesting_mode":"single","block":{"attributes":{"create":{"type":"string","description_kind":"plain","optional":true},"delete":{"type":"string","description_kind":"plain","optional":true},"update":{"type":"string","description_kind":"plain","optional":true}},"description_kind":"plain"}}},"description_kind":"plain"}},"nutanix_service_group":{"version":0,"block":{"attributes":{"description":{"type":"string","description_kind":"plain","optional":true},"id":{"type":"string","description_kind":"plain","optional":true,"computed":true},"name":{"type":"string","description_kind":"plain","required":true},"system_defined":{"type":"bool","description_kind":"plain","computed":true}},"block_types":{"service_list":{"nesting_mode":"list","block":{"attributes":{"protocol":{"type":"string","description_kind":"plain","optional":true}},"block_types":{"icmp_type_code_list":{"nesting_mode":"list","block":{"attributes":{"code":{"type":"string","description_kind":"plain","optional":true},"type":{"type":"string","description_kind":"plain","optional":true}},"description_kind":"plain"}},"tcp_port_range_list":{"nesting_mode":"list","block":{"attributes":{"end_port":{"type":"number","description_kind":"plain","optional":true},"start_port":{"type":"number","description_kind":"plain","optional":true}},"description_kind":"plain"}},"udp_port_range_list":{"nesting_mode":"list","block":{"attributes":{"end_port":{"type":"number","description_kind":"plain","optional":true},"start_port":{"type":"number","description_kind":"plain","optional":true}},"description_kind":"plain"}}},"description_kind":"plain"},"min_items":1}},"description_kind":"plain"}},"nutanix_static_routes":{"version":0,"block":{"attributes":{"api_version":{"type":"string","description_kind":"plain","optional":true,"computed":true},"id":{"type":"string","description_kind":"plain","optional":true,"computed":true},"metadata":{"type":["map","string"],"description_kind":"plain","computed":true},"vpc_name":{"type":"string","description_kind":"plain","optional":true},"vpc_uuid":{"type":"string","description_kind":"plain","optional":true,"computed":true}},"block_types":{"default_route_nexthop":{"nesting_mode":"list","block":{"attributes":{"external_subnet_reference_uuid":{"type":"string","description_kind":"plain","optional":true}},"description_kind":"plain"}},"static_routes_list":{"nesting_mode":"list","block":{"attributes":{"destination":{"type":"string","description_kind":"plain","required":true},"external_subnet_reference_uuid":{"type":"string","description_kind":"plain","optional":true},"vpn_connection_reference_uuid":{"type":"string","description_kind":"plain","optional":true}},"description_kind":"plain"}}},"description_kind":"plain"}},"nutanix_subnet":{"version":1,"block":{"attributes":{"api_version":{"type":"string","description_kind":"plain","computed":true},"availability_zone_reference":{"type":["map","string"],"description_kind":"plain","optional":true,"computed":true},"cluster_name":{"type":"string","description_kind":"plain","computed":true},"cluster_uuid":{"type":"string","description_kind":"plain","optional":true},"default_gateway_ip":{"type":"string","description_kind":"plain","optional":true,"computed":true},"description":{"type":"string","description_kind":"plain","optional":true,"computed":true},"dhcp_domain_name_server_list":{"type":["list","string"],"description_kind":"plain","optional":true,"computed":true},"dhcp_domain_search_list":{"type":["list","string"],"description_kind":"plain","optional":true,"computed":true},"dhcp_options":{"type":["map","string"],"description_kind":"plain","optional":true,"computed":true},"dhcp_server_address":{"type":["map","string"],"description_kind":"plain","optional":true,"computed":true},"dhcp_server_address_port":{"type":"number","description_kind":"plain","optional":true,"computed":true},"enable_nat":{"type":"bool","description_kind":"plain","optional":true,"computed":true},"id":{"type":"string","description_kind":"plain","optional":true,"computed":true},"ip_config_pool_list_ranges":{"type":["list","string"],"description_kind":"plain","optional":true,"computed":true},"is_external":{"type":"bool","description_kind":"plain","optional":true,"computed":true},"metadata":{"type":["map","string"],"description_kind":"plain","computed":true},"name":{"type":"string","description_kind":"plain","required":true},"network_function_chain_reference":{"type":["map","string"],"description_kind":"plain","optional":true,"computed":true},"owner_reference":{"type":["map","string"],"description_kind":"plain","optional":true,"computed":true},"prefix_length":{"type":"number","description_kind":"plain","optional":true,"computed":true},"project_reference":{"type":["map","string"],"description_kind":"plain","optional":true,"computed":true},"state":{"type":"string","description_kind":"plain","computed":true},"subnet_ip":{"type":"string","description_kind":"plain","optional":true,"computed":true},"subnet_type":{"type":"string","description_kind":"plain","required":true},"vlan_id":{"type":"number","description_kind":"plain","optional":true,"computed":true},"vpc_reference_uuid":{"type":"string","description_kind":"plain","optional":true,"computed":true},"vswitch_name":{"type":"string","description_kind":"plain","optional":true,"computed":true}},"block_types":{"categories":{"nesting_mode":"set","block":{"attributes":{"name":{"type":"string","description_kind":"plain","optional":true,"computed":true},"value":{"type":"string","description_kind":"plain","optional":true,"computed":true}},"description_kind":"plain"}},"timeouts":{"nesting_mode":"single","block":{"attributes":{"create":{"type":"string","description_kind":"plain","optional":true},"delete":{"type":"string","description_kind":"plain","optional":true},"update":{"type":"string","description_kind":"plain","optional":true}},"description_kind":"plain"}}},"description_kind":"plain"}},"nutanix_user":{"version":0,"block":{"attributes":{"access_control_policy_reference_list":{"type":["set",["object",{"kind":"string","name":"string","uuid":"string"}]],"description_kind":"plain","computed":true},"api_version":{"type":"string","description_kind":"plain","computed":true},"display_name":{"type":"string","description_kind":"plain","computed":true},"id":{"type":"string","description_kind":"plain","optional":true,"computed":true},"metadata":{"type":["map","string"],"description_kind":"plain","computed":true},"name":{"type":"string","description_kind":"plain","computed":true},"owner_reference":{"type":["map","string"],"description_kind":"plain","optional":true,"computed":true},"project_reference":{"type":["map","string"],"description_kind":"plain","optional":true},"project_reference_list":{"type":["set",["object",{"kind":"string","name":"string","uuid":"string"}]],"description_kind":"plain","computed":true},"state":{"type":"string","description_kind":"plain","computed":true},"user_type":{"type":"string","description_kind":"plain","computed":true}},"block_types":{"categories":{"nesting_mode":"set","block":{"attributes":{"name":{"type":"string","description_kind":"plain","optional":true,"computed":true},"value":{"type":"string","description_kind":"plain","optional":true,"computed":true}},"description_kind":"plain"}},"directory_service_user":{"nesting_mode":"list","block":{"attributes":{"default_user_principal_name":{"type":"string","description_kind":"plain","computed":true},"user_principal_name":{"type":"string","description_kind":"plain","optional":true,"computed":true}},"block_types":{"directory_service_reference":{"nesting_mode":"list","block":{"attributes":{"kind":{"type":"string","description_kind":"plain","optional":true},"name":{"type":"string","description_kind":"plain","optional":true,"computed":true},"uuid":{"type":"string","description_kind":"plain","required":true}},"description_kind":"plain"},"min_items":1,"max_items":1}},"description_kind":"plain"},"max_items":1},"identity_provider_user":{"nesting_mode":"list","block":{"attributes":{"username":{"type":"string","description_kind":"plain","optional":true,"computed":true}},"block_types":{"identity_provider_reference":{"nesting_mode":"list","block":{"attributes":{"kind":{"type":"string","description_kind":"plain","optional":true},"name":{"type":"string","description_kind":"plain","optional":true,"computed":true},"uuid":{"type":"string","description_kind":"plain","required":true}},"description_kind":"plain"},"min_items":1,"max_items":1}},"description_kind":"plain"},"max_items":1},"timeouts":{"nesting_mode":"single","block":{"attributes":{"create":{"type":"string","description_kind":"plain","optional":true},"delete":{"type":"string","description_kind":"plain","optional":true},"update":{"type":"string","description_kind":"plain","optional":true}},"description_kind":"plain"}}},"description_kind":"plain"}},"nutanix_user_groups":{"version":0,"block":{"attributes":{"id":{"type":"string","description_kind":"plain","optional":true,"computed":true},"metadata":{"type":["map","string"],"description_kind":"plain","computed":true},"owner_reference":{"type":["map","string"],"description_kind":"plain","optional":true,"computed":true},"project_reference":{"type":["map","string"],"description_kind":"plain","optional":true}},"block_types":{"categories":{"nesting_mode":"set","block":{"attributes":{"name":{"type":"string","description_kind":"plain","optional":true,"computed":true},"value":{"type":"string","description_kind":"plain","optional":true,"computed":true}},"description_kind":"plain"}},"directory_service_ou":{"nesting_mode":"list","block":{"attributes":{"distinguished_name":{"type":"string","description_kind":"plain","required":true}},"description_kind":"plain"}},"directory_service_user_group":{"nesting_mode":"list","block":{"attributes":{"distinguished_name":{"type":"string","description_kind":"plain","required":true}},"description_kind":"plain"}},"saml_user_group":{"nesting_mode":"list","block":{"attributes":{"idp_uuid":{"type":"string","description_kind":"plain","required":true},"name":{"type":"string","description_kind":"plain","required":true}},"description_kind":"plain"}}},"description_kind":"plain"}},"nutanix_virtual_machine":{"version":1,"block":{"attributes":{"api_version":{"type":"string","description_kind":"plain","computed":true},"availability_zone_reference":{"type":["map","string"],"description_kind":"plain","optional":true,"computed":true},"boot_device_disk_address":{"type":["map","string"],"description_kind":"plain","optional":true,"computed":true},"boot_device_mac_address":{"type":"string","description_kind":"plain","optional":true,"computed":true},"boot_device_order_list":{"type":["list","string"],"description_kind":"plain","optional":true,"computed":true},"boot_type":{"type":"string","description_kind":"plain","optional":true,"computed":true},"cloud_init_cdrom_uuid":{"type":"string","description_kind":"plain","optional":true,"computed":true},"cluster_name":{"type":"string","description_kind":"plain","computed":true},"cluster_uuid":{"type":"string","description_kind":"plain","required":true},"description":{"type":"string","description_kind":"plain","optional":true,"computed":true},"enable_cpu_passthrough":{"type":"bool","description_kind":"plain","optional":true},"enable_script_exec":{"type":"bool","description_kind":"plain","optional":true,"computed":true},"guest_customization_cloud_init_custom_key_values":{"type":["map","string"],"description_kind":"plain","optional":true,"computed":true},"guest_customization_cloud_init_meta_data":{"type":"string","description_kind":"plain","optional":true,"computed":true},"guest_customization_cloud_init_user_data":{"type":"string","description_kind":"plain","optional":true,"computed":true},"guest_customization_is_overridable":{"type":"bool","description_kind":"plain","optional":true,"computed":true},"guest_customization_sysprep":{"type":["map","string"],"description_kind":"plain","optional":true,"computed":true},"guest_customization_sysprep_custom_key_values":{"type":["map","string"],"description_kind":"plain","optional":true,"computed":true},"guest_os_id":{"type":"string","description_kind":"plain","optional":true,"computed":true},"hardware_clock_timezone":{"type":"string","description_kind":"plain","optional":true,"computed":true},"host_reference":{"type":["map","string"],"description_kind":"plain","computed":true},"hypervisor_type":{"type":"string","description_kind":"plain","computed":true},"id":{"type":"string","description_kind":"plain","optional":true,"computed":true},"is_vcpu_hard_pinned":{"type":"bool","description_kind":"plain","optional":true},"machine_type":{"type":"string","description_kind":"plain","optional":true,"computed":true},"memory_size_mib":{"type":"number","description_kind":"plain","optional":true,"computed":true},"metadata":{"type":["map","string"],"description_kind":"plain","computed":true},"name":{"type":"string","description_kind":"plain","required":true},"ngt_credentials":{"type":["map","string"],"description_kind":"plain","optional":true,"computed":true},"ngt_enabled_capability_list":{"type":["list","string"],"description_kind":"plain","optional":true,"computed":true},"nic_list_status":{"type":["list",["object",{"floating_ip":"string","ip_endpoint_list":["list",["object",{"ip":"string","type":"string"}]],"is_connected":"string","mac_address":"string","model":"string","network_function_chain_reference":["map","string"],"network_function_nic_type":"string","nic_type":"string","num_queues":"number","subnet_name":"string","subnet_uuid":"string","uuid":"string"}]],"description_kind":"plain","computed":true},"num_sockets":{"type":"number","description_kind":"plain","optional":true,"computed":true},"num_vcpus_per_socket":{"type":"number","description_kind":"plain","optional":true,"computed":true},"num_vnuma_nodes":{"type":"number","description_kind":"plain","optional":true,"computed":true},"nutanix_guest_tools":{"type":["map","string"],"description_kind":"plain","optional":true,"computed":true},"owner_reference":{"type":["map","string"],"description_kind":"plain","optional":true,"computed":true},"parent_reference":{"type":["map","string"],"description_kind":"plain","optional":true,"computed":true},"power_state":{"type":"string","description_kind":"plain","computed":true},"power_state_mechanism":{"type":"string","description_kind":"plain","optional":true,"computed":true},"project_reference":{"type":["map","string"],"description_kind":"plain","optional":true,"computed":true},"should_fail_on_script_failure":{"type":"bool","description_kind":"plain","optional":true,"computed":true},"state":{"type":"string","description_kind":"plain","computed":true},"use_hot_add":{"type":"bool","description_kind":"plain","optional":true},"vga_console_enabled":{"type":"bool","description_kind":"plain","optional":true,"computed":true}},"block_types":{"categories":{"nesting_mode":"set","block":{"attributes":{"name":{"type":"string","description_kind":"plain","optional":true,"computed":true},"value":{"type":"string","description_kind":"plain","optional":true,"computed":true}},"description_kind":"plain"}},"disk_list":{"nesting_mode":"list","block":{"attributes":{"data_source_reference":{"type":["map","string"],"description_kind":"plain","optional":true,"computed":true},"disk_size_bytes":{"type":"number","description_kind":"plain","optional":true,"computed":true},"disk_size_mib":{"type":"number","description_kind":"plain","optional":true,"computed":true},"uuid":{"type":"string","description_kind":"plain","optional":true,"computed":true},"volume_group_reference":{"type":["map","string"],"description_kind":"plain","optional":true,"computed":true}},"block_types":{"device_properties":{"nesting_mode":"list","block":{"attributes":{"device_type":{"type":"string","description_kind":"plain","optional":true},"disk_address":{"type":["map","string"],"description_kind":"plain","optional":true,"computed":true}},"description_kind":"plain"},"max_items":1},"storage_config":{"nesting_mode":"list","block":{"attributes":{"flash_mode":{"type":"string","description_kind":"plain","optional":true}},"block_types":{"storage_container_reference":{"nesting_mode":"list","block":{"attributes":{"kind":{"type":"string","description_kind":"plain","optional":true},"name":{"type":"string","description_kind":"plain","computed":true},"url":{"type":"string","description_kind":"plain","optional":true,"computed":true},"uuid":{"type":"string","description_kind":"plain","optional":true,"computed":true}},"description_kind":"plain"}}},"description_kind":"plain"},"max_items":1}},"description_kind":"plain"}},"gpu_list":{"nesting_mode":"list","block":{"attributes":{"device_id":{"type":"number","description_kind":"plain","optional":true,"computed":true},"fraction":{"type":"number","description_kind":"plain","computed":true},"frame_buffer_size_mib":{"type":"number","description_kind":"plain","computed":true},"guest_driver_version":{"type":"string","description_kind":"plain","computed":true},"mode":{"type":"string","description_kind":"plain","optional":true,"computed":true},"name":{"type":"string","description_kind":"plain","computed":true},"num_virtual_display_heads":{"type":"number","description_kind":"plain","computed":true},"pci_address":{"type":"string","description_kind":"plain","computed":true},"uuid":{"type":"string","description_kind":"plain","computed":true},"vendor":{"type":"string","description_kind":"plain","optional":true,"computed":true}},"description_kind":"plain"}},"nic_list":{"nesting_mode":"list","block":{"attributes":{"is_connected":{"type":"string","description_kind":"plain","optional":true},"mac_address":{"type":"string","description_kind":"plain","optional":true,"computed":true},"model":{"type":"string","description_kind":"plain","optional":true,"computed":true},"network_function_chain_reference":{"type":["map","string"],"description_kind":"plain","optional":true,"computed":true},"network_function_nic_type":{"type":"string","description_kind":"plain","optional":true,"computed":true},"nic_type":{"type":"string","description_kind":"plain","optional":true,"computed":true},"num_queues":{"type":"number","description_kind":"plain","optional":true,"computed":true},"subnet_name":{"type":"string","description_kind":"plain","optional":true,"computed":true},"subnet_uuid":{"type":"string","description_kind":"plain","optional":true},"uuid":{"type":"string","description_kind":"plain","optional":true,"computed":true}},"block_types":{"ip_endpoint_list":{"nesting_mode":"list","block":{"attributes":{"ip":{"type":"string","description_kind":"plain","optional":true,"computed":true},"type":{"type":"string","description_kind":"plain","optional":true,"computed":true}},"description_kind":"plain"}}},"description_kind":"plain"}},"serial_port_list":{"nesting_mode":"list","block":{"attributes":{"index":{"type":"number","description_kind":"plain","optional":true,"computed":true},"is_connected":{"type":"bool","description_kind":"plain","optional":true,"computed":true}},"description_kind":"plain"}},"timeouts":{"nesting_mode":"single","block":{"attributes":{"create":{"type":"string","description_kind":"plain","optional":true},"delete":{"type":"string","description_kind":"plain","optional":true},"update":{"type":"string","description_kind":"plain","optional":true}},"description_kind":"plain"}}},"description_kind":"plain"}},"nutanix_vpc":{"version":0,"block":{"attributes":{"api_version":{"type":"string","description_kind":"plain","optional":true,"computed":true},"external_subnet_list_status":{"type":["list",["object",{"active_gateway_node":["list",["object",{"host_reference":["map","string"],"ip_address":"string"}]],"external_ip_list":["list","string"],"external_subnet_reference":["map","string"]}]],"description_kind":"plain","computed":true},"external_subnet_reference_name":{"type":["list","string"],"description_kind":"plain","optional":true},"external_subnet_reference_uuid":{"type":["list","string"],"description_kind":"plain","optional":true,"computed":true},"id":{"type":"string","description_kind":"plain","optional":true,"computed":true},"metadata":{"type":["map","string"],"description_kind":"plain","computed":true},"name":{"type":"string","description_kind":"plain","required":true}},"block_types":{"common_domain_name_server_ip_list":{"nesting_mode":"list","block":{"attributes":{"ip":{"type":"string","description_kind":"plain","optional":true,"computed":true}},"description_kind":"plain"}},"externally_routable_prefix_list":{"nesting_mode":"list","block":{"attributes":{"ip":{"type":"string","description_kind":"plain","required":true},"prefix_length":{"type":"number","description_kind":"plain","required":true}},"description_kind":"plain"}}},"description_kind":"plain"}}},"data_source_schemas":{"nutanix_access_control_policies":{"version":0,"block":{"attributes":{"api_version":{"type":"string","description_kind":"plain","computed":true},"entities":{"type":["list",["object",{"access_control_policy_id":"string","api_version":"string","categories":["set",["object",{"name":"string","value":"string"}]],"context_filter_list":["list",["object",{"entity_filter_expression_list":["list",["object",{"left_hand_side_entity_type":"string","operator":"string","right_hand_side":["list",["object",{"categories":["list",["object",{"name":"string","value":["list","string"]}]],"collection":"string","uuid_list":["set","string"]}]]}]],"scope_filter_expression_list":["list",["object",{"left_hand_side":"string","operator":"string","right_hand_side":["list",["object",{"categories":["list",["object",{"name":"string","value":["list","string"]}]],"collection":"string","uuid_list":["set","string"]}]]}]]}]],"description":"string","metadata":["map","string"],"name":"string","owner_reference":["map","string"],"project_reference":["map","string"],"role_reference":["list",["object",{"kind":"string","name":"string","uuid":"string"}]],"state":"string","user_group_reference_list":["set",["object",{"kind":"string","name":"string","uuid":"string"}]],"user_reference_list":["set",["object",{"kind":"string","name":"string","uuid":"string"}]]}]],"description_kind":"plain","computed":true},"id":{"type":"string","description_kind":"plain","optional":true,"computed":true}},"block_types":{"metadata":{"nesting_mode":"set","block":{"attributes":{"filter":{"type":"string","description_kind":"plain","optional":true,"computed":true},"kind":{"type":"string","description_kind":"plain","optional":true,"computed":true},"length":{"type":"number","description_kind":"plain","optional":true,"computed":true},"offset":{"type":"number","description_kind":"plain","optional":true,"computed":true},"sort_attribute":{"type":"string","description_kind":"plain","optional":true,"computed":true},"sort_order":{"type":"string","description_kind":"plain","optional":true,"computed":true}},"description_kind":"plain"}}},"description_kind":"plain"}},"nutanix_access_control_policy":{"version":0,"block":{"attributes":{"access_control_policy_id":{"type":"string","description_kind":"plain","optional":true},"access_control_policy_name":{"type":"string","description_kind":"plain","optional":true},"api_version":{"type":"string","description_kind":"plain","computed":true},"context_filter_list":{"type":["list",["object",{"entity_filter_expression_list":["list",["object",{"left_hand_side_entity_type":"string","operator":"string","right_hand_side":["list",["object",{"categories":["list",["object",{"name":"string","value":["list","string"]}]],"collection":"string","uuid_list":["set","string"]}]]}]],"scope_filter_expression_list":["list",["object",{"left_hand_side":"string","operator":"string","right_hand_side":["list",["object",{"categories":["list",["object",{"name":"string","value":["list","string"]}]],"collection":"string","uuid_list":["set","string"]}]]}]]}]],"description_kind":"plain","computed":true},"description":{"type":"string","description_kind":"plain","computed":true},"id":{"type":"string","description_kind":"plain","optional":true,"computed":true},"metadata":{"type":["map","string"],"description_kind":"plain","computed":true},"name":{"type":"string","description_kind":"plain","computed":true},"owner_reference":{"type":["map","string"],"description_kind":"plain","computed":true},"project_reference":{"type":["map","string"],"description_kind":"plain","computed":true},"role_reference":{"type":["list",["object",{"kind":"string","name":"string","uuid":"string"}]],"description_kind":"plain","computed":true},"state":{"type":"string","description_kind":"plain","computed":true},"user_group_reference_list":{"type":["set",["object",{"kind":"string","name":"string","uuid":"string"}]],"description_kind":"plain","computed":true},"user_reference_list":{"type":["set",["object",{"kind":"string","name":"string","uuid":"string"}]],"description_kind":"plain","computed":true}},"block_types":{"categories":{"nesting_mode":"set","block":{"attributes":{"name":{"type":"string","description_kind":"plain","optional":true,"computed":true},"value":{"type":"string","description_kind":"plain","optional":true,"computed":true}},"description_kind":"plain"}}},"description_kind":"plain"}},"nutanix_address_group":{"version":0,"block":{"attributes":{"address_group_string":{"type":"string","description_kind":"plain","computed":true},"description":{"type":"string","description_kind":"plain","computed":true},"id":{"type":"string","description_kind":"plain","optional":true,"computed":true},"ip_address_block_list":{"type":["list",["object",{"ip":"string","prefix_length":"number"}]],"description_kind":"plain","computed":true},"name":{"type":"string","description_kind":"plain","computed":true},"uuid":{"type":"string","description_kind":"plain","required":true}},"description_kind":"plain"}},"nutanix_address_groups":{"version":0,"block":{"attributes":{"entities":{"type":["list",["object",{"address_group":["list",["object",{"address_group_string":"string","description":"string","ip_address_block_list":["list",["object",{"ip":"string","prefix_length":"number"}]],"name":"string"}]],"associated_policies_list":["list",["object",{"kind":"string","name":"string","uuid":"string"}]],"uuid":"string"}]],"description_kind":"plain","computed":true},"id":{"type":"string","description_kind":"plain","optional":true,"computed":true}},"block_types":{"metadata":{"nesting_mode":"set","block":{"attributes":{"filter":{"type":"string","description_kind":"plain","optional":true,"computed":true},"kind":{"type":"string","description_kind":"plain","optional":true,"computed":true},"length":{"type":"number","description_kind":"plain","optional":true,"computed":true},"offset":{"type":"number","description_kind":"plain","optional":true,"computed":true},"sort_attribute":{"type":"string","description_kind":"plain","optional":true,"computed":true},"sort_order":{"type":"string","description_kind":"plain","optional":true,"computed":true}},"description_kind":"plain"}}},"description_kind":"plain"}},"nutanix_assert_helper":{"version":0,"block":{"attributes":{"id":{"type":"string","description_kind":"plain","optional":true,"computed":true}},"block_types":{"checks":{"nesting_mode":"list","block":{"attributes":{"condition":{"type":"bool","description_kind":"plain","required":true},"error_message":{"type":"string","description_kind":"plain","required":true}},"description_kind":"plain"}}},"description_kind":"plain"}},"nutanix_category_key":{"version":0,"block":{"attributes":{"api_version":{"type":"string","description_kind":"plain","computed":true},"description":{"type":"string","description_kind":"plain","computed":true},"id":{"type":"string","description_kind":"plain","optional":true,"computed":true},"name":{"type":"string","description_kind":"plain","required":true},"system_defined":{"type":"bool","description_kind":"plain","computed":true},"values":{"type":["list","string"],"description_kind":"plain","computed":true}},"description_kind":"plain"}},"nutanix_cluster":{"version":0,"block":{"attributes":{"analysis_vm_efficiency_map":{"type":["map","string"],"description_kind":"plain","computed":true},"api_version":{"type":"string","description_kind":"plain","computed":true},"authorized_public_key_list":{"type":["list",["object",{"key":"string","name":"string"}]],"description_kind":"plain","computed":true},"build":{"type":["map","string"],"description_kind":"plain","computed":true},"ca_certificate_list":{"type":["list",["object",{"ca_name":"string","certificate":"string"}]],"description_kind":"plain","computed":true},"certification_signing_info":{"type":["map","string"],"description_kind":"plain","computed":true},"client_auth":{"type":["map","string"],"description_kind":"plain","computed":true},"cluster_arch":{"type":"string","description_kind":"plain","computed":true},"cluster_id":{"type":"string","description_kind":"plain","optional":true,"computed":true},"domain_server_credentials":{"type":["map","string"],"description_kind":"plain","computed":true},"domain_server_name":{"type":"string","description_kind":"plain","computed":true},"domain_server_nameserver":{"type":"string","description_kind":"plain","computed":true},"enabled_feature_list":{"type":["list","string"],"description_kind":"plain","computed":true},"encryption_status":{"type":"string","description_kind":"plain","computed":true},"external_data_services_ip":{"type":"string","description_kind":"plain","computed":true},"external_ip":{"type":"string","description_kind":"plain","computed":true},"external_subnet":{"type":"string","description_kind":"plain","computed":true},"gpu_driver_version":{"type":"string","description_kind":"plain","computed":true},"http_proxy_list":{"type":["list",["object",{"address":["map","string"],"credentials":["map","string"],"proxy_type_list":["list","string"]}]],"description_kind":"plain","computed":true},"http_proxy_whitelist":{"type":["list",["object",{"target":"string","target_type":"string"}]],"description_kind":"plain","computed":true},"id":{"type":"string","description_kind":"plain","optional":true,"computed":true},"internal_subnet":{"type":"string","description_kind":"plain","computed":true},"is_available":{"type":"bool","description_kind":"plain","computed":true},"management_server_list":{"type":["list",["object",{"drs_enabled":"bool","ip":"string","status_list":["list","string"],"type":"string"}]],"description_kind":"plain","computed":true},"masquerading_ip":{"type":"string","description_kind":"plain","computed":true},"masquerading_port":{"type":"number","description_kind":"plain","computed":true},"metadata":{"type":["map","string"],"description_kind":"plain","computed":true},"name":{"type":"string","description_kind":"plain","optional":true,"computed":true},"name_server_ip_list":{"type":["list","string"],"description_kind":"plain","computed":true},"nfs_subnet_whitelist":{"type":["list","string"],"description_kind":"plain","computed":true},"nodes":{"type":["list",["object",{"ip":"string","type":"string","version":"string"}]],"description_kind":"plain","computed":true},"ntp_server_ip_list":{"type":["list","string"],"description_kind":"plain","computed":true},"operation_mode":{"type":"string","description_kind":"plain","computed":true},"owner_reference":{"type":["map","string"],"description_kind":"plain","computed":true},"project_reference":{"type":["map","string"],"description_kind":"plain","computed":true},"service_list":{"type":["list","string"],"description_kind":"plain","computed":true},"smtp_server_address":{"type":["map","string"],"description_kind":"plain","computed":true},"smtp_server_credentials":{"type":["map","string"],"description_kind":"plain","computed":true},"smtp_server_email_address":{"type":"string","description_kind":"plain","computed":true},"smtp_server_proxy_type_list":{"type":["list","string"],"description_kind":"plain","computed":true},"smtp_server_type":{"type":"string","description_kind":"plain","computed":true},"software_map_ncc":{"type":["map","string"],"description_kind":"plain","computed":true},"software_map_nos":{"type":["map","string"],"description_kind":"plain","computed":true},"ssl_key_expire_datetime":{"type":"string","description_kind":"plain","computed":true},"ssl_key_name":{"type":"string","description_kind":"plain","computed":true},"ssl_key_signing_info":{"type":["map","string"],"description_kind":"plain","computed":true},"ssl_key_type":{"type":"string","description_kind":"plain","computed":true},"state":{"type":"string","description_kind":"plain","computed":true},"supported_information_verbosity":{"type":"string","description_kind":"plain","computed":true},"timezone":{"type":"string","description_kind":"plain","computed":true}},"block_types":{"categories":{"nesting_mode":"set","block":{"attributes":{"name":{"type":"string","description_kind":"plain","optional":true,"computed":true},"value":{"type":"string","description_kind":"plain","optional":true,"computed":true}},"description_kind":"plain"}}},"description_kind":"plain"}},"nutanix_clusters":{"version":0,"block":{"attributes":{"api_version":{"type":"string","description_kind":"plain","computed":true},"entities":{"type":["list",["object",{"analysis_vm_efficiency_map":["map","string"],"api_version":"string","authorized_public_key_list":["list",["object",{"key":"string","name":"string"}]],"build":["map","string"],"ca_certificate_list":["list",["object",{"ca_name":"string","certificate":"string"}]],"categories":["set",["object",{"name":"string","value":"string"}]],"certification_signing_info":["map","string"],"client_auth":["map","string"],"cluster_arch":"string","domain_server_credentials":["map","string"],"domain_server_name":"string","domain_server_nameserver":"string","enabled_feature_list":["list","string"],"encryption_status":"string","external_data_services_ip":"string","external_ip":"string","external_subnet":"string","gpu_driver_version":"string","http_proxy_list":["list",["object",{"address":["map","string"],"credentials":["map","string"],"proxy_type_list":["list","string"]}]],"http_proxy_whitelist":["list",["object",{"target":"string","target_type":"string"}]],"internal_subnet":"string","is_available":"bool","management_server_list":["list",["object",{"drs_enabled":"bool","ip":"string","status_list":["list","string"],"type":"string"}]],"masquerading_ip":"string","masquerading_port":"number","metadata":["map","string"],"name":"string","name_server_ip_list":["list","string"],"nfs_subnet_whitelist":["list","string"],"nodes":["list",["object",{"ip":"string","type":"string","version":"string"}]],"ntp_server_ip_list":["list","string"],"operation_mode":"string","owner_reference":["map","string"],"project_reference":["map","string"],"service_list":["list","string"],"smtp_server_address":["map","string"],"smtp_server_credentials":["map","string"],"smtp_server_email_address":"string","smtp_server_proxy_type_list":["list","string"],"smtp_server_type":"string","software_map_ncc":["map","string"],"software_map_nos":["map","string"],"ssl_key_expire_datetime":"string","ssl_key_name":"string","ssl_key_signing_info":["map","string"],"ssl_key_type":"string","state":"string","supported_information_verbosity":"string","timezone":"string"}]],"description_kind":"plain","computed":true},"id":{"type":"string","description_kind":"plain","optional":true,"computed":true}},"description_kind":"plain"}},"nutanix_floating_ip":{"version":0,"block":{"attributes":{"api_version":{"type":"string","description_kind":"plain","computed":true},"floating_ip_uuid":{"type":"string","description_kind":"plain","required":true},"id":{"type":"string","description_kind":"plain","optional":true,"computed":true},"metadata":{"type":["map","string"],"description_kind":"plain","computed":true},"spec":{"type":["list",["object",{"resources":["list",["object",{"external_subnet_reference":["map","string"],"vm_nic_reference":["map","string"],"vpc_reference":["map","string"]}]]}]],"description_kind":"plain","computed":true},"status":{"type":["list",["object",{"execution_context":["list",["object",{"task_uuid":["list","string"]}]],"name":"string","resources":["list",["object",{"external_subnet_reference":["map","string"],"floating_ip":"string","vm_nic_reference":["map","string"],"vpc_reference":["map","string"]}]],"state":"string"}]],"description_kind":"plain","computed":true}},"description_kind":"plain"}},"nutanix_floating_ips":{"version":0,"block":{"attributes":{"api_version":{"type":"string","description_kind":"plain","computed":true},"entities":{"type":["list",["object",{"metadata":["map","string"],"spec":["list",["object",{"resources":["list",["object",{"external_subnet_reference":["map","string"],"vm_nic_reference":["map","string"],"vpc_reference":["map","string"]}]]}]],"status":["list",["object",{"execution_context":["list",["object",{"task_uuid":["list","string"]}]],"name":"string","resources":["list",["object",{"external_subnet_reference":["map","string"],"floating_ip":"string","vm_nic_reference":["map","string"],"vpc_reference":["map","string"]}]],"state":"string"}]]}]],"description_kind":"plain","computed":true},"id":{"type":"string","description_kind":"plain","optional":true,"computed":true}},"block_types":{"metadata":{"nesting_mode":"set","block":{"attributes":{"filter":{"type":"string","description_kind":"plain","optional":true,"computed":true},"kind":{"type":"string","description_kind":"plain","optional":true,"computed":true},"length":{"type":"number","description_kind":"plain","optional":true,"computed":true},"offset":{"type":"number","description_kind":"plain","optional":true,"computed":true},"sort_attribute":{"type":"string","description_kind":"plain","optional":true,"computed":true},"sort_order":{"type":"string","description_kind":"plain","optional":true,"computed":true},"total_matches":{"type":"number","description_kind":"plain","computed":true}},"description_kind":"plain"}}},"description_kind":"plain"}},"nutanix_foundation_central_api_keys":{"version":0,"block":{"attributes":{"alias":{"type":"string","description_kind":"plain","computed":true},"api_key":{"type":"string","description_kind":"plain","computed":true,"sensitive":true},"created_timestamp":{"type":"string","description_kind":"plain","computed":true},"current_time":{"type":"string","description_kind":"plain","computed":true},"id":{"type":"string","description_kind":"plain","optional":true,"computed":true},"key_uuid":{"type":"string","description_kind":"plain","required":true}},"description_kind":"plain"}},"nutanix_foundation_central_cluster_details":{"version":0,"block":{"attributes":{"archived":{"type":"bool","description_kind":"plain","computed":true},"cluster_external_ip":{"type":"string","description_kind":"plain","optional":true,"computed":true},"cluster_name":{"type":"string","description_kind":"plain","optional":true,"computed":true},"cluster_size":{"type":"number","description_kind":"plain","optional":true,"computed":true},"created_timestamp":{"type":"string","description_kind":"plain","computed":true},"current_time":{"type":"string","description_kind":"plain","computed":true},"destroyed":{"type":"bool","description_kind":"plain","computed":true},"foundation_init_config":{"type":["list",["object",{"blocks":["list",["object",{"block_id":"string","nodes":["list",["object",{"cvm_ip":"string","cvm_vlan_id":"number","fc_imaged_node_uuid":"string","hardware_attributes_override":["map","string"],"hypervisor":"string","hypervisor_hostname":"string","hypervisor_ip":"string","image_now":"bool","ipmi_ip":"string","ipv6_address":"string","node_position":"string","node_serial":"string"}]]}]],"clusters":["list",["object",{"cluster_external_ip":"string","cluster_init_now":"bool","cluster_init_successful":"bool","cluster_members":["list","string"],"cluster_name":"string","cvm_dns_servers":"string","cvm_ntp_servers":"string","redundancy_factor":"number","timezone":"string"}]],"cvm_gateway":"string","cvm_netmask":"string","dns_servers":"string","hyperv_product_key":"string","hyperv_sku":"string","hypervisor_gateway":"string","hypervisor_iso_url":["map","string"],"hypervisor_isos":["list",["object",{"hypervisor_type":"string","sha256sum":"string","url":"string"}]],"hypervisor_netmask":"string","ipmi_gateway":"string","ipmi_netmask":"string","nos_package_url":["list",["object",{"sha256sum":"string","url":"string"}]]}]],"description_kind":"plain","computed":true},"foundation_init_node_uuid":{"type":"string","description_kind":"plain","computed":true},"id":{"type":"string","description_kind":"plain","optional":true,"computed":true},"imaged_cluster_uuid":{"type":"string","description_kind":"plain","required":true},"imaged_node_uuid_list":{"type":["list","string"],"description_kind":"plain","computed":true},"redundancy_factor":{"type":"number","description_kind":"plain","optional":true},"storage_node_count":{"type":"number","description_kind":"plain","optional":true,"computed":true},"workflow_type":{"type":"string","description_kind":"plain","computed":true}},"block_types":{"cluster_status":{"nesting_mode":"list","block":{"attributes":{"aggregate_percent_complete":{"type":"number","description_kind":"plain","computed":true},"cluster_creation_started":{"type":"bool","description_kind":"plain","computed":true},"cluster_progress_details":{"type":["list",["object",{"cluster_name":"string","message_list":["list","string"],"percent_complete":"number","status":"string"}]],"description_kind":"plain","computed":true},"current_foundation_ip":{"type":"string","description_kind":"plain","computed":true},"foundation_session_id":{"type":"string","description_kind":"plain","computed":true},"imaging_stopped":{"type":"bool","description_kind":"plain","computed":true},"intent_picked_up":{"type":"bool","description_kind":"plain","computed":true},"node_progress_details":{"type":["list",["object",{"imaged_node_uuid":"string","imaging_stopped":"bool","intent_picked_up":"bool","message_list":["list","string"],"percent_complete":"number","status":"string"}]],"description_kind":"plain","computed":true}},"description_kind":"plain"},"max_items":1},"common_network_settings":{"nesting_mode":"list","block":{"attributes":{"cvm_dns_servers":{"type":["list","string"],"description_kind":"plain","optional":true,"computed":true},"cvm_ntp_servers":{"type":["list","string"],"description_kind":"plain","optional":true,"computed":true},"hypervisor_dns_servers":{"type":["list","string"],"description_kind":"plain","optional":true,"computed":true},"hypervisor_ntp_servers":{"type":["list","string"],"description_kind":"plain","optional":true,"computed":true}},"description_kind":"plain"},"max_items":1}},"description_kind":"plain"}},"nutanix_foundation_central_imaged_clusters_list":{"version":0,"block":{"attributes":{"id":{"type":"string","description_kind":"plain","optional":true,"computed":true},"imaged_clusters":{"type":["list",["object",{"archived":"bool","cluster_external_ip":"string","cluster_name":"string","cluster_size":"number","cluster_status":["list",["object",{"aggregate_percent_complete":"number","cluster_creation_started":"bool","cluster_progress_details":["list",["object",{"cluster_name":"string","message_list":["list","string"],"percent_complete":"number","status":"string"}]],"current_foundation_ip":"string","foundation_session_id":"string","imaging_stopped":"bool","intent_picked_up":"bool","node_progress_details":["list",["object",{"imaged_node_uuid":"string","imaging_stopped":"bool","intent_picked_up":"bool","message_list":["list","string"],"percent_complete":"number","status":"string"}]]}]],"common_network_settings":["list",["object",{"cvm_dns_servers":["list","string"],"cvm_ntp_servers":["list","string"],"hypervisor_dns_servers":["list","string"],"hypervisor_ntp_servers":["list","string"]}]],"created_timestamp":"string","current_time":"string","destroyed":"bool","foundation_init_config":["list",["object",{"blocks":["list",["object",{"block_id":"string","nodes":["list",["object",{"cvm_ip":"string","cvm_vlan_id":"number","fc_imaged_node_uuid":"string","hardware_attributes_override":["map","string"],"hypervisor":"string","hypervisor_hostname":"string","hypervisor_ip":"string","image_now":"bool","ipmi_ip":"string","ipv6_address":"string","node_position":"string","node_serial":"string"}]]}]],"clusters":["list",["object",{"cluster_external_ip":"string","cluster_init_now":"bool","cluster_init_successful":"bool","cluster_members":["list","string"],"cluster_name":"string","cvm_dns_servers":"string","cvm_ntp_servers":"string","redundancy_factor":"number","timezone":"string"}]],"cvm_gateway":"string","cvm_netmask":"string","dns_servers":"string","hyperv_product_key":"string","hyperv_sku":"string","hypervisor_gateway":"string","hypervisor_iso_url":["map","string"],"hypervisor_isos":["list",["object",{"hypervisor_type":"string","sha256sum":"string","url":"string"}]],"hypervisor_netmask":"string","ipmi_gateway":"string","ipmi_netmask":"string","nos_package_url":["list",["object",{"sha256sum":"string","url":"string"}]]}]],"foundation_init_node_uuid":"string","imaged_cluster_uuid":"string","imaged_node_uuid_list":["list","string"],"redundancy_factor":"number","storage_node_count":"number","workflow_type":"string"}]],"description_kind":"plain","computed":true},"length":{"type":"number","description_kind":"plain","optional":true},"metadata":{"type":["list",["object",{"length":"number","offset":"number","total_matches":"number"}]],"description_kind":"plain","computed":true},"offset":{"type":"number","description_kind":"plain","optional":true}},"block_types":{"filters":{"nesting_mode":"list","block":{"attributes":{"archived":{"type":"bool","description_kind":"plain","optional":true}},"description_kind":"plain"},"max_items":1}},"description_kind":"plain"}},"nutanix_foundation_central_imaged_node_details":{"version":0,"block":{"attributes":{"aos_version":{"type":"string","description_kind":"plain","computed":true},"api_key_uuid":{"type":"string","description_kind":"plain","computed":true},"available":{"type":"bool","description_kind":"plain","computed":true},"block_serial":{"type":"string","description_kind":"plain","computed":true},"created_timestamp":{"type":"string","description_kind":"plain","computed":true},"current_time":{"type":"string","description_kind":"plain","computed":true},"cvm_gateway":{"type":"string","description_kind":"plain","computed":true},"cvm_ip":{"type":"string","description_kind":"plain","computed":true},"cvm_ipv6":{"type":"string","description_kind":"plain","computed":true},"cvm_netmask":{"type":"string","description_kind":"plain","computed":true},"cvm_up":{"type":"bool","description_kind":"plain","computed":true},"cvm_uuid":{"type":"string","description_kind":"plain","computed":true},"cvm_vlan_id":{"type":"number","description_kind":"plain","computed":true},"foundation_version":{"type":"string","description_kind":"plain","computed":true},"hardware_attributes":{"type":["map","string"],"description_kind":"plain","computed":true},"hypervisor_gateway":{"type":"string","description_kind":"plain","computed":true},"hypervisor_hostname":{"type":"string","description_kind":"plain","computed":true},"hypervisor_ip":{"type":"string","description_kind":"plain","computed":true},"hypervisor_netmask":{"type":"string","description_kind":"plain","computed":true},"hypervisor_type":{"type":"string","description_kind":"plain","computed":true},"hypervisor_version":{"type":"string","description_kind":"plain","computed":true},"id":{"type":"string","description_kind":"plain","optional":true,"computed":true},"imaged_cluster_uuid":{"type":"string","description_kind":"plain","computed":true},"imaged_node_uuid":{"type":"string","description_kind":"plain","required":true},"ipmi_gateway":{"type":"string","description_kind":"plain","computed":true},"ipmi_ip":{"type":"string","description_kind":"plain","computed":true},"ipmi_netmask":{"type":"string","description_kind":"plain","computed":true},"ipv6_interface":{"type":"string","description_kind":"plain","optional":true,"computed":true},"latest_hb_ts_list":{"type":["list","string"],"description_kind":"plain","computed":true},"model":{"type":"string","description_kind":"plain","computed":true},"node_position":{"type":"string","description_kind":"plain","computed":true},"node_serial":{"type":"string","description_kind":"plain","computed":true},"node_state":{"type":"string","description_kind":"plain","computed":true},"node_type":{"type":"string","description_kind":"plain","computed":true},"object_version":{"type":"number","description_kind":"plain","optional":true,"computed":true}},"description_kind":"plain"}},"nutanix_foundation_central_imaged_nodes_list":{"version":0,"block":{"attributes":{"id":{"type":"string","description_kind":"plain","optional":true,"computed":true},"imaged_nodes":{"type":["list",["object",{"aos_version":"string","api_key_uuid":"string","available":"bool","block_serial":"string","created_timestamp":"string","current_time":"string","cvm_gateway":"string","cvm_ip":"string","cvm_ipv6":"string","cvm_netmask":"string","cvm_up":"bool","cvm_uuid":"string","cvm_vlan_id":"number","foundation_version":"string","hardware_attributes":["map","string"],"hypervisor_gateway":"string","hypervisor_hostname":"string","hypervisor_ip":"string","hypervisor_netmask":"string","hypervisor_type":"string","hypervisor_version":"string","imaged_cluster_uuid":"string","imaged_node_uuid":"string","ipmi_gateway":"string","ipmi_ip":"string","ipmi_netmask":"string","ipv6_interface":"string","latest_hb_ts_list":["list","string"],"model":"string","node_position":"string","node_serial":"string","node_state":"string","node_type":"string","object_version":"number","supported_features":["list","string"]}]],"description_kind":"plain","computed":true},"length":{"type":"number","description_kind":"plain","optional":true},"metadata":{"type":["list",["object",{"length":"number","offset":"number","total_matches":"number"}]],"description_kind":"plain","computed":true},"offset":{"type":"number","description_kind":"plain","optional":true}},"block_types":{"filters":{"nesting_mode":"list","block":{"attributes":{"node_state":{"type":"string","description_kind":"plain","optional":true}},"description_kind":"plain"},"max_items":1}},"description_kind":"plain"}},"nutanix_foundation_central_list_api_keys":{"version":0,"block":{"attributes":{"api_keys":{"type":["list",["object",{"alias":"string","api_key":"string","created_timestamp":"string","current_time":"string","key_uuid":"string"}]],"description_kind":"plain","computed":true},"id":{"type":"string","description_kind":"plain","optional":true,"computed":true},"length":{"type":"number","description_kind":"plain","optional":true},"offset":{"type":"number","description_kind":"plain","optional":true}},"block_types":{"metadata":{"nesting_mode":"list","block":{"attributes":{"length":{"type":"number","description_kind":"plain","computed":true},"offset":{"type":"number","description_kind":"plain","computed":true},"total_matches":{"type":"number","description_kind":"plain","computed":true}},"description_kind":"plain"},"max_items":1}},"description_kind":"plain"}},"nutanix_foundation_discover_nodes":{"version":0,"block":{"attributes":{"entities":{"type":["list",["object",{"block_id":"string","chassis_n":"number","model":"string","nodes":["list",["object",{"cluster_id":"string","configured":"bool","current_cvm_vlan_tag":"string","current_network_interface":"string","foundation_version":"string","hypervisor":"string","hypervisor_version":"string","ipv6_address":"string","model":"string","node_position":"string","node_serial":"string","node_uuid":"string","nos_version":"string","svm_ip":"string"}]]}]],"description_kind":"plain","computed":true},"id":{"type":"string","description_kind":"plain","optional":true,"computed":true}},"description_kind":"plain"}},"nutanix_foundation_hypervisor_isos":{"version":0,"block":{"attributes":{"esx":{"type":["list",["object",{"filename":"string","supported":"bool"}]],"description_kind":"plain","computed":true},"hyperv":{"type":["list",["object",{"filename":"string","supported":"bool"}]],"description_kind":"plain","computed":true},"id":{"type":"string","description_kind":"plain","optional":true,"computed":true},"kvm":{"type":["list",["object",{"filename":"string","supported":"bool"}]],"description_kind":"plain","computed":true},"linux":{"type":["list",["object",{"filename":"string","supported":"bool"}]],"description_kind":"plain","computed":true},"xen":{"type":["list",["object",{"filename":"string","supported":"bool"}]],"description_kind":"plain","computed":true}},"description_kind":"plain"}},"nutanix_foundation_node_network_details":{"version":0,"block":{"attributes":{"id":{"type":"string","description_kind":"plain","optional":true,"computed":true},"ipv6_addresses":{"type":["list","string"],"description_kind":"plain","required":true},"nodes":{"type":["list",["object",{"cvm_gateway":"string","cvm_ip":"string","cvm_netmask":"string","cvm_vlan_id":"string","error":"string","hypervisor_gateway":"string","hypervisor_hostname":"string","hypervisor_ip":"string","hypervisor_netmask":"string","ipmi_gateway":"string","ipmi_ip":"string","ipmi_netmask":"string","ipv6_address":"string","node_serial":"string"}]],"description_kind":"plain","computed":true},"timeout":{"type":"string","description_kind":"plain","optional":true}},"description_kind":"plain"}},"nutanix_foundation_nos_packages":{"version":0,"block":{"attributes":{"entities":{"type":["list","string"],"description_kind":"plain","computed":true},"id":{"type":"string","description_kind":"plain","optional":true,"computed":true}},"description_kind":"plain"}},"nutanix_host":{"version":0,"block":{"attributes":{"api_version":{"type":"string","description_kind":"plain","computed":true},"block":{"type":["map","string"],"description_kind":"plain","computed":true},"cluster_reference":{"type":["map","string"],"description_kind":"plain","computed":true},"controller_vm":{"type":["map","string"],"description_kind":"plain","computed":true},"cpu_capacity_hz":{"type":"number","description_kind":"plain","computed":true},"cpu_model":{"type":"string","description_kind":"plain","computed":true},"failover_cluster":{"type":["map","string"],"description_kind":"plain","computed":true},"gpu_driver_version":{"type":"string","description_kind":"plain","computed":true},"gpu_list":{"type":["list",["object",{"assignable":"bool","consumer_reference":["map","string"],"device_id":"number","fraction":"number","frame_buffer_size_mib":"number","guest_driver_version":"string","index":"number","license_list":["list","string"],"max_resolution":"string","mode":"string","name":"string","num_vgpus_allocated":"number","num_virtual_display_heads":"number","numa_node":"number","pci_address":"string","status":"string","uuid":"string","vendor":"string"}]],"description_kind":"plain","computed":true},"host_disks_reference_list":{"type":["list",["object",{"kind":"string","name":"string","uuid":"string"}]],"description_kind":"plain","computed":true},"host_id":{"type":"string","description_kind":"plain","required":true},"host_nics_id_list":{"type":["list","string"],"description_kind":"plain","computed":true},"host_type":{"type":"string","description_kind":"plain","computed":true},"hypervisor":{"type":["map","string"],"description_kind":"plain","computed":true},"id":{"type":"string","description_kind":"plain","optional":true,"computed":true},"ipmi":{"type":["map","string"],"description_kind":"plain","computed":true},"memory_capacity_mib":{"type":"number","description_kind":"plain","computed":true},"metadata":{"type":["map","string"],"description_kind":"plain","computed":true},"monitoring_state":{"type":"string","description_kind":"plain","computed":true},"name":{"type":"string","description_kind":"plain","computed":true},"num_cpu_cores":{"type":"number","description_kind":"plain","computed":true},"num_cpu_sockets":{"type":"number","description_kind":"plain","computed":true},"owner_reference":{"type":["map","string"],"description_kind":"plain","computed":true},"project_reference":{"type":["map","string"],"description_kind":"plain","computed":true},"rackable_unit_reference":{"type":["map","string"],"description_kind":"plain","computed":true},"serial_number":{"type":"string","description_kind":"plain","computed":true},"windows_domain":{"type":["map","string"],"description_kind":"plain","computed":true}},"block_types":{"categories":{"nesting_mode":"set","block":{"attributes":{"name":{"type":"string","description_kind":"plain","optional":true,"computed":true},"value":{"type":"string","description_kind":"plain","optional":true,"computed":true}},"description_kind":"plain"}}},"description_kind":"plain"}},"nutanix_hosts":{"version":0,"block":{"attributes":{"api_version":{"type":"string","description_kind":"plain","computed":true},"entities":{"type":["list",["object",{"api_version":"string","block":["map","string"],"categories":["set",["object",{"name":"string","value":"string"}]],"cluster_reference":["map","string"],"controller_vm":["map","string"],"cpu_capacity_hz":"number","cpu_model":"string","failover_cluster":["map","string"],"gpu_driver_version":"string","gpu_list":["list",["object",{"assignable":"bool","consumer_reference":["map","string"],"device_id":"number","fraction":"number","frame_buffer_size_mib":"number","guest_driver_version":"string","index":"number","license_list":["list","string"],"max_resolution":"string","mode":"string","name":"string","num_vgpus_allocated":"number","num_virtual_display_heads":"number","numa_node":"number","pci_address":"string","status":"string","uuid":"string","vendor":"string"}]],"host_disks_reference_list":["list",["object",{"kind":"string","name":"string","uuid":"string"}]],"host_nics_id_list":["list","string"],"host_type":"string","hypervisor":["map","string"],"ipmi":["map","string"],"memory_capacity_mib":"number","metadata":["map","string"],"monitoring_state":"string","name":"string","num_cpu_cores":"number","num_cpu_sockets":"number","owner_reference":["map","string"],"project_reference":["map","string"],"rackable_unit_reference":["map","string"],"serial_number":"string","windows_domain":["map","string"]}]],"description_kind":"plain","computed":true},"id":{"type":"string","description_kind":"plain","optional":true,"computed":true}},"description_kind":"plain"}},"nutanix_image":{"version":1,"block":{"attributes":{"api_version":{"type":"string","description_kind":"plain","computed":true},"architecture":{"type":"string","description_kind":"plain","computed":true},"availability_zone_reference":{"type":["map","string"],"description_kind":"plain","computed":true},"checksum":{"type":["map","string"],"description_kind":"plain","computed":true},"cluster_name":{"type":"string","description_kind":"plain","computed":true},"cluster_references":{"type":["list",["object",{"kind":"string","name":"string","uuid":"string"}]],"description_kind":"plain","computed":true},"cluster_uuid":{"type":"string","description_kind":"plain","computed":true},"current_cluster_reference_list":{"type":["list",["object",{"kind":"string","name":"string","uuid":"string"}]],"description_kind":"plain","computed":true},"description":{"type":"string","description_kind":"plain","computed":true},"id":{"type":"string","description_kind":"plain","optional":true,"computed":true},"image_id":{"type":"string","description_kind":"plain","optional":true},"image_name":{"type":"string","description_kind":"plain","optional":true},"image_type":{"type":"string","description_kind":"plain","computed":true},"metadata":{"type":["map","string"],"description_kind":"plain","computed":true},"name":{"type":"string","description_kind":"plain","computed":true},"owner_reference":{"type":["map","string"],"description_kind":"plain","computed":true},"project_reference":{"type":["map","string"],"description_kind":"plain","computed":true},"retrieval_uri_list":{"type":["list","string"],"description_kind":"plain","computed":true},"size_bytes":{"type":"number","description_kind":"plain","computed":true},"source_uri":{"type":"string","description_kind":"plain","computed":true},"state":{"type":"string","description_kind":"plain","computed":true},"version":{"type":["map","string"],"description_kind":"plain","computed":true}},"block_types":{"categories":{"nesting_mode":"set","block":{"attributes":{"name":{"type":"string","description_kind":"plain","optional":true,"computed":true},"value":{"type":"string","description_kind":"plain","optional":true,"computed":true}},"description_kind":"plain"}}},"description_kind":"plain"}},"nutanix_karbon_cluster":{"version":1,"block":{"attributes":{"deployment_type":{"type":"string","description_kind":"plain","computed":true},"etcd_node_pool":{"type":["list",["object",{"ahv_config":["list",["object",{"cpu":"number","disk_mib":"number","memory_mib":"number","network_uuid":"string","prism_element_cluster_uuid":"string"}]],"name":"string","node_os_version":"string","nodes":["list",["object",{"hostname":"string","ipv4_address":"string"}]],"num_instances":"number"}]],"description_kind":"plain","computed":true},"id":{"type":"string","description_kind":"plain","optional":true,"computed":true},"karbon_cluster_id":{"type":"string","description_kind":"plain","optional":true},"karbon_cluster_name":{"type":"string","description_kind":"plain","optional":true},"kubeapi_server_ipv4_address":{"type":"string","description_kind":"plain","computed":true},"master_node_pool":{"type":["list",["object",{"ahv_config":["list",["object",{"cpu":"number","disk_mib":"number","memory_mib":"number","network_uuid":"string","prism_element_cluster_uuid":"string"}]],"name":"string","node_os_version":"string","nodes":["list",["object",{"hostname":"string","ipv4_address":"string"}]],"num_instances":"number"}]],"description_kind":"plain","computed":true},"name":{"type":"string","description_kind":"plain","computed":true},"status":{"type":"string","description_kind":"plain","computed":true},"uuid":{"type":"string","description_kind":"plain","computed":true},"version":{"type":"string","description_kind":"plain","computed":true},"worker_node_pool":{"type":["list",["object",{"ahv_config":["list",["object",{"cpu":"number","disk_mib":"number","memory_mib":"number","network_uuid":"string","prism_element_cluster_uuid":"string"}]],"name":"string","node_os_version":"string","nodes":["list",["object",{"hostname":"string","ipv4_address":"string"}]],"num_instances":"number"}]],"description_kind":"plain","computed":true}},"description_kind":"plain"}},"nutanix_karbon_cluster_kubeconfig":{"version":0,"block":{"attributes":{"access_token":{"type":"string","description_kind":"plain","computed":true,"sensitive":true},"cluster_ca_certificate":{"type":"string","description_kind":"plain","computed":true},"cluster_url":{"type":"string","description_kind":"plain","computed":true},"id":{"type":"string","description_kind":"plain","optional":true,"computed":true},"karbon_cluster_id":{"type":"string","description_kind":"plain","optional":true},"karbon_cluster_name":{"type":"string","description_kind":"plain","optional":true},"name":{"type":"string","description_kind":"plain","computed":true}},"description_kind":"plain"}},"nutanix_karbon_cluster_ssh":{"version":0,"block":{"attributes":{"certificate":{"type":"string","description_kind":"plain","computed":true},"expiry_time":{"type":"string","description_kind":"plain","computed":true},"id":{"type":"string","description_kind":"plain","optional":true,"computed":true},"karbon_cluster_id":{"type":"string","description_kind":"plain","optional":true},"karbon_cluster_name":{"type":"string","description_kind":"plain","optional":true},"private_key":{"type":"string","description_kind":"plain","computed":true},"username":{"type":"string","description_kind":"plain","computed":true}},"description_kind":"plain"}},"nutanix_karbon_clusters":{"version":0,"block":{"attributes":{"clusters":{"type":["list",["object",{"deployment_type":"string","etcd_node_pool":["list",["object",{"ahv_config":["list",["object",{"cpu":"number","disk_mib":"number","memory_mib":"number","network_uuid":"string","prism_element_cluster_uuid":"string"}]],"name":"string","node_os_version":"string","nodes":["list",["object",{"hostname":"string","ipv4_address":"string"}]],"num_instances":"number"}]],"kubeapi_server_ipv4_address":"string","master_node_pool":["list",["object",{"ahv_config":["list",["object",{"cpu":"number","disk_mib":"number","memory_mib":"number","network_uuid":"string","prism_element_cluster_uuid":"string"}]],"name":"string","node_os_version":"string","nodes":["list",["object",{"hostname":"string","ipv4_address":"string"}]],"num_instances":"number"}]],"name":"string","status":"string","uuid":"string","version":"string","worker_node_pool":["list",["object",{"ahv_config":["list",["object",{"cpu":"number","disk_mib":"number","memory_mib":"number","network_uuid":"string","prism_element_cluster_uuid":"string"}]],"name":"string","node_os_version":"string","nodes":["list",["object",{"hostname":"string","ipv4_address":"string"}]],"num_instances":"number"}]]}]],"description_kind":"plain","computed":true},"id":{"type":"string","description_kind":"plain","optional":true,"computed":true}},"description_kind":"plain"}},"nutanix_karbon_private_registries":{"version":0,"block":{"attributes":{"id":{"type":"string","description_kind":"plain","optional":true,"computed":true},"private_registries":{"type":["list",["object",{"endpoint":"string","name":"string","uuid":"string"}]],"description_kind":"plain","computed":true}},"description_kind":"plain"}},"nutanix_karbon_private_registry":{"version":1,"block":{"attributes":{"endpoint":{"type":"string","description_kind":"plain","computed":true},"id":{"type":"string","description_kind":"plain","optional":true,"computed":true},"name":{"type":"string","description_kind":"plain","computed":true},"private_registry_id":{"type":"string","description_kind":"plain","optional":true},"private_registry_name":{"type":"string","description_kind":"plain","optional":true},"uuid":{"type":"string","description_kind":"plain","computed":true}},"description_kind":"plain"}},"nutanix_ndb_clone":{"version":0,"block":{"attributes":{"clone":{"type":"bool","description_kind":"plain","computed":true},"clone_id":{"type":"string","description_kind":"plain","optional":true},"clone_name":{"type":"string","description_kind":"plain","optional":true},"clustered":{"type":"bool","description_kind":"plain","computed":true},"database_cluster_type":{"type":"string","description_kind":"plain","computed":true},"database_name":{"type":"string","description_kind":"plain","computed":true},"database_nodes":{"type":["list",["object",{"access_level":["map","string"],"database_id":"string","database_status":"string","date_created":"string","date_modified":"string","dbserver":["map","string"],"dbserver_id":"string","description":"string","id":"string","info":["list",["object",{"info":["map","string"],"secure_info":["map","string"]}]],"name":"string","primary":"bool","properties":["list",["object",{"description":"string","name":"string","ref_id":"string","secure":"bool","value":"string"}]],"protection_domain":["list",["object",{"assoc_entities":["list","string"],"cloud_id":"string","date_created":"string","date_modified":"string","description":"string","era_created":"bool","id":"string","name":"string","owner_id":"string","primary_host":"string","properties":["list",["object",{"description":"string","name":"string","ref_id":"string","secure":"bool","value":"string"}]],"status":"string","type":"string"}]],"protection_domain_id":"string","software_installation_id":"string","status":"string","tags":["list",["object",{"entity_id":"string","entity_type":"string","tag_id":"string","tag_name":"string","value":"string"}]]}]],"description_kind":"plain","computed":true},"database_status":{"type":"string","description_kind":"plain","computed":true},"databases":{"type":["map","string"],"description_kind":"plain","computed":true},"date_created":{"type":"string","description_kind":"plain","computed":true},"date_modified":{"type":"string","description_kind":"plain","computed":true},"dbserver_logical_cluster":{"type":["map","string"],"description_kind":"plain","computed":true},"dbserver_logical_cluster_id":{"type":"string","description_kind":"plain","computed":true},"description":{"type":"string","description_kind":"plain","computed":true},"id":{"type":"string","description_kind":"plain","computed":true},"info":{"type":["list",["object",{"bpg_configs":["list",["object",{"bpg_db_param":["list",["object",{"effective_cache_size":"string","maintenance_work_mem":"string","max_parallel_workers_per_gather":"string","max_worker_processes":"string","shared_buffers":"string","work_mem":"string"}]],"storage":["list",["object",{"archive_storage":["list",["object",{"size":"number"}]],"data_disks":["list",["object",{"count":"number"}]],"log_disks":["list",["object",{"count":"number","size":"number"}]]}]],"vm_properties":["list",["object",{"dirty_background_ratio":"number","dirty_expire_centisecs":"number","dirty_ratio":"number","dirty_writeback_centisecs":"number","nr_hugepages":"number","overcommit_memory":"number","swappiness":"number"}]]}]],"secure_info":["map","string"]}]],"description_kind":"plain","computed":true},"lcm_config":{"type":["list",["object",{"expiry_details":["list",["object",{"delete_database":"bool","delete_time_machine":"bool","delete_vm":"bool","effective_timestamp":"string","expire_in_days":"number","expiry_date_timezone":"string","expiry_timestamp":"string","remind_before_in_days":"number","user_created":"bool"}]],"post_delete_command":["list",["object",{"command":"string"}]],"pre_delete_command":["list",["object",{"command":"string"}]],"refresh_details":["list",["object",{"last_refresh_date":"string","next_refresh_date":"string","refresh_date_timezone":"string","refresh_in_days":"number","refresh_in_hours":"number","refresh_in_months":"number","refresh_time":"string"}]]}]],"description_kind":"plain","computed":true},"linked_databases":{"type":["list",["object",{"database_name":"string","database_status":"string","date_created":"string","date_modified":"string","description":"string","id":"string","info":["list",["object",{"info":["map","string"],"secure_info":["map","string"]}]],"metric":["map","string"],"name":"string","parent_database_id":"string","parent_linked_database_id":"string","snapshot_id":"string","status":"string","timezone":"string"}]],"description_kind":"plain","computed":true},"metric":{"type":["map","string"],"description_kind":"plain","computed":true},"name":{"type":"string","description_kind":"plain","computed":true},"parent_database_id":{"type":"string","description_kind":"plain","computed":true},"parent_source_database_id":{"type":"string","description_kind":"plain","computed":true},"parent_time_machine_id":{"type":"string","description_kind":"plain","computed":true},"properties":{"type":["list",["object",{"description":"string","name":"string","ref_id":"string","secure":"bool","value":"string"}]],"description":"List of all the properties","description_kind":"plain","computed":true},"status":{"type":"string","description_kind":"plain","computed":true},"time_machine":{"type":["list",["object",{"access_level":"string","clone":"bool","clones":"string","clustered":"bool","database":"string","database_id":"string","date_created":"string","date_modified":"string","description":"string","ea_status":"string","id":"string","metric":"string","name":"string","properties":["list",["object",{"description":"string","name":"string","ref_id":"string","secure":"bool","value":"string"}]],"schedule":["list",["object",{"continuous_schedule":["list",["object",{"enabled":"bool","log_backup_interval":"number","snapshots_per_day":"number"}]],"daily_schedule":["list",["object",{"enabled":"bool"}]],"date_created":"string","date_modified":"string","description":"string","global_policy":"bool","id":"string","monthly_schedule":["list",["object",{"day_of_month":"number","enabled":"bool"}]],"name":"string","owner_id":"string","quartely_schedule":["list",["object",{"day_of_month":"number","enabled":"bool","start_month":"string","start_month_value":"string"}]],"reference_count":"number","snapshot_time_of_day":["list",["object",{"extra":"bool","hours":"number","minutes":"number","seconds":"number"}]],"start_time":"string","system_policy":"bool","time_zone":"string","unique_name":"string","weekly_schedule":["list",["object",{"day_of_week":"string","day_of_week_value":"string","enabled":"bool"}]],"yearly_schedule":["list",["object",{"day_of_month":"number","enabled":"bool","month":"string","month_value":"string"}]]}]],"schedule_id":"string","scope":"string","sla":["list",["object",{"continuous_retention":"number","current_active_frequency":"string","daily_retention":"number","date_created":"string","date_modified":"string","description":"string","id":"string","monthly_retention":"number","name":"string","owner_id":"string","pitr_enabled":"bool","quarterly_retention":"number","reference_count":"number","system_sla":"bool","unique_name":"string","weekly_retention":"number","yearly_retention":"number"}]],"sla_id":"string","sla_update_in_progress":"bool","sla_update_metadata":"string","source_nx_clusters":["list","string"],"status":"string","tags":["list",["object",{"entity_id":"string","entity_type":"string","tag_id":"string","tag_name":"string","value":"string"}]],"type":"string"}]],"description_kind":"plain","computed":true},"time_machine_id":{"type":"string","description_kind":"plain","computed":true},"time_zone":{"type":"string","description_kind":"plain","computed":true},"type":{"type":"string","description_kind":"plain","computed":true}},"block_types":{"filters":{"nesting_mode":"list","block":{"attributes":{"any_status":{"type":"string","description_kind":"plain","optional":true},"detailed":{"type":"string","description_kind":"plain","optional":true},"load_dbserver_cluster":{"type":"string","description_kind":"plain","optional":true},"timezone":{"type":"string","description_kind":"plain","optional":true}},"description_kind":"plain"}},"tags":{"nesting_mode":"list","block":{"attributes":{"entity_id":{"type":"string","description_kind":"plain","computed":true},"entity_type":{"type":"string","description_kind":"plain","computed":true},"tag_id":{"type":"string","description_kind":"plain","optional":true,"computed":true},"tag_name":{"type":"string","description_kind":"plain","optional":true,"computed":true},"value":{"type":"string","description_kind":"plain","optional":true,"computed":true}},"description_kind":"plain"}}},"description_kind":"plain"}},"nutanix_ndb_clones":{"version":0,"block":{"attributes":{"clones":{"type":["list",["object",{"clone":"bool","clustered":"bool","database_cluster_type":"string","database_name":"string","database_nodes":["list",["object",{"access_level":["map","string"],"database_id":"string","database_status":"string","date_created":"string","date_modified":"string","dbserver":["map","string"],"dbserver_id":"string","description":"string","id":"string","info":["list",["object",{"info":["map","string"],"secure_info":["map","string"]}]],"name":"string","primary":"bool","properties":["list",["object",{"description":"string","name":"string","ref_id":"string","secure":"bool","value":"string"}]],"protection_domain":["list",["object",{"assoc_entities":["list","string"],"cloud_id":"string","date_created":"string","date_modified":"string","description":"string","era_created":"bool","id":"string","name":"string","owner_id":"string","primary_host":"string","properties":["list",["object",{"description":"string","name":"string","ref_id":"string","secure":"bool","value":"string"}]],"status":"string","type":"string"}]],"protection_domain_id":"string","software_installation_id":"string","status":"string","tags":["list",["object",{"entity_id":"string","entity_type":"string","tag_id":"string","tag_name":"string","value":"string"}]]}]],"database_status":"string","databases":["map","string"],"date_created":"string","date_modified":"string","dbserver_logical_cluster":["map","string"],"dbserver_logical_cluster_id":"string","description":"string","id":"string","info":["list",["object",{"bpg_configs":["list",["object",{"bpg_db_param":["list",["object",{"effective_cache_size":"string","maintenance_work_mem":"string","max_parallel_workers_per_gather":"string","max_worker_processes":"string","shared_buffers":"string","work_mem":"string"}]],"storage":["list",["object",{"archive_storage":["list",["object",{"size":"number"}]],"data_disks":["list",["object",{"count":"number"}]],"log_disks":["list",["object",{"count":"number","size":"number"}]]}]],"vm_properties":["list",["object",{"dirty_background_ratio":"number","dirty_expire_centisecs":"number","dirty_ratio":"number","dirty_writeback_centisecs":"number","nr_hugepages":"number","overcommit_memory":"number","swappiness":"number"}]]}]],"secure_info":["map","string"]}]],"lcm_config":["list",["object",{"expiry_details":["list",["object",{"delete_database":"bool","delete_time_machine":"bool","delete_vm":"bool","effective_timestamp":"string","expire_in_days":"number","expiry_date_timezone":"string","expiry_timestamp":"string","remind_before_in_days":"number","user_created":"bool"}]],"post_delete_command":["list",["object",{"command":"string"}]],"pre_delete_command":["list",["object",{"command":"string"}]],"refresh_details":["list",["object",{"last_refresh_date":"string","next_refresh_date":"string","refresh_date_timezone":"string","refresh_in_days":"number","refresh_in_hours":"number","refresh_in_months":"number","refresh_time":"string"}]]}]],"linked_databases":["list",["object",{"database_name":"string","database_status":"string","date_created":"string","date_modified":"string","description":"string","id":"string","info":["list",["object",{"info":["map","string"],"secure_info":["map","string"]}]],"metric":["map","string"],"name":"string","parent_database_id":"string","parent_linked_database_id":"string","snapshot_id":"string","status":"string","timezone":"string"}]],"metric":["map","string"],"name":"string","parent_database_id":"string","parent_source_database_id":"string","parent_time_machine_id":"string","properties":["list",["object",{"description":"string","name":"string","ref_id":"string","secure":"bool","value":"string"}]],"status":"string","tags":["list",["object",{"entity_id":"string","entity_type":"string","tag_id":"string","tag_name":"string","value":"string"}]],"time_machine":["list",["object",{"access_level":"string","clone":"bool","clones":"string","clustered":"bool","database":"string","database_id":"string","date_created":"string","date_modified":"string","description":"string","ea_status":"string","id":"string","metric":"string","name":"string","properties":["list",["object",{"description":"string","name":"string","ref_id":"string","secure":"bool","value":"string"}]],"schedule":["list",["object",{"continuous_schedule":["list",["object",{"enabled":"bool","log_backup_interval":"number","snapshots_per_day":"number"}]],"daily_schedule":["list",["object",{"enabled":"bool"}]],"date_created":"string","date_modified":"string","description":"string","global_policy":"bool","id":"string","monthly_schedule":["list",["object",{"day_of_month":"number","enabled":"bool"}]],"name":"string","owner_id":"string","quartely_schedule":["list",["object",{"day_of_month":"number","enabled":"bool","start_month":"string","start_month_value":"string"}]],"reference_count":"number","snapshot_time_of_day":["list",["object",{"extra":"bool","hours":"number","minutes":"number","seconds":"number"}]],"start_time":"string","system_policy":"bool","time_zone":"string","unique_name":"string","weekly_schedule":["list",["object",{"day_of_week":"string","day_of_week_value":"string","enabled":"bool"}]],"yearly_schedule":["list",["object",{"day_of_month":"number","enabled":"bool","month":"string","month_value":"string"}]]}]],"schedule_id":"string","scope":"string","sla":["list",["object",{"continuous_retention":"number","current_active_frequency":"string","daily_retention":"number","date_created":"string","date_modified":"string","description":"string","id":"string","monthly_retention":"number","name":"string","owner_id":"string","pitr_enabled":"bool","quarterly_retention":"number","reference_count":"number","system_sla":"bool","unique_name":"string","weekly_retention":"number","yearly_retention":"number"}]],"sla_id":"string","sla_update_in_progress":"bool","sla_update_metadata":"string","source_nx_clusters":["list","string"],"status":"string","tags":["list",["object",{"entity_id":"string","entity_type":"string","tag_id":"string","tag_name":"string","value":"string"}]],"type":"string"}]],"time_machine_id":"string","time_zone":"string","type":"string"}]],"description_kind":"plain","computed":true},"id":{"type":"string","description_kind":"plain","optional":true,"computed":true}},"block_types":{"filters":{"nesting_mode":"list","block":{"attributes":{"any_status":{"type":"string","description_kind":"plain","optional":true},"detailed":{"type":"string","description_kind":"plain","optional":true},"load_dbserver_cluster":{"type":"string","description_kind":"plain","optional":true},"order_by_dbserver_cluster":{"type":"string","description_kind":"plain","optional":true},"order_by_dbserver_logical_cluster":{"type":"string","description_kind":"plain","optional":true},"timezone":{"type":"string","description_kind":"plain","optional":true}},"description_kind":"plain"}}},"description_kind":"plain"}},"nutanix_ndb_cluster":{"version":0,"block":{"attributes":{"cloud_info":{"type":"string","description_kind":"plain","computed":true},"cloud_type":{"type":"string","description_kind":"plain","computed":true},"cluster_id":{"type":"string","description_kind":"plain","optional":true},"cluster_name":{"type":"string","description_kind":"plain","optional":true},"date_created":{"type":"string","description_kind":"plain","computed":true},"date_modified":{"type":"string","description_kind":"plain","computed":true},"description":{"type":"string","description_kind":"plain","computed":true},"entity_counts":{"type":["list",["object",{"db_servers":"number","engine_counts":["list",["object",{"mariadb_database":["list",["object",{"profiles":["list",["object",{"compute":"number","database_parameter":"number","network":"number","software":"number","storage":"number","windows_domain":"number"}]],"time_machines":"number"}]],"mongodb_database":["list",["object",{"profiles":["list",["object",{"compute":"number","database_parameter":"number","network":"number","software":"number","storage":"number","windows_domain":"number"}]],"time_machines":"number"}]],"mysql_database":["list",["object",{"profiles":["list",["object",{"compute":"number","database_parameter":"number","network":"number","software":"number","storage":"number","windows_domain":"number"}]],"time_machines":"number"}]],"oracle_database":["list",["object",{"profiles":["list",["object",{"compute":"number","database_parameter":"number","network":"number","software":"number","storage":"number","windows_domain":"number"}]],"time_machines":"number"}]],"postgres_database":["list",["object",{"profiles":["list",["object",{"compute":"number","database_parameter":"number","network":"number","software":"number","storage":"number","windows_domain":"number"}]],"time_machines":"number"}]],"saphana_database":["list",["object",{"profiles":["list",["object",{"compute":"number","database_parameter":"number","network":"number","software":"number","storage":"number","windows_domain":"number"}]],"time_machines":"number"}]],"sqlserver_database":["list",["object",{"profiles":["list",["object",{"compute":"number","database_parameter":"number","network":"number","software":"number","storage":"number","windows_domain":"number"}]],"time_machines":"number"}]]}]]}]],"description_kind":"plain","computed":true},"fqdns":{"type":"string","description_kind":"plain","computed":true},"healthy":{"type":"bool","description_kind":"plain","computed":true},"hypervisor_type":{"type":"string","description_kind":"plain","computed":true},"hypervisor_version":{"type":"string","description_kind":"plain","computed":true},"id":{"type":"string","description_kind":"plain","computed":true},"ip_addresses":{"type":["list","string"],"description_kind":"plain","computed":true},"management_server_info":{"type":"string","description_kind":"plain","computed":true},"name":{"type":"string","description_kind":"plain","computed":true},"nx_cluster_uuid":{"type":"string","description_kind":"plain","computed":true},"owner_id":{"type":"string","description_kind":"plain","computed":true},"password":{"type":"string","description_kind":"plain","computed":true},"properties":{"type":["list",["object",{"description":"string","name":"string","ref_id":"string","secure":"bool","value":"string"}]],"description_kind":"plain","computed":true},"reference_count":{"type":"number","description_kind":"plain","computed":true},"resource_config":{"type":["list",["object",{"memory_threshold_percentage":"number","storage_threshold_percentage":"number"}]],"description_kind":"plain","computed":true},"status":{"type":"string","description_kind":"plain","computed":true},"unique_name":{"type":"string","description_kind":"plain","computed":true},"username":{"type":"string","description_kind":"plain","computed":true},"version":{"type":"string","description_kind":"plain","computed":true}},"description_kind":"plain"}},"nutanix_ndb_clusters":{"version":0,"block":{"attributes":{"clusters":{"type":["list",["object",{"cloud_info":"string","cloud_type":"string","date_created":"string","date_modified":"string","description":"string","entity_counts":["list",["object",{"db_servers":"number","engine_counts":["list",["object",{"mariadb_database":["list",["object",{"profiles":["list",["object",{"compute":"number","database_parameter":"number","network":"number","software":"number","storage":"number","windows_domain":"number"}]],"time_machines":"number"}]],"mongodb_database":["list",["object",{"profiles":["list",["object",{"compute":"number","database_parameter":"number","network":"number","software":"number","storage":"number","windows_domain":"number"}]],"time_machines":"number"}]],"mysql_database":["list",["object",{"profiles":["list",["object",{"compute":"number","database_parameter":"number","network":"number","software":"number","storage":"number","windows_domain":"number"}]],"time_machines":"number"}]],"oracle_database":["list",["object",{"profiles":["list",["object",{"compute":"number","database_parameter":"number","network":"number","software":"number","storage":"number","windows_domain":"number"}]],"time_machines":"number"}]],"postgres_database":["list",["object",{"profiles":["list",["object",{"compute":"number","database_parameter":"number","network":"number","software":"number","storage":"number","windows_domain":"number"}]],"time_machines":"number"}]],"saphana_database":["list",["object",{"profiles":["list",["object",{"compute":"number","database_parameter":"number","network":"number","software":"number","storage":"number","windows_domain":"number"}]],"time_machines":"number"}]],"sqlserver_database":["list",["object",{"profiles":["list",["object",{"compute":"number","database_parameter":"number","network":"number","software":"number","storage":"number","windows_domain":"number"}]],"time_machines":"number"}]]}]]}]],"fqdns":"string","healthy":"bool","hypervisor_type":"string","hypervisor_version":"string","id":"string","ip_addresses":["list","string"],"management_server_info":"string","name":"string","nx_cluster_uuid":"string","owner_id":"string","password":"string","properties":["list",["object",{"description":"string","name":"string","ref_id":"string","secure":"bool","value":"string"}]],"reference_count":"number","resource_config":["list",["object",{"memory_threshold_percentage":"number","storage_threshold_percentage":"number"}]],"status":"string","unique_name":"string","username":"string","version":"string"}]],"description_kind":"plain","computed":true},"id":{"type":"string","description_kind":"plain","optional":true,"computed":true}},"description_kind":"plain"}},"nutanix_ndb_database":{"version":0,"block":{"attributes":{"clone":{"type":"bool","description_kind":"plain","computed":true},"clustered":{"type":"bool","description_kind":"plain","computed":true},"database_cluster_type":{"type":"string","description_kind":"plain","computed":true},"database_id":{"type":"string","description_kind":"plain","required":true},"database_name":{"type":"string","description_kind":"plain","computed":true},"database_nodes":{"type":["list",["object",{"access_level":["map","string"],"database_id":"string","database_status":"string","date_created":"string","date_modified":"string","dbserver":["map","string"],"dbserver_id":"string","description":"string","id":"string","info":["list",["object",{"info":["map","string"],"secure_info":["map","string"]}]],"name":"string","primary":"bool","properties":["list",["object",{"description":"string","name":"string","ref_id":"string","secure":"bool","value":"string"}]],"protection_domain":["list",["object",{"assoc_entities":["list","string"],"cloud_id":"string","date_created":"string","date_modified":"string","description":"string","era_created":"bool","id":"string","name":"string","owner_id":"string","primary_host":"string","properties":["list",["object",{"description":"string","name":"string","ref_id":"string","secure":"bool","value":"string"}]],"status":"string","type":"string"}]],"protection_domain_id":"string","software_installation_id":"string","status":"string","tags":["list",["object",{"entity_id":"string","entity_type":"string","tag_id":"string","tag_name":"string","value":"string"}]]}]],"description_kind":"plain","computed":true},"databases":{"type":["map","string"],"description_kind":"plain","computed":true},"date_created":{"type":"string","description_kind":"plain","computed":true},"date_modified":{"type":"string","description_kind":"plain","computed":true},"dbserver_logical_cluster":{"type":["map","string"],"description_kind":"plain","computed":true},"dbserver_logical_cluster_id":{"type":"string","description_kind":"plain","computed":true},"description":{"type":"string","description_kind":"plain","computed":true},"era_created":{"type":"bool","description_kind":"plain","computed":true},"id":{"type":"string","description_kind":"plain","computed":true},"info":{"type":["list",["object",{"bpg_configs":["list",["object",{"bpg_db_param":["list",["object",{"effective_cache_size":"string","maintenance_work_mem":"string","max_parallel_workers_per_gather":"string","max_worker_processes":"string","shared_buffers":"string","work_mem":"string"}]],"storage":["list",["object",{"archive_storage":["list",["object",{"size":"number"}]],"data_disks":["list",["object",{"count":"number"}]],"log_disks":["list",["object",{"count":"number","size":"number"}]]}]],"vm_properties":["list",["object",{"dirty_background_ratio":"number","dirty_expire_centisecs":"number","dirty_ratio":"number","dirty_writeback_centisecs":"number","nr_hugepages":"number","overcommit_memory":"number","swappiness":"number"}]]}]],"secure_info":["map","string"]}]],"description_kind":"plain","computed":true},"lcm_config":{"type":["list",["object",{"expiry_details":["list",["object",{"delete_database":"bool","delete_time_machine":"bool","delete_vm":"bool","effective_timestamp":"string","expire_in_days":"number","expiry_date_timezone":"string","expiry_timestamp":"string","remind_before_in_days":"number","user_created":"bool"}]],"post_delete_command":["list",["object",{"command":"string"}]],"pre_delete_command":["list",["object",{"command":"string"}]],"refresh_details":["list",["object",{"last_refresh_date":"string","next_refresh_date":"string","refresh_date_timezone":"string","refresh_in_days":"number","refresh_in_hours":"number","refresh_in_months":"number","refresh_time":"string"}]]}]],"description_kind":"plain","computed":true},"linked_databases":{"type":["list",["object",{"database_name":"string","database_status":"string","date_created":"string","date_modified":"string","description":"string","id":"string","info":["list",["object",{"info":["map","string"],"secure_info":["map","string"]}]],"metric":["map","string"],"name":"string","parent_database_id":"string","parent_linked_database_id":"string","snapshot_id":"string","status":"string","timezone":"string"}]],"description_kind":"plain","computed":true},"metric":{"type":["map","string"],"description_kind":"plain","computed":true},"name":{"type":"string","description_kind":"plain","computed":true},"parent_database_id":{"type":"string","description_kind":"plain","computed":true},"properties":{"type":["list",["object",{"description":"string","name":"string","ref_id":"string","secure":"bool","value":"string"}]],"description":"List of all the properties","description_kind":"plain","computed":true},"status":{"type":"string","description_kind":"plain","computed":true},"time_machine":{"type":["list",["object",{"access_level":"string","clone":"bool","clones":"string","clustered":"bool","database":"string","database_id":"string","date_created":"string","date_modified":"string","description":"string","ea_status":"string","id":"string","metric":"string","name":"string","properties":["list",["object",{"description":"string","name":"string","ref_id":"string","secure":"bool","value":"string"}]],"schedule":["list",["object",{"continuous_schedule":["list",["object",{"enabled":"bool","log_backup_interval":"number","snapshots_per_day":"number"}]],"daily_schedule":["list",["object",{"enabled":"bool"}]],"date_created":"string","date_modified":"string","description":"string","global_policy":"bool","id":"string","monthly_schedule":["list",["object",{"day_of_month":"number","enabled":"bool"}]],"name":"string","owner_id":"string","quartely_schedule":["list",["object",{"day_of_month":"number","enabled":"bool","start_month":"string","start_month_value":"string"}]],"reference_count":"number","snapshot_time_of_day":["list",["object",{"extra":"bool","hours":"number","minutes":"number","seconds":"number"}]],"start_time":"string","system_policy":"bool","time_zone":"string","unique_name":"string","weekly_schedule":["list",["object",{"day_of_week":"string","day_of_week_value":"string","enabled":"bool"}]],"yearly_schedule":["list",["object",{"day_of_month":"number","enabled":"bool","month":"string","month_value":"string"}]]}]],"schedule_id":"string","scope":"string","sla":["list",["object",{"continuous_retention":"number","current_active_frequency":"string","daily_retention":"number","date_created":"string","date_modified":"string","description":"string","id":"string","monthly_retention":"number","name":"string","owner_id":"string","pitr_enabled":"bool","quarterly_retention":"number","reference_count":"number","system_sla":"bool","unique_name":"string","weekly_retention":"number","yearly_retention":"number"}]],"sla_id":"string","sla_update_in_progress":"bool","sla_update_metadata":"string","source_nx_clusters":["list","string"],"status":"string","tags":["list",["object",{"entity_id":"string","entity_type":"string","tag_id":"string","tag_name":"string","value":"string"}]],"type":"string"}]],"description_kind":"plain","computed":true},"time_machine_id":{"type":"string","description_kind":"plain","computed":true},"time_zone":{"type":"string","description_kind":"plain","computed":true},"type":{"type":"string","description_kind":"plain","computed":true}},"block_types":{"tags":{"nesting_mode":"list","block":{"attributes":{"entity_id":{"type":"string","description_kind":"plain","computed":true},"entity_type":{"type":"string","description_kind":"plain","computed":true},"tag_id":{"type":"string","description_kind":"plain","optional":true,"computed":true},"tag_name":{"type":"string","description_kind":"plain","optional":true,"computed":true},"value":{"type":"string","description_kind":"plain","optional":true,"computed":true}},"description_kind":"plain"}}},"description_kind":"plain"}},"nutanix_ndb_databases":{"version":0,"block":{"attributes":{"database_instances":{"type":["list",["object",{"clone":"bool","clustered":"bool","database_cluster_type":"string","database_name":"string","database_nodes":["list",["object",{"access_level":["map","string"],"database_id":"string","database_status":"string","date_created":"string","date_modified":"string","dbserver":["map","string"],"dbserver_id":"string","description":"string","id":"string","info":["list",["object",{"info":["map","string"],"secure_info":["map","string"]}]],"name":"string","primary":"bool","properties":["list",["object",{"description":"string","name":"string","ref_id":"string","secure":"bool","value":"string"}]],"protection_domain":["list",["object",{"assoc_entities":["list","string"],"cloud_id":"string","date_created":"string","date_modified":"string","description":"string","era_created":"bool","id":"string","name":"string","owner_id":"string","primary_host":"string","properties":["list",["object",{"description":"string","name":"string","ref_id":"string","secure":"bool","value":"string"}]],"status":"string","type":"string"}]],"protection_domain_id":"string","software_installation_id":"string","status":"string","tags":["list",["object",{"entity_id":"string","entity_type":"string","tag_id":"string","tag_name":"string","value":"string"}]]}]],"databases":["map","string"],"date_created":"string","date_modified":"string","dbserver_logical_cluster":["map","string"],"dbserver_logical_cluster_id":"string","description":"string","id":"string","info":["list",["object",{"bpg_configs":["list",["object",{"bpg_db_param":["list",["object",{"effective_cache_size":"string","maintenance_work_mem":"string","max_parallel_workers_per_gather":"string","max_worker_processes":"string","shared_buffers":"string","work_mem":"string"}]],"storage":["list",["object",{"archive_storage":["list",["object",{"size":"number"}]],"data_disks":["list",["object",{"count":"number"}]],"log_disks":["list",["object",{"count":"number","size":"number"}]]}]],"vm_properties":["list",["object",{"dirty_background_ratio":"number","dirty_expire_centisecs":"number","dirty_ratio":"number","dirty_writeback_centisecs":"number","nr_hugepages":"number","overcommit_memory":"number","swappiness":"number"}]]}]],"secure_info":["map","string"]}]],"lcm_config":["list",["object",{"expiry_details":["list",["object",{"delete_database":"bool","delete_time_machine":"bool","delete_vm":"bool","effective_timestamp":"string","expire_in_days":"number","expiry_date_timezone":"string","expiry_timestamp":"string","remind_before_in_days":"number","user_created":"bool"}]],"post_delete_command":["list",["object",{"command":"string"}]],"pre_delete_command":["list",["object",{"command":"string"}]],"refresh_details":["list",["object",{"last_refresh_date":"string","next_refresh_date":"string","refresh_date_timezone":"string","refresh_in_days":"number","refresh_in_hours":"number","refresh_in_months":"number","refresh_time":"string"}]]}]],"linked_databases":["list",["object",{"database_name":"string","database_status":"string","date_created":"string","date_modified":"string","description":"string","id":"string","info":["list",["object",{"info":["map","string"],"secure_info":["map","string"]}]],"metric":["map","string"],"name":"string","parent_database_id":"string","parent_linked_database_id":"string","snapshot_id":"string","status":"string","timezone":"string"}]],"metadata":["list",["object",{"base_size_computed":"bool","capability_reset_time":"string","created_dbservers":["list","string"],"deregister_info":["list",["object",{"message":"string","operations":["list","string"]}]],"deregistered_with_delete_time_machine":"bool","info":["map","string"],"last_log_catchup_for_restore_operation_id":"string","last_refresh_timestamp":"string","last_requested_refresh_timestamp":"string","log_catchup_for_restore_dispatched":"bool","original_database_name":"string","pitr_based":"bool","provision_operation_id":"string","refresh_blocker_info":"string","registered_dbservers":["list","string"],"secure_info":["map","string"],"source_snapshot_id":"string","state_before_refresh":"string","state_before_restore":"string","state_before_scaling":"string","tm_activate_operation_id":"string"}]],"metric":["map","string"],"name":"string","parent_database_id":"string","properties":["list",["object",{"description":"string","name":"string","ref_id":"string","secure":"bool","value":"string"}]],"status":"string","tags":["list",["object",{"entity_id":"string","entity_type":"string","tag_id":"string","tag_name":"string","value":"string"}]],"time_machine":["list",["object",{"access_level":"string","clone":"bool","clones":"string","clustered":"bool","database":"string","database_id":"string","date_created":"string","date_modified":"string","description":"string","ea_status":"string","id":"string","metric":"string","name":"string","properties":["list",["object",{"description":"string","name":"string","ref_id":"string","secure":"bool","value":"string"}]],"schedule":["list",["object",{"continuous_schedule":["list",["object",{"enabled":"bool","log_backup_interval":"number","snapshots_per_day":"number"}]],"daily_schedule":["list",["object",{"enabled":"bool"}]],"date_created":"string","date_modified":"string","description":"string","global_policy":"bool","id":"string","monthly_schedule":["list",["object",{"day_of_month":"number","enabled":"bool"}]],"name":"string","owner_id":"string","quartely_schedule":["list",["object",{"day_of_month":"number","enabled":"bool","start_month":"string","start_month_value":"string"}]],"reference_count":"number","snapshot_time_of_day":["list",["object",{"extra":"bool","hours":"number","minutes":"number","seconds":"number"}]],"start_time":"string","system_policy":"bool","time_zone":"string","unique_name":"string","weekly_schedule":["list",["object",{"day_of_week":"string","day_of_week_value":"string","enabled":"bool"}]],"yearly_schedule":["list",["object",{"day_of_month":"number","enabled":"bool","month":"string","month_value":"string"}]]}]],"schedule_id":"string","scope":"string","sla":["list",["object",{"continuous_retention":"number","current_active_frequency":"string","daily_retention":"number","date_created":"string","date_modified":"string","description":"string","id":"string","monthly_retention":"number","name":"string","owner_id":"string","pitr_enabled":"bool","quarterly_retention":"number","reference_count":"number","system_sla":"bool","unique_name":"string","weekly_retention":"number","yearly_retention":"number"}]],"sla_id":"string","sla_update_in_progress":"bool","sla_update_metadata":"string","source_nx_clusters":["list","string"],"status":"string","tags":["list",["object",{"entity_id":"string","entity_type":"string","tag_id":"string","tag_name":"string","value":"string"}]],"type":"string"}]],"time_machine_id":"string","time_zone":"string","type":"string"}]],"description_kind":"plain","computed":true},"database_type":{"type":"string","description_kind":"plain","optional":true},"id":{"type":"string","description_kind":"plain","optional":true,"computed":true}},"description_kind":"plain"}},"nutanix_ndb_dbserver":{"version":0,"block":{"attributes":{"access_key_id":{"type":"string","description_kind":"plain","computed":true},"access_level":{"type":"string","description_kind":"plain","computed":true},"associated_time_machine_ids":{"type":["list","string"],"description_kind":"plain","computed":true},"client_id":{"type":"string","description_kind":"plain","computed":true},"clustered":{"type":"bool","description_kind":"plain","computed":true},"database_type":{"type":"string","description_kind":"plain","computed":true},"date_created":{"type":"string","description_kind":"plain","computed":true},"date_modified":{"type":"string","description_kind":"plain","computed":true},"dbserver_cluster_id":{"type":"string","description_kind":"plain","optional":true,"computed":true},"dbserver_invalid_ea_state":{"type":"bool","description_kind":"plain","computed":true},"description":{"type":"string","description_kind":"plain","computed":true},"era_drive_id":{"type":"string","description_kind":"plain","computed":true},"era_version":{"type":"string","description_kind":"plain","computed":true},"fqdns":{"type":"string","description_kind":"plain","computed":true},"id":{"type":"string","description_kind":"plain","optional":true,"computed":true},"ip":{"type":"string","description_kind":"plain","optional":true},"ip_addresses":{"type":["list","string"],"description_kind":"plain","computed":true},"is_server_driven":{"type":"bool","description_kind":"plain","computed":true},"mac_addresses":{"type":["list","string"],"description_kind":"plain","computed":true},"name":{"type":"string","description_kind":"plain","optional":true,"computed":true},"nx_cluster_id":{"type":"string","description_kind":"plain","optional":true},"properties":{"type":["list",["object",{"name":"string","value":"string"}]],"description":"List of all the properties","description_kind":"plain","computed":true},"protection_domain_id":{"type":"string","description_kind":"plain","computed":true},"query_count":{"type":"number","description_kind":"plain","computed":true},"status":{"type":"string","description_kind":"plain","computed":true},"type":{"type":"string","description_kind":"plain","computed":true},"valid_diagnostic_bundle_state":{"type":"bool","description_kind":"plain","computed":true},"vm_cluster_id":{"type":"string","description_kind":"plain","optional":true},"vm_cluster_name":{"type":"string","description_kind":"plain","optional":true,"computed":true},"vm_cluster_uuid":{"type":"string","description_kind":"plain","computed":true},"vm_info":{"type":["list",["object",{"deregister_info":["list",["object",{"message":"string","operations":["list","string"]}]],"distribution":["map","string"],"info":["list",["object",{"bpg_configs":["list",["object",{"bpg_db_param":["list",["object",{"effective_cache_size":"string","maintenance_work_mem":"string","max_parallel_workers_per_gather":"string","max_worker_processes":"string","shared_buffers":"string","work_mem":"string"}]],"storage":["list",["object",{"archive_storage":["list",["object",{"size":"number"}]],"data_disks":["list",["object",{"count":"number"}]],"log_disks":["list",["object",{"count":"number","size":"number"}]]}]],"vm_properties":["list",["object",{"dirty_background_ratio":"number","dirty_expire_centisecs":"number","dirty_ratio":"number","dirty_writeback_centisecs":"number","nr_hugepages":"number","overcommit_memory":"number","swappiness":"number"}]]}]],"secure_info":["map","string"]}]],"network_info":["list",["object",{"access_info":["list",["object",{"access_type":"string","destination_subnet":"string"}]],"default_gateway_device":"bool","device_name":"string","era_configured":"bool","flags":"string","gateway":"string","hostname":"string","ip_addresses":["list","string"],"mac_address":"string","mtu":"string","subnet_mask":"string","vlan_name":"string","vlan_type":"string","vlan_uuid":"string"}]],"os_type":"string","os_version":"string","secure_info":["map","string"]}]],"description_kind":"plain","computed":true},"vm_timezone":{"type":"string","description_kind":"plain","computed":true},"windows_db_server":{"type":"bool","description_kind":"plain","computed":true},"working_directory":{"type":"string","description_kind":"plain","computed":true}},"block_types":{"tags":{"nesting_mode":"list","block":{"attributes":{"entity_id":{"type":"string","description_kind":"plain","computed":true},"entity_type":{"type":"string","description_kind":"plain","computed":true},"tag_id":{"type":"string","description_kind":"plain","optional":true,"computed":true},"tag_name":{"type":"string","description_kind":"plain","optional":true,"computed":true},"value":{"type":"string","description_kind":"plain","optional":true,"computed":true}},"description_kind":"plain"}}},"description_kind":"plain"}},"nutanix_ndb_dbservers":{"version":0,"block":{"attributes":{"dbservers":{"type":["list",["object",{"access_key_id":"string","access_level":"string","associated_time_machine_ids":["list","string"],"client_id":"string","clustered":"bool","database_type":"string","date_created":"string","date_modified":"string","dbserver_invalid_ea_state":"bool","description":"string","era_drive_id":"string","era_version":"string","fqdns":"string","id":"string","ip_addresses":["list","string"],"is_server_driven":"bool","mac_addresses":["list","string"],"name":"string","properties":["list",["object",{"name":"string","value":"string"}]],"protection_domain_id":"string","query_count":"number","status":"string","tags":["list",["object",{"entity_id":"string","entity_type":"string","tag_id":"string","tag_name":"string","value":"string"}]],"type":"string","valid_diagnostic_bundle_state":"bool","vm_cluster_uuid":"string","vm_info":["list",["object",{"deregister_info":["list",["object",{"message":"string","operations":["list","string"]}]],"distribution":["map","string"],"info":["list",["object",{"bpg_configs":["list",["object",{"bpg_db_param":["list",["object",{"effective_cache_size":"string","maintenance_work_mem":"string","max_parallel_workers_per_gather":"string","max_worker_processes":"string","shared_buffers":"string","work_mem":"string"}]],"storage":["list",["object",{"archive_storage":["list",["object",{"size":"number"}]],"data_disks":["list",["object",{"count":"number"}]],"log_disks":["list",["object",{"count":"number","size":"number"}]]}]],"vm_properties":["list",["object",{"dirty_background_ratio":"number","dirty_expire_centisecs":"number","dirty_ratio":"number","dirty_writeback_centisecs":"number","nr_hugepages":"number","overcommit_memory":"number","swappiness":"number"}]]}]],"secure_info":["map","string"]}]],"network_info":["list",["object",{"access_info":["list",["object",{"access_type":"string","destination_subnet":"string"}]],"default_gateway_device":"bool","device_name":"string","era_configured":"bool","flags":"string","gateway":"string","hostname":"string","ip_addresses":["list","string"],"mac_address":"string","mtu":"string","subnet_mask":"string","vlan_name":"string","vlan_type":"string","vlan_uuid":"string"}]],"os_type":"string","os_version":"string","secure_info":["map","string"]}]],"vm_timezone":"string","windows_db_server":"bool","working_directory":"string"}]],"description_kind":"plain","computed":true},"id":{"type":"string","description_kind":"plain","optional":true,"computed":true}},"description_kind":"plain"}},"nutanix_ndb_maintenance_window":{"version":0,"block":{"attributes":{"access_level":{"type":"string","description_kind":"plain","computed":true},"date_created":{"type":"string","description_kind":"plain","computed":true},"date_modified":{"type":"string","description_kind":"plain","computed":true},"description":{"type":"string","description_kind":"plain","computed":true},"entity_task_assoc":{"type":["list",["object",{"access_level":"string","date_created":"string","date_modified":"string","description":"string","entity":"string","entity_id":"string","entity_type":"string","id":"string","maintenance_window_id":"string","maintenance_window_owner_id":"string","name":"string","owner_id":"string","payload":["list",["object",{"pre_post_command":["list",["object",{"post_command":"string","pre_command":"string"}]]}]],"properties":["list",["object",{"name":"string","value":"string"}]],"status":"string","tags":["list",["object",{"entity_id":"string","entity_type":"string","tag_id":"string","tag_name":"string","value":"string"}]],"task_type":"string"}]],"description_kind":"plain","computed":true},"id":{"type":"string","description_kind":"plain","required":true},"name":{"type":"string","description_kind":"plain","computed":true},"next_run_time":{"type":"string","description_kind":"plain","computed":true},"owner_id":{"type":"string","description_kind":"plain","computed":true},"properties":{"type":["list",["object",{"name":"string","value":"string"}]],"description":"List of all the properties","description_kind":"plain","computed":true},"schedule":{"type":["list",["object",{"day_of_week":"string","duration":"number","hour":"number","minute":"number","recurrence":"string","start_time":"string","threshold":"string","timezone":"string","week_of_month":"number"}]],"description_kind":"plain","computed":true},"status":{"type":"string","description_kind":"plain","computed":true},"timezone":{"type":"string","description_kind":"plain","computed":true}},"block_types":{"tags":{"nesting_mode":"list","block":{"attributes":{"entity_id":{"type":"string","description_kind":"plain","computed":true},"entity_type":{"type":"string","description_kind":"plain","computed":true},"tag_id":{"type":"string","description_kind":"plain","optional":true,"computed":true},"tag_name":{"type":"string","description_kind":"plain","optional":true,"computed":true},"value":{"type":"string","description_kind":"plain","optional":true,"computed":true}},"description_kind":"plain"}}},"description_kind":"plain"}},"nutanix_ndb_maintenance_windows":{"version":0,"block":{"attributes":{"id":{"type":"string","description_kind":"plain","optional":true,"computed":true},"maintenance_windows":{"type":["list",["object",{"access_level":"string","date_created":"string","date_modified":"string","description":"string","entity_task_assoc":["list",["object",{"access_level":"string","date_created":"string","date_modified":"string","description":"string","entity":"string","entity_id":"string","entity_type":"string","id":"string","maintenance_window_id":"string","maintenance_window_owner_id":"string","name":"string","owner_id":"string","payload":["list",["object",{"pre_post_command":["list",["object",{"post_command":"string","pre_command":"string"}]]}]],"properties":["list",["object",{"name":"string","value":"string"}]],"status":"string","tags":["list",["object",{"entity_id":"string","entity_type":"string","tag_id":"string","tag_name":"string","value":"string"}]],"task_type":"string"}]],"id":"string","name":"string","next_run_time":"string","owner_id":"string","properties":["list",["object",{"name":"string","value":"string"}]],"schedule":["list",["object",{"day_of_week":"string","duration":"number","hour":"number","minute":"number","recurrence":"string","start_time":"string","threshold":"string","timezone":"string","week_of_month":"number"}]],"status":"string","tags":["list",["object",{"entity_id":"string","entity_type":"string","tag_id":"string","tag_name":"string","value":"string"}]],"timezone":"string"}]],"description_kind":"plain","computed":true}},"description_kind":"plain"}},"nutanix_ndb_network":{"version":0,"block":{"attributes":{"cluster_id":{"type":"string","description_kind":"plain","computed":true},"id":{"type":"string","description_kind":"plain","optional":true,"computed":true},"ip_addresses":{"type":["list",["object",{"dbserver_id":"string","dbserver_name":"string","ip":"string","status":"string"}]],"description_kind":"plain","computed":true},"ip_pools":{"type":["list",["object",{"addresses":["list",["object",{"ip":"string","status":"string"}]],"end_ip":"string","start_ip":"string"}]],"description_kind":"plain","computed":true},"managed":{"type":"bool","description_kind":"plain","computed":true},"name":{"type":"string","description_kind":"plain","optional":true,"computed":true},"properties":{"type":["list",["object",{"name":"string","secure":"bool","value":"string"}]],"description_kind":"plain","computed":true},"properties_map":{"type":["list",["object",{"vlan_gateway":"string","vlan_primary_dns":"string","vlan_secondary_dns":"string","vlan_subnet_mask":"string"}]],"description_kind":"plain","computed":true},"stretched_vlan_id":{"type":"string","description_kind":"plain","computed":true},"type":{"type":"string","description_kind":"plain","computed":true}},"description_kind":"plain"}},"nutanix_ndb_network_available_ips":{"version":0,"block":{"attributes":{"available_ips":{"type":["list",["object",{"cluster_id":"string","cluster_name":"string","id":"string","ip_addresses":["list","string"],"managed":"bool","name":"string","property_name":"string","type":"string"}]],"description_kind":"plain","computed":true},"id":{"type":"string","description_kind":"plain","optional":true,"computed":true},"profile_id":{"type":"string","description_kind":"plain","required":true}},"description_kind":"plain"}},"nutanix_ndb_networks":{"version":0,"block":{"attributes":{"id":{"type":"string","description_kind":"plain","optional":true,"computed":true},"networks":{"type":["list",["object",{"cluster_id":"string","id":"string","ip_addresses":["list",["object",{"dbserver_id":"string","dbserver_name":"string","ip":"string","status":"string"}]],"ip_pools":["list",["object",{"addresses":["list",["object",{"ip":"string","status":"string"}]],"end_ip":"string","start_ip":"string"}]],"managed":"bool","name":"string","properties":["list",["object",{"name":"string","secure":"bool","value":"string"}]],"properties_map":["list",["object",{"vlan_gateway":"string","vlan_primary_dns":"string","vlan_secondary_dns":"string","vlan_subnet_mask":"string"}]],"stretched_vlan_id":"string","type":"string"}]],"description_kind":"plain","computed":true}},"description_kind":"plain"}},"nutanix_ndb_profile":{"version":0,"block":{"attributes":{"assoc_databases":{"type":["list","string"],"description_kind":"plain","computed":true},"assoc_db_servers":{"type":["list","string"],"description_kind":"plain","computed":true},"cluster_availability":{"type":["list",["object",{"date_created":"string","date_modified":"string","nx_cluster_id":"string","owner_id":"string","profile_id":"string","status":"string"}]],"description_kind":"plain","computed":true},"db_version":{"type":"string","description_kind":"plain","computed":true},"description":{"type":"string","description_kind":"plain","computed":true},"engine":{"type":"string","description_kind":"plain","optional":true},"engine_type":{"type":"string","description_kind":"plain","computed":true},"id":{"type":"string","description_kind":"plain","computed":true},"latest_version":{"type":"string","description_kind":"plain","computed":true},"latest_version_id":{"type":"string","description_kind":"plain","computed":true},"name":{"type":"string","description_kind":"plain","computed":true},"nx_cluster_id":{"type":"string","description_kind":"plain","computed":true},"owner":{"type":"string","description_kind":"plain","computed":true},"profile_id":{"type":"string","description_kind":"plain","optional":true},"profile_name":{"type":"string","description_kind":"plain","optional":true},"profile_type":{"type":"string","description_kind":"plain","optional":true},"status":{"type":"string","description_kind":"plain","computed":true},"system_profile":{"type":"bool","description_kind":"plain","computed":true},"topology":{"type":"string","description_kind":"plain","computed":true},"type":{"type":"string","description_kind":"plain","computed":true},"versions":{"type":["list",["object",{"db_version":"string","deprecated":"bool","description":"string","engine_type":"string","id":"string","name":"string","owner":"string","profile_id":"string","properties":["list",["object",{"name":"string","secure":"bool","value":"string"}]],"properties_map":["map","string"],"published":"bool","status":"string","system_profile":"bool","topology":"string","type":"string","version":"string","version_cluster_association":["list",["object",{"date_created":"string","date_modified":"string","nx_cluster_id":"string","optimized_for_provisioning":"bool","owner_id":"string","profile_version_id":"string","properties":["list",["object",{"name":"string","secure":"bool","value":"string"}]],"status":"string"}]]}]],"description_kind":"plain","computed":true}},"description_kind":"plain"}},"nutanix_ndb_profiles":{"version":0,"block":{"attributes":{"engine":{"type":"string","description_kind":"plain","optional":true},"id":{"type":"string","description_kind":"plain","optional":true,"computed":true},"profile_type":{"type":"string","description_kind":"plain","optional":true},"profiles":{"type":["list",["object",{"assoc_databases":["list","string"],"assoc_db_servers":["list","string"],"cluster_availability":["list",["object",{"date_created":"string","date_modified":"string","nx_cluster_id":"string","owner_id":"string","profile_id":"string","status":"string"}]],"db_version":"string","description":"string","engine_type":"string","id":"string","latest_version":"string","latest_version_id":"string","name":"string","nx_cluster_id":"string","owner":"string","status":"string","system_profile":"bool","topology":"string","type":"string","versions":["list",["object",{"db_version":"string","deprecated":"bool","description":"string","engine_type":"string","id":"string","name":"string","owner":"string","profile_id":"string","properties":["list",["object",{"name":"string","secure":"bool","value":"string"}]],"properties_map":["map","string"],"published":"bool","status":"string","system_profile":"bool","topology":"string","type":"string","version":"string","version_cluster_association":["list",["object",{"date_created":"string","date_modified":"string","nx_cluster_id":"string","optimized_for_provisioning":"bool","owner_id":"string","profile_version_id":"string","properties":["list",["object",{"name":"string","secure":"bool","value":"string"}]],"status":"string"}]]}]]}]],"description_kind":"plain","computed":true}},"description_kind":"plain"}},"nutanix_ndb_sla":{"version":0,"block":{"attributes":{"continuous_retention":{"type":"number","description_kind":"plain","computed":true},"current_active_frequency":{"type":"string","description_kind":"plain","computed":true},"daily_retention":{"type":"number","description_kind":"plain","computed":true},"date_created":{"type":"string","description_kind":"plain","computed":true},"date_modified":{"type":"string","description_kind":"plain","computed":true},"description":{"type":"string","description_kind":"plain","computed":true},"id":{"type":"string","description_kind":"plain","computed":true},"monthly_retention":{"type":"number","description_kind":"plain","computed":true},"name":{"type":"string","description_kind":"plain","computed":true},"owner_id":{"type":"string","description_kind":"plain","computed":true},"pitr_enabled":{"type":"bool","description_kind":"plain","computed":true},"quartely_retention":{"type":"number","description_kind":"plain","computed":true},"reference_count":{"type":"number","description_kind":"plain","computed":true},"sla_id":{"type":"string","description_kind":"plain","optional":true},"sla_name":{"type":"string","description_kind":"plain","optional":true},"system_sla":{"type":"bool","description_kind":"plain","computed":true},"unique_name":{"type":"string","description_kind":"plain","computed":true},"weekly_retention":{"type":"number","description_kind":"plain","computed":true},"yearly_retention":{"type":"number","description_kind":"plain","computed":true}},"description_kind":"plain"}},"nutanix_ndb_slas":{"version":0,"block":{"attributes":{"id":{"type":"string","description_kind":"plain","optional":true,"computed":true},"slas":{"type":["list",["object",{"continuous_retention":"number","current_active_frequency":"string","daily_retention":"number","date_created":"string","date_modified":"string","description":"string","id":"string","monthly_retention":"number","name":"string","owner_id":"string","pitr_enabled":"bool","quartely_retention":"number","reference_count":"number","system_sla":"bool","unique_name":"string","weekly_retention":"number","yearly_retention":"number"}]],"description_kind":"plain","computed":true}},"description_kind":"plain"}},"nutanix_ndb_snapshot":{"version":0,"block":{"attributes":{"app_info_version":{"type":"string","description_kind":"plain","computed":true},"applicable_types":{"type":["list","string"],"description_kind":"plain","computed":true},"database_node_id":{"type":"string","description_kind":"plain","computed":true},"database_snapshot":{"type":"bool","description_kind":"plain","computed":true},"date_created":{"type":"string","description_kind":"plain","computed":true},"date_modified":{"type":"string","description_kind":"plain","computed":true},"dbserver_id":{"type":"string","description_kind":"plain","computed":true},"dbserver_ip":{"type":"string","description_kind":"plain","computed":true},"dbserver_name":{"type":"string","description_kind":"plain","computed":true},"dbserver_storage_metadata_version":{"type":"number","description_kind":"plain","computed":true},"description":{"type":"string","description_kind":"plain","computed":true},"from_timestamp":{"type":"string","description_kind":"plain","computed":true},"id":{"type":"string","description_kind":"plain","computed":true},"lcm_config":{"type":["list",["object",{"expiry_details":["list",["object",{"delete_database":"bool","delete_time_machine":"bool","delete_vm":"bool","effective_timestamp":"string","expire_in_days":"number","expiry_date_timezone":"string","expiry_timestamp":"string","remind_before_in_days":"number","user_created":"bool"}]],"post_delete_command":["list",["object",{"command":"string"}]],"pre_delete_command":["list",["object",{"command":"string"}]],"refresh_details":["list",["object",{"last_refresh_date":"string","next_refresh_date":"string","refresh_date_timezone":"string","refresh_in_days":"number","refresh_in_hours":"number","refresh_in_months":"number","refresh_time":"string"}]]}]],"description_kind":"plain","computed":true},"name":{"type":"string","description_kind":"plain","computed":true},"nx_cluster_id":{"type":"string","description_kind":"plain","computed":true},"parent_snapshot":{"type":"bool","description_kind":"plain","computed":true},"parent_snapshot_id":{"type":"string","description_kind":"plain","computed":true},"processed":{"type":"bool","description_kind":"plain","computed":true},"properties":{"type":["list",["object",{"description":"string","name":"string","ref_id":"string","secure":"bool","value":"string"}]],"description":"List of all the properties","description_kind":"plain","computed":true},"protection_domain_id":{"type":"string","description_kind":"plain","computed":true},"replicated_snapshots":{"type":["list","string"],"description_kind":"plain","computed":true},"santized":{"type":"bool","description_kind":"plain","computed":true},"santized_from_snapshot_id":{"type":"string","description_kind":"plain","computed":true},"santized_snapshots":{"type":"string","description_kind":"plain","computed":true},"snapshot_family":{"type":"string","description_kind":"plain","computed":true},"snapshot_id":{"type":"string","description_kind":"plain","required":true},"snapshot_size":{"type":"number","description_kind":"plain","computed":true},"snapshot_timestamp":{"type":"string","description_kind":"plain","computed":true},"snapshot_timestamp_date":{"type":"number","description_kind":"plain","computed":true},"snapshot_uuid":{"type":"string","description_kind":"plain","computed":true},"software_database_snapshot":{"type":"bool","description_kind":"plain","computed":true},"software_snapshot":{"type":"string","description_kind":"plain","computed":true},"software_snapshot_id":{"type":"string","description_kind":"plain","computed":true},"status":{"type":"string","description_kind":"plain","computed":true},"time_machine_id":{"type":"string","description_kind":"plain","computed":true},"timezone":{"type":"string","description_kind":"plain","computed":true},"to_timestamp":{"type":"string","description_kind":"plain","computed":true},"type":{"type":"string","description_kind":"plain","computed":true}},"block_types":{"filters":{"nesting_mode":"list","block":{"attributes":{"load_replicated_child_snapshots":{"type":"string","description_kind":"plain","optional":true},"timezone":{"type":"string","description_kind":"plain","optional":true}},"description_kind":"plain"}},"tags":{"nesting_mode":"list","block":{"attributes":{"entity_id":{"type":"string","description_kind":"plain","computed":true},"entity_type":{"type":"string","description_kind":"plain","computed":true},"tag_id":{"type":"string","description_kind":"plain","optional":true,"computed":true},"tag_name":{"type":"string","description_kind":"plain","optional":true,"computed":true},"value":{"type":"string","description_kind":"plain","optional":true,"computed":true}},"description_kind":"plain"}}},"description_kind":"plain"}},"nutanix_ndb_snapshots":{"version":0,"block":{"attributes":{"id":{"type":"string","description_kind":"plain","optional":true,"computed":true},"snapshots":{"type":["list",["object",{"app_info_version":"string","applicable_types":["list","string"],"database_node_id":"string","database_snapshot":"bool","date_created":"string","date_modified":"string","dbserver_id":"string","dbserver_ip":"string","dbserver_name":"string","dbserver_storage_metadata_version":"number","description":"string","from_timestamp":"string","id":"string","lcm_config":["list",["object",{"expiry_details":["list",["object",{"delete_database":"bool","delete_time_machine":"bool","delete_vm":"bool","effective_timestamp":"string","expire_in_days":"number","expiry_date_timezone":"string","expiry_timestamp":"string","remind_before_in_days":"number","user_created":"bool"}]],"post_delete_command":["list",["object",{"command":"string"}]],"pre_delete_command":["list",["object",{"command":"string"}]],"refresh_details":["list",["object",{"last_refresh_date":"string","next_refresh_date":"string","refresh_date_timezone":"string","refresh_in_days":"number","refresh_in_hours":"number","refresh_in_months":"number","refresh_time":"string"}]]}]],"name":"string","nx_cluster_id":"string","parent_snapshot":"bool","parent_snapshot_id":"string","processed":"bool","properties":["list",["object",{"description":"string","name":"string","ref_id":"string","secure":"bool","value":"string"}]],"protection_domain_id":"string","replicated_snapshots":["list","string"],"santized":"bool","santized_from_snapshot_id":"string","santized_snapshots":"string","snapshot_family":"string","snapshot_size":"number","snapshot_timestamp":"string","snapshot_timestamp_date":"number","snapshot_uuid":"string","software_database_snapshot":"bool","software_snapshot":"string","software_snapshot_id":"string","status":"string","tags":["list",["object",{"entity_id":"string","entity_type":"string","tag_id":"string","tag_name":"string","value":"string"}]],"time_machine_id":"string","timezone":"string","to_timestamp":"string","type":"string"}]],"description_kind":"plain","computed":true}},"block_types":{"filters":{"nesting_mode":"list","block":{"attributes":{"time_machine_id":{"type":"string","description_kind":"plain","optional":true}},"description_kind":"plain"}}},"description_kind":"plain"}},"nutanix_ndb_tag":{"version":0,"block":{"attributes":{"date_created":{"type":"string","description_kind":"plain","computed":true},"date_modified":{"type":"string","description_kind":"plain","computed":true},"description":{"type":"string","description_kind":"plain","computed":true},"entity_type":{"type":"string","description_kind":"plain","computed":true},"id":{"type":"string","description_kind":"plain","optional":true,"computed":true},"name":{"type":"string","description_kind":"plain","optional":true,"computed":true},"owner":{"type":"string","description_kind":"plain","computed":true},"required":{"type":"bool","description_kind":"plain","computed":true},"status":{"type":"string","description_kind":"plain","computed":true},"values":{"type":"number","description_kind":"plain","computed":true}},"description_kind":"plain"}},"nutanix_ndb_tags":{"version":0,"block":{"attributes":{"entity_type":{"type":"string","description_kind":"plain","optional":true},"id":{"type":"string","description_kind":"plain","optional":true,"computed":true},"tags":{"type":["list",["object",{"date_created":"string","date_modified":"string","description":"string","entity_type":"string","id":"string","name":"string","owner":"string","required":"bool","status":"string","values":"number"}]],"description_kind":"plain","computed":true}},"description_kind":"plain"}},"nutanix_ndb_time_machine":{"version":0,"block":{"attributes":{"access_level":{"type":"string","description_kind":"plain","computed":true},"category":{"type":"string","description_kind":"plain","computed":true},"clone":{"type":"bool","description_kind":"plain","computed":true},"clones":{"type":"string","description_kind":"plain","computed":true},"clustered":{"type":"bool","description_kind":"plain","computed":true},"database":{"type":"string","description_kind":"plain","computed":true},"database_id":{"type":"string","description_kind":"plain","computed":true},"date_created":{"type":"string","description_kind":"plain","computed":true},"date_modified":{"type":"string","description_kind":"plain","computed":true},"description":{"type":"string","description_kind":"plain","computed":true},"ea_status":{"type":"string","description_kind":"plain","computed":true},"id":{"type":"string","description_kind":"plain","computed":true},"internal":{"type":"bool","description_kind":"plain","computed":true},"metric":{"type":"string","description_kind":"plain","computed":true},"name":{"type":"string","description_kind":"plain","computed":true},"owner_id":{"type":"string","description_kind":"plain","computed":true},"properties":{"type":["list",["object",{"description":"string","name":"string","ref_id":"string","secure":"bool","value":"string"}]],"description":"List of all the properties","description_kind":"plain","computed":true},"schedule":{"type":["list",["object",{"continuous_schedule":["list",["object",{"enabled":"bool","log_backup_interval":"number","snapshots_per_day":"number"}]],"daily_schedule":["list",["object",{"enabled":"bool"}]],"date_created":"string","date_modified":"string","description":"string","global_policy":"bool","id":"string","monthly_schedule":["list",["object",{"day_of_month":"number","enabled":"bool"}]],"name":"string","owner_id":"string","quartely_schedule":["list",["object",{"day_of_month":"number","enabled":"bool","start_month":"string","start_month_value":"string"}]],"reference_count":"number","snapshot_time_of_day":["list",["object",{"extra":"bool","hours":"number","minutes":"number","seconds":"number"}]],"start_time":"string","system_policy":"bool","time_zone":"string","unique_name":"string","weekly_schedule":["list",["object",{"day_of_week":"string","day_of_week_value":"string","enabled":"bool"}]],"yearly_schedule":["list",["object",{"day_of_month":"number","enabled":"bool","month":"string","month_value":"string"}]]}]],"description_kind":"plain","computed":true},"schedule_id":{"type":"string","description_kind":"plain","computed":true},"scope":{"type":"string","description_kind":"plain","computed":true},"sla":{"type":["list",["object",{"continuous_retention":"number","current_active_frequency":"string","daily_retention":"number","date_created":"string","date_modified":"string","description":"string","id":"string","monthly_retention":"number","name":"string","owner_id":"string","pitr_enabled":"bool","quarterly_retention":"number","reference_count":"number","system_sla":"bool","unique_name":"string","weekly_retention":"number","yearly_retention":"number"}]],"description_kind":"plain","computed":true},"sla_id":{"type":"string","description_kind":"plain","computed":true},"sla_update_in_progress":{"type":"bool","description_kind":"plain","computed":true},"sla_update_metadata":{"type":"string","description_kind":"plain","computed":true},"source_nx_clusters":{"type":["list","string"],"description_kind":"plain","computed":true},"status":{"type":"string","description_kind":"plain","computed":true},"time_machine_id":{"type":"string","description_kind":"plain","optional":true},"time_machine_name":{"type":"string","description_kind":"plain","optional":true},"type":{"type":"string","description_kind":"plain","computed":true}},"block_types":{"tags":{"nesting_mode":"list","block":{"attributes":{"entity_id":{"type":"string","description_kind":"plain","computed":true},"entity_type":{"type":"string","description_kind":"plain","computed":true},"tag_id":{"type":"string","description_kind":"plain","optional":true,"computed":true},"tag_name":{"type":"string","description_kind":"plain","optional":true,"computed":true},"value":{"type":"string","description_kind":"plain","optional":true,"computed":true}},"description_kind":"plain"}}},"description_kind":"plain"}},"nutanix_ndb_time_machines":{"version":0,"block":{"attributes":{"id":{"type":"string","description_kind":"plain","optional":true,"computed":true},"time_machines":{"type":["list",["object",{"access_level":"string","clone":"bool","clones":"string","clustered":"bool","database":"string","database_id":"string","date_created":"string","date_modified":"string","description":"string","ea_status":"string","id":"string","metric":"string","name":"string","properties":["list",["object",{"description":"string","name":"string","ref_id":"string","secure":"bool","value":"string"}]],"schedule":["list",["object",{"continuous_schedule":["list",["object",{"enabled":"bool","log_backup_interval":"number","snapshots_per_day":"number"}]],"daily_schedule":["list",["object",{"enabled":"bool"}]],"date_created":"string","date_modified":"string","description":"string","global_policy":"bool","id":"string","monthly_schedule":["list",["object",{"day_of_month":"number","enabled":"bool"}]],"name":"string","owner_id":"string","quartely_schedule":["list",["object",{"day_of_month":"number","enabled":"bool","start_month":"string","start_month_value":"string"}]],"reference_count":"number","snapshot_time_of_day":["list",["object",{"extra":"bool","hours":"number","minutes":"number","seconds":"number"}]],"start_time":"string","system_policy":"bool","time_zone":"string","unique_name":"string","weekly_schedule":["list",["object",{"day_of_week":"string","day_of_week_value":"string","enabled":"bool"}]],"yearly_schedule":["list",["object",{"day_of_month":"number","enabled":"bool","month":"string","month_value":"string"}]]}]],"schedule_id":"string","scope":"string","sla":["list",["object",{"continuous_retention":"number","current_active_frequency":"string","daily_retention":"number","date_created":"string","date_modified":"string","description":"string","id":"string","monthly_retention":"number","name":"string","owner_id":"string","pitr_enabled":"bool","quarterly_retention":"number","reference_count":"number","system_sla":"bool","unique_name":"string","weekly_retention":"number","yearly_retention":"number"}]],"sla_id":"string","sla_update_in_progress":"bool","sla_update_metadata":"string","source_nx_clusters":["list","string"],"status":"string","tags":["list",["object",{"entity_id":"string","entity_type":"string","tag_id":"string","tag_name":"string","value":"string"}]],"type":"string"}]],"description_kind":"plain","computed":true}},"description_kind":"plain"}},"nutanix_ndb_tms_capability":{"version":0,"block":{"attributes":{"capability":{"type":["list",["object",{"continuous_region":["list",["object",{"db_logs":["list",["object",{"database_id":"string","database_node_id":"string","date_created":"string","date_modified":"string","era_log_drive_id":"string","from_time":"string","id":"string","info":["list",["object",{"info":["map","string"],"secure_info":["map","string"],"unknown_time_range":"bool"}]],"log_copy_operation_id":"string","message":"string","metadata":["list",["object",{"created_directly":"bool","curation_retry_count":"number","deregister_info":["list",["object",{"message":"string","operations":["list","string"]}]],"info":["map","string"],"secure_info":["map","string"],"updated_directly":"bool"}]],"name":"string","owner_id":"string","size":"number","status":"string","to_time":"string","unprocessed":"bool"}]],"from_time":"string","message":"string","partial_ranges":"bool","processed_ranges":["list",["object",{"first":"string","second":"string"}]],"snapshot_ids":["list","string"],"snapshots":"string","sub_range":"bool","time_range_and_databases":"string","timezone":"string","to_time":"string","unknown_time_ranges":"string","unprocessed_ranges":["list",["object",{"first":"string","second":"string"}]]}]],"database_ids":["list","string"],"databases_continuous_region":"string","from":"string","mode":"string","snapshots":["list",["object",{"app_info_version":"string","applicable_types":["list","string"],"database_node_id":"string","database_snapshot":"bool","date_created":"string","date_modified":"string","dbserver_id":"string","dbserver_ip":"string","dbserver_name":"string","dbserver_storage_metadata_version":"number","description":"string","from_timestamp":"string","id":"string","lcm_config":["list",["object",{"expiry_details":["list",["object",{"delete_database":"bool","delete_time_machine":"bool","delete_vm":"bool","effective_timestamp":"string","expire_in_days":"number","expiry_date_timezone":"string","expiry_timestamp":"string","remind_before_in_days":"number","user_created":"bool"}]],"post_delete_command":["list",["object",{"command":"string"}]],"pre_delete_command":["list",["object",{"command":"string"}]],"refresh_details":["list",["object",{"last_refresh_date":"string","next_refresh_date":"string","refresh_date_timezone":"string","refresh_in_days":"number","refresh_in_hours":"number","refresh_in_months":"number","refresh_time":"string"}]]}]],"metadata":["list",["object",{"async":"bool","curation_retry_count":"number","deregister_info":["map","string"],"from_timestamp":"string","info":["list",["object",{"bpg_configs":["list",["object",{"bpg_db_param":["list",["object",{"effective_cache_size":"string","maintenance_work_mem":"string","max_parallel_workers_per_gather":"string","max_worker_processes":"string","shared_buffers":"string","work_mem":"string"}]],"storage":["list",["object",{"archive_storage":["list",["object",{"size":"number"}]],"data_disks":["list",["object",{"count":"number"}]],"log_disks":["list",["object",{"count":"number","size":"number"}]]}]],"vm_properties":["list",["object",{"dirty_background_ratio":"number","dirty_expire_centisecs":"number","dirty_ratio":"number","dirty_writeback_centisecs":"number","nr_hugepages":"number","overcommit_memory":"number","swappiness":"number"}]]}]],"secure_info":["map","string"]}]],"last_replication_retyr_source_snapshot_id":"string","operations_using_snapshot":["list","string"],"replication_retry_count":"number","secure_info":["map","string"],"stand_by":"bool","to_timestamp":"string"}]],"name":"string","nx_cluster_id":"string","owner_id":"string","parent_snapshot":"bool","parent_snapshot_id":"string","processed":"bool","properties":["list",["object",{"description":"string","name":"string","ref_id":"string","secure":"bool","value":"string"}]],"protection_domain_id":"string","replicated_snapshots":["list","string"],"santized":"bool","santized_from_snapshot_id":"string","santized_snapshots":"string","snapshot_family":"string","snapshot_size":"number","snapshot_timestamp":"string","snapshot_timestamp_date":"number","snapshot_uuid":"string","software_database_snapshot":"bool","software_snapshot":"string","software_snapshot_id":"string","status":"string","tags":["list",["object",{"entity_id":"string","entity_type":"string","tag_id":"string","tag_name":"string","value":"string"}]],"time_machine_id":"string","timezone":"string","to_timestamp":"string","type":"string"}]],"time_unit":"string","time_unit_number":"string","to":"string"}]],"description_kind":"plain","computed":true},"capability_reset_time":{"type":"string","description_kind":"plain","computed":true},"database_ids":{"type":["list","string"],"description_kind":"plain","computed":true},"heal_with_reset_capability":{"type":"bool","description_kind":"plain","computed":true},"id":{"type":"string","description_kind":"plain","optional":true,"computed":true},"last_continuous_snapshot":{"type":["list",["object",{"app_info_version":"string","applicable_types":["list","string"],"database_node_id":"string","database_snapshot":"bool","date_created":"string","date_modified":"string","dbserver_id":"string","dbserver_ip":"string","dbserver_name":"string","dbserver_storage_metadata_version":"number","description":"string","from_timestamp":"string","id":"string","lcm_config":["list",["object",{"expiry_details":["list",["object",{"delete_database":"bool","delete_time_machine":"bool","delete_vm":"bool","effective_timestamp":"string","expire_in_days":"number","expiry_date_timezone":"string","expiry_timestamp":"string","remind_before_in_days":"number","user_created":"bool"}]],"post_delete_command":["list",["object",{"command":"string"}]],"pre_delete_command":["list",["object",{"command":"string"}]],"refresh_details":["list",["object",{"last_refresh_date":"string","next_refresh_date":"string","refresh_date_timezone":"string","refresh_in_days":"number","refresh_in_hours":"number","refresh_in_months":"number","refresh_time":"string"}]]}]],"metadata":["list",["object",{"async":"bool","curation_retry_count":"number","deregister_info":["map","string"],"from_timestamp":"string","info":["list",["object",{"bpg_configs":["list",["object",{"bpg_db_param":["list",["object",{"effective_cache_size":"string","maintenance_work_mem":"string","max_parallel_workers_per_gather":"string","max_worker_processes":"string","shared_buffers":"string","work_mem":"string"}]],"storage":["list",["object",{"archive_storage":["list",["object",{"size":"number"}]],"data_disks":["list",["object",{"count":"number"}]],"log_disks":["list",["object",{"count":"number","size":"number"}]]}]],"vm_properties":["list",["object",{"dirty_background_ratio":"number","dirty_expire_centisecs":"number","dirty_ratio":"number","dirty_writeback_centisecs":"number","nr_hugepages":"number","overcommit_memory":"number","swappiness":"number"}]]}]],"secure_info":["map","string"]}]],"last_replication_retry_source_snapshot_id":"string","last_replication_retry_timestamp":"string","operations_using_snapshot":["list","string"],"replication_retry_count":"number","secure_info":["map","string"],"stand_by":"bool","to_timestamp":"string"}]],"name":"string","nx_cluster_id":"string","owner_id":"string","parent_snapshot":"bool","parent_snapshot_id":"string","processed":"bool","properties":["list",["object",{"description":"string","name":"string","ref_id":"string","secure":"bool","value":"string"}]],"protection_domain_id":"string","replicated_snapshots":["list","string"],"santized":"bool","santized_from_snapshot_id":"string","santized_snapshots":"string","snapshot_family":"string","snapshot_size":"number","snapshot_timestamp":"string","snapshot_timestamp_date":"number","snapshot_uuid":"string","software_database_snapshot":"bool","software_snapshot":"string","software_snapshot_id":"string","status":"string","tags":["list",["object",{"entity_id":"string","entity_type":"string","tag_id":"string","tag_name":"string","value":"string"}]],"time_machine_id":"string","timezone":"string","to_timestamp":"string","type":"string"}]],"description_kind":"plain","computed":true},"last_continuous_snapshot_time":{"type":"string","description_kind":"plain","computed":true},"last_db_log":{"type":["list",["object",{"database_id":"string","database_node_id":"string","date_created":"string","date_modified":"string","era_log_drive_id":"string","from_time":"string","id":"string","log_copy_operation_id":"string","message":"string","metadata":["list",["object",{"created_directly":"bool","curation_retry_count":"number","deregister_info":["list",["object",{"message":"string","operations":["list","string"]}]],"info":["map","string"],"secure_info":["map","string"],"updated_directly":"bool"}]],"name":"string","owner_id":"string","size":"number","status":"string","to_time":"string","unprocessed":"bool"}]],"description_kind":"plain","computed":true},"log_catchup_start_time":{"type":"string","description_kind":"plain","computed":true},"log_time_info":{"type":["map","string"],"description_kind":"plain","computed":true},"nx_cluster_association_type":{"type":"string","description_kind":"plain","computed":true},"nx_cluster_id":{"type":"string","description_kind":"plain","computed":true},"output_time_zone":{"type":"string","description_kind":"plain","computed":true},"overall_continuous_range_end_time":{"type":"string","description_kind":"plain","computed":true},"sla_id":{"type":"string","description_kind":"plain","computed":true},"source":{"type":"bool","description_kind":"plain","computed":true},"time_machine_id":{"type":"string","description_kind":"plain","required":true},"type":{"type":"string","description_kind":"plain","computed":true}},"description_kind":"plain"}},"nutanix_network_security_rule":{"version":1,"block":{"attributes":{"ad_rule_action":{"type":"string","description_kind":"plain","computed":true},"ad_rule_inbound_allow_list":{"type":["list",["object",{"address_group_inclusion_list":["list",["object",{"kind":"string","name":"string","uuid":"string"}]],"expiration_time":"string","filter_kind_list":["list","string"],"filter_params":["set",["object",{"name":"string","values":["list","string"]}]],"filter_type":"string","icmp_type_code_list":["list",["object",{"code":"string","type":"string"}]],"ip_subnet":"string","ip_subnet_prefix_length":"string","network_function_chain_reference":["map","string"],"peer_specification_type":"string","protocol":"string","service_group_list":["list",["object",{"kind":"string","name":"string","uuid":"string"}]],"tcp_port_range_list":["list",["object",{"end_port":"number","start_port":"number"}]],"udp_port_range_list":["list",["object",{"end_port":"number","start_port":"number"}]]}]],"description_kind":"plain","computed":true},"ad_rule_outbound_allow_list":{"type":["list",["object",{"address_group_inclusion_list":["list",["object",{"kind":"string","name":"string","uuid":"string"}]],"expiration_time":"string","filter_kind_list":["list","string"],"filter_params":["set",["object",{"name":"string","values":["list","string"]}]],"filter_type":"string","icmp_type_code_list":["list",["object",{"code":"string","type":"string"}]],"ip_subnet":"string","ip_subnet_prefix_length":"string","network_function_chain_reference":["map","string"],"peer_specification_type":"string","protocol":"string","service_group_list":["list",["object",{"kind":"string","name":"string","uuid":"string"}]],"tcp_port_range_list":["list",["object",{"end_port":"number","start_port":"number"}]],"udp_port_range_list":["list",["object",{"end_port":"number","start_port":"number"}]]}]],"description_kind":"plain","computed":true},"ad_rule_target_group_default_internal_policy":{"type":"string","description_kind":"plain","computed":true},"ad_rule_target_group_filter_kind_list":{"type":["list","string"],"description_kind":"plain","computed":true},"ad_rule_target_group_filter_params":{"type":["set",["object",{"name":"string","values":["list","string"]}]],"description_kind":"plain","computed":true},"ad_rule_target_group_filter_type":{"type":"string","description_kind":"plain","computed":true},"ad_rule_target_group_peer_specification_type":{"type":"string","description_kind":"plain","computed":true},"allow_ipv6_traffic":{"type":"bool","description_kind":"plain","computed":true},"api_version":{"type":"string","description_kind":"plain","computed":true},"app_rule_action":{"type":"string","description_kind":"plain","computed":true},"app_rule_inbound_allow_list":{"type":["list",["object",{"address_group_inclusion_list":["list",["object",{"kind":"string","name":"string","uuid":"string"}]],"expiration_time":"string","filter_kind_list":["list","string"],"filter_params":["set",["object",{"name":"string","values":["list","string"]}]],"filter_type":"string","icmp_type_code_list":["list",["object",{"code":"string","type":"string"}]],"ip_subnet":"string","ip_subnet_prefix_length":"string","network_function_chain_reference":["map","string"],"peer_specification_type":"string","protocol":"string","service_group_list":["list",["object",{"kind":"string","name":"string","uuid":"string"}]],"tcp_port_range_list":["list",["object",{"end_port":"number","start_port":"number"}]],"udp_port_range_list":["list",["object",{"end_port":"number","start_port":"number"}]]}]],"description_kind":"plain","computed":true},"app_rule_outbound_allow_list":{"type":["list",["object",{"expiration_time":"string","filter_kind_list":["list","string"],"filter_params":["set",["object",{"name":"string","values":["list","string"]}]],"filter_type":"string","icmp_type_code_list":["list",["object",{"code":"string","type":"string"}]],"ip_subnet":"string","ip_subnet_prefix_length":"string","network_function_chain_reference":["map","string"],"peer_specification_type":"string","protocol":"string","tcp_port_range_list":["list",["object",{"end_port":"number","start_port":"number"}]],"udp_port_range_list":["list",["object",{"end_port":"number","start_port":"number"}]]}]],"description_kind":"plain","computed":true},"app_rule_target_group_default_internal_policy":{"type":"string","description_kind":"plain","computed":true},"app_rule_target_group_filter_kind_list":{"type":["list","string"],"description_kind":"plain","computed":true},"app_rule_target_group_filter_params":{"type":["set",["object",{"name":"string","values":["list","string"]}]],"description_kind":"plain","computed":true},"app_rule_target_group_filter_type":{"type":"string","description_kind":"plain","computed":true},"app_rule_target_group_peer_specification_type":{"type":"string","description_kind":"plain","computed":true},"description":{"type":"string","description_kind":"plain","computed":true},"id":{"type":"string","description_kind":"plain","optional":true,"computed":true},"is_policy_hitlog_enabled":{"type":"bool","description_kind":"plain","computed":true},"isolation_rule_action":{"type":"string","description_kind":"plain","computed":true},"isolation_rule_first_entity_filter_kind_list":{"type":["list","string"],"description_kind":"plain","computed":true},"isolation_rule_first_entity_filter_params":{"type":["set",["object",{"name":"string","values":["list","string"]}]],"description_kind":"plain","computed":true},"isolation_rule_first_entity_filter_type":{"type":"string","description_kind":"plain","computed":true},"isolation_rule_second_entity_filter_kind_list":{"type":["list","string"],"description_kind":"plain","computed":true},"isolation_rule_second_entity_filter_params":{"type":["set",["object",{"name":"string","values":["list","string"]}]],"description_kind":"plain","computed":true},"isolation_rule_second_entity_filter_type":{"type":"string","description_kind":"plain","computed":true},"metadata":{"type":["map","string"],"description_kind":"plain","computed":true},"name":{"type":"string","description_kind":"plain","computed":true},"network_security_rule_id":{"type":"string","description_kind":"plain","required":true},"owner_reference":{"type":["map","string"],"description_kind":"plain","computed":true},"project_reference":{"type":["map","string"],"description_kind":"plain","computed":true},"quarantine_rule_action":{"type":"string","description_kind":"plain","computed":true},"quarantine_rule_inbound_allow_list":{"type":["list",["object",{"expiration_time":"string","filter_kind_list":["list","string"],"filter_params":["set",["object",{"name":"string","values":["list","string"]}]],"filter_type":"string","icmp_type_code_list":["list",["object",{"code":"string","type":"string"}]],"ip_subnet":"string","ip_subnet_prefix_length":"string","network_function_chain_reference":["map","string"],"peer_specification_type":"string","protocol":"string","tcp_port_range_list":["list",["object",{"end_port":"number","start_port":"number"}]],"udp_port_range_list":["list",["object",{"end_port":"number","start_port":"number"}]]}]],"description_kind":"plain","computed":true},"quarantine_rule_outbound_allow_list":{"type":["list",["object",{"address_group_inclusion_list":["list",["object",{"kind":"string","name":"string","uuid":"string"}]],"expiration_time":"string","filter_kind_list":["list","string"],"filter_params":["set",["object",{"name":"string","values":["list","string"]}]],"filter_type":"string","icmp_type_code_list":["list",["object",{"code":"string","type":"string"}]],"ip_subnet":"string","ip_subnet_prefix_length":"string","network_function_chain_reference":["map","string"],"peer_specification_type":"string","protocol":"string","service_group_list":["list",["object",{"kind":"string","name":"string","uuid":"string"}]],"tcp_port_range_list":["list",["object",{"end_port":"number","start_port":"number"}]],"udp_port_range_list":["list",["object",{"end_port":"number","start_port":"number"}]]}]],"description_kind":"plain","computed":true},"quarantine_rule_target_group_default_internal_policy":{"type":"string","description_kind":"plain","computed":true},"quarantine_rule_target_group_filter_kind_list":{"type":["list","string"],"description_kind":"plain","computed":true},"quarantine_rule_target_group_filter_params":{"type":["list",["object",{"name":"string","values":["list","string"]}]],"description_kind":"plain","computed":true},"quarantine_rule_target_group_filter_type":{"type":"string","description_kind":"plain","computed":true},"quarantine_rule_target_group_peer_specification_type":{"type":"string","description_kind":"plain","computed":true}},"block_types":{"categories":{"nesting_mode":"set","block":{"attributes":{"name":{"type":"string","description_kind":"plain","optional":true,"computed":true},"value":{"type":"string","description_kind":"plain","optional":true,"computed":true}},"description_kind":"plain"}}},"description_kind":"plain"}},"nutanix_pbr":{"version":0,"block":{"attributes":{"api_version":{"type":"string","description_kind":"plain","computed":true},"id":{"type":"string","description_kind":"plain","optional":true,"computed":true},"metadata":{"type":["map","string"],"description_kind":"plain","computed":true},"pbr_uuid":{"type":"string","description_kind":"plain","required":true},"spec":{"type":["list",["object",{"name":"string","resources":["list",["object",{"action":["list",["object",{"action":"string","service_ip_list":["list","string"]}]],"destination":["list",["object",{"address_type":"string","prefix_length":"number","subnet_ip":"string"}]],"is_bidirectional":"bool","priority":"number","protocol_parameters":["list",["object",{"icmp":["list",["object",{"icmp_code":"number","icmp_type":"number"}]],"protocol_number":"number","tcp":["list",["object",{"destination_port_range_list":["list",["object",{"end_port":"number","start_port":"number"}]],"source_port_range_list":["list",["object",{"end_port":"number","start_port":"number"}]]}]],"udp":["list",["object",{"destination_port_range_list":["list",["object",{"end_port":"number","start_port":"number"}]],"source_port_range_list":["list",["object",{"end_port":"number","start_port":"number"}]]}]]}]],"protocol_type":"string","source":["list",["object",{"address_type":"string","prefix_length":"number","subnet_ip":"string"}]],"vpc_reference":["map","string"]}]]}]],"description_kind":"plain","computed":true},"status":{"type":["list",["object",{"execution_context":["list",["object",{"task_uuid":["list","string"]}]],"name":"string","resources":["list",["object",{"action":["list",["object",{"action":"string","service_ip_list":["list","string"]}]],"destination":["list",["object",{"address_type":"string","prefix_length":"number","subnet_ip":"string"}]],"is_bidirectional":"bool","priority":"number","protocol_parameters":["list",["object",{"icmp":["list",["object",{"icmp_code":"number","icmp_type":"number"}]],"protocol_number":"number","tcp":["list",["object",{"destination_port_range_list":["list",["object",{"end_port":"number","start_port":"number"}]],"source_port_range_list":["list",["object",{"end_port":"number","start_port":"number"}]]}]],"udp":["list",["object",{"destination_port_range_list":["list",["object",{"end_port":"number","start_port":"number"}]],"source_port_range_list":["list",["object",{"end_port":"number","start_port":"number"}]]}]]}]],"protocol_type":"string","routing_policy_counters":["list",["object",{"byte_count":"number","packet_count":"number"}]],"source":["list",["object",{"address_type":"string","prefix_length":"number","subnet_ip":"string"}]],"vpc_reference":["map","string"]}]],"state":"string"}]],"description_kind":"plain","computed":true}},"description_kind":"plain"}},"nutanix_pbrs":{"version":0,"block":{"attributes":{"api_version":{"type":"string","description_kind":"plain","computed":true},"entities":{"type":["list",["object",{"metadata":["map","string"],"spec":["list",["object",{"name":"string","resources":["list",["object",{"action":["list",["object",{"action":"string","service_ip_list":["list","string"]}]],"destination":["list",["object",{"address_type":"string","prefix_length":"number","subnet_ip":"string"}]],"is_bidirectional":"bool","priority":"number","protocol_parameters":["list",["object",{"icmp":["list",["object",{"icmp_code":"number","icmp_type":"number"}]],"protocol_number":"number","tcp":["list",["object",{"destination_port_range_list":["list",["object",{"end_port":"number","start_port":"number"}]],"source_port_range_list":["list",["object",{"end_port":"number","start_port":"number"}]]}]],"udp":["list",["object",{"destination_port_range_list":["list",["object",{"end_port":"number","start_port":"number"}]],"source_port_range_list":["list",["object",{"end_port":"number","start_port":"number"}]]}]]}]],"protocol_type":"string","source":["list",["object",{"address_type":"string","prefix_length":"number","subnet_ip":"string"}]],"vpc_reference":["map","string"]}]]}]],"status":["list",["object",{"execution_context":["list",["object",{"task_uuid":["list","string"]}]],"name":"string","resources":["list",["object",{"action":["list",["object",{"action":"string","service_ip_list":["list","string"]}]],"destination":["list",["object",{"address_type":"string","prefix_length":"number","subnet_ip":"string"}]],"is_bidirectional":"bool","priority":"number","protocol_parameters":["list",["object",{"icmp":["list",["object",{"icmp_code":"number","icmp_type":"number"}]],"protocol_number":"number","tcp":["list",["object",{"destination_port_range_list":["list",["object",{"end_port":"number","start_port":"number"}]],"source_port_range_list":["list",["object",{"end_port":"number","start_port":"number"}]]}]],"udp":["list",["object",{"destination_port_range_list":["list",["object",{"end_port":"number","start_port":"number"}]],"source_port_range_list":["list",["object",{"end_port":"number","start_port":"number"}]]}]]}]],"protocol_type":"string","routing_policy_counters":["list",["object",{"byte_count":"number","packet_count":"number"}]],"source":["list",["object",{"address_type":"string","prefix_length":"number","subnet_ip":"string"}]],"vpc_reference":["map","string"]}]],"state":"string"}]]}]],"description_kind":"plain","computed":true},"id":{"type":"string","description_kind":"plain","optional":true,"computed":true}},"block_types":{"metadata":{"nesting_mode":"set","block":{"attributes":{"filter":{"type":"string","description_kind":"plain","optional":true,"computed":true},"kind":{"type":"string","description_kind":"plain","optional":true,"computed":true},"length":{"type":"number","description_kind":"plain","optional":true,"computed":true},"offset":{"type":"number","description_kind":"plain","optional":true,"computed":true},"sort_attribute":{"type":"string","description_kind":"plain","optional":true,"computed":true},"sort_order":{"type":"string","description_kind":"plain","optional":true,"computed":true},"total_matches":{"type":"number","description_kind":"plain","optional":true,"computed":true}},"description_kind":"plain"}}},"description_kind":"plain"}},"nutanix_permission":{"version":0,"block":{"attributes":{"api_version":{"type":"string","description_kind":"plain","computed":true},"description":{"type":"string","description_kind":"plain","computed":true},"fields":{"type":["list",["object",{"field_mode":"string","field_name_list":["list","string"]}]],"description_kind":"plain","computed":true},"id":{"type":"string","description_kind":"plain","optional":true,"computed":true},"kind":{"type":"string","description_kind":"plain","computed":true},"metadata":{"type":["map","string"],"description_kind":"plain","computed":true},"name":{"type":"string","description_kind":"plain","computed":true},"operation":{"type":"string","description_kind":"plain","computed":true},"owner_reference":{"type":["map","string"],"description_kind":"plain","computed":true},"permission_id":{"type":"string","description_kind":"plain","optional":true},"permission_name":{"type":"string","description_kind":"plain","optional":true},"project_reference":{"type":["map","string"],"description_kind":"plain","computed":true},"state":{"type":"string","description_kind":"plain","computed":true}},"block_types":{"categories":{"nesting_mode":"set","block":{"attributes":{"name":{"type":"string","description_kind":"plain","optional":true,"computed":true},"value":{"type":"string","description_kind":"plain","optional":true,"computed":true}},"description_kind":"plain"}}},"description_kind":"plain"}},"nutanix_permissions":{"version":0,"block":{"attributes":{"api_version":{"type":"string","description_kind":"plain","computed":true},"entities":{"type":["list",["object",{"api_version":"string","categories":["set",["object",{"name":"string","value":"string"}]],"description":"string","fields":["list",["object",{"field_mode":"string","field_name_list":["list","string"]}]],"kind":"string","metadata":["map","string"],"name":"string","operation":"string","owner_reference":["map","string"],"project_reference":["map","string"],"state":"string"}]],"description_kind":"plain","computed":true},"id":{"type":"string","description_kind":"plain","optional":true,"computed":true}},"block_types":{"metadata":{"nesting_mode":"set","block":{"attributes":{"filter":{"type":"string","description_kind":"plain","optional":true,"computed":true},"kind":{"type":"string","description_kind":"plain","optional":true,"computed":true},"length":{"type":"number","description_kind":"plain","optional":true,"computed":true},"offset":{"type":"number","description_kind":"plain","optional":true,"computed":true},"sort_attribute":{"type":"string","description_kind":"plain","optional":true,"computed":true},"sort_order":{"type":"string","description_kind":"plain","optional":true,"computed":true}},"description_kind":"plain"}}},"description_kind":"plain"}},"nutanix_project":{"version":0,"block":{"attributes":{"account_reference_list":{"type":["list",["object",{"kind":"string","name":"string","uuid":"string"}]],"description_kind":"plain","computed":true},"acp":{"type":["list",["object",{"context_filter_list":["list",["object",{"entity_filter_expression_list":["list",["object",{"left_hand_side_entity_type":"string","operator":"string","right_hand_side":["list",["object",{"categories":["list",["object",{"name":"string","value":["set","string"]}]],"collection":"string","uuid_list":["set","string"]}]]}]],"scope_filter_expression_list":["list",["object",{"left_hand_side":"string","operator":"string","right_hand_side":["list",["object",{"categories":["list",["object",{"name":"string","value":["set","string"]}]],"collection":"string","uuid_list":["set","string"]}]]}]]}]],"description":"string","metadata":["map","string"],"name":"string","role_reference":["list",["object",{"kind":"string","name":"string","uuid":"string"}]],"user_group_reference_list":["set",["object",{"kind":"string","name":"string","uuid":"string"}]],"user_reference_list":["set",["object",{"kind":"string","name":"string","uuid":"string"}]]}]],"description_kind":"plain","computed":true},"api_version":{"type":"string","description_kind":"plain","computed":true},"cluster_reference_list":{"type":["list",["object",{"kind":"string","name":"string","uuid":"string"}]],"description_kind":"plain","computed":true},"default_environment_reference":{"type":["list",["object",{"kind":"string","name":"string","uuid":"string"}]],"description_kind":"plain","computed":true},"default_subnet_reference":{"type":["map","string"],"description_kind":"plain","computed":true},"description":{"type":"string","description_kind":"plain","computed":true},"environment_reference_list":{"type":["list",["object",{"kind":"string","name":"string","uuid":"string"}]],"description_kind":"plain","computed":true},"external_network_list":{"type":["list",["object",{"name":"string","uuid":"string"}]],"description_kind":"plain","computed":true},"id":{"type":"string","description_kind":"plain","optional":true,"computed":true},"is_default":{"type":"bool","description_kind":"plain","computed":true},"metadata":{"type":["map","string"],"description_kind":"plain","computed":true},"name":{"type":"string","description_kind":"plain","computed":true},"owner_reference":{"type":["map","string"],"description_kind":"plain","computed":true},"project_id":{"type":"string","description_kind":"plain","optional":true},"project_name":{"type":"string","description_kind":"plain","optional":true},"project_reference":{"type":["map","string"],"description_kind":"plain","computed":true},"resource_domain":{"type":["list",["object",{"resources":["list",["object",{"limit":"number","resource_type":"string","units":"string","value":"number"}]]}]],"description_kind":"plain","computed":true},"state":{"type":"string","description_kind":"plain","computed":true},"tunnel_reference_list":{"type":["list",["object",{"kind":"string","name":"string","uuid":"string"}]],"description_kind":"plain","computed":true},"vpc_reference_list":{"type":["list",["object",{"kind":"string","name":"string","uuid":"string"}]],"description_kind":"plain","computed":true}},"block_types":{"categories":{"nesting_mode":"set","block":{"attributes":{"name":{"type":"string","description_kind":"plain","optional":true,"computed":true},"value":{"type":"string","description_kind":"plain","optional":true,"computed":true}},"description_kind":"plain"}},"external_user_group_reference_list":{"nesting_mode":"list","block":{"attributes":{"kind":{"type":"string","description_kind":"plain","computed":true},"name":{"type":"string","description_kind":"plain","computed":true},"uuid":{"type":"string","description_kind":"plain","computed":true}},"description_kind":"plain"}},"subnet_reference_list":{"nesting_mode":"list","block":{"attributes":{"kind":{"type":"string","description_kind":"plain","computed":true},"name":{"type":"string","description_kind":"plain","computed":true},"uuid":{"type":"string","description_kind":"plain","computed":true}},"description_kind":"plain"}},"user_reference_list":{"nesting_mode":"list","block":{"attributes":{"kind":{"type":"string","description_kind":"plain","computed":true},"name":{"type":"string","description_kind":"plain","computed":true},"uuid":{"type":"string","description_kind":"plain","computed":true}},"description_kind":"plain"}}},"description_kind":"plain"}},"nutanix_projects":{"version":0,"block":{"attributes":{"api_version":{"type":"string","description_kind":"plain","computed":true},"entities":{"type":["list",["object",{"account_reference_list":["list",["object",{"kind":"string","name":"string","uuid":"string"}]],"api_version":"string","categories":["set",["object",{"name":"string","value":"string"}]],"default_subnet_reference":["map","string"],"description":"string","environment_reference_list":["list",["object",{"kind":"string","name":"string","uuid":"string"}]],"external_network_list":["list",["object",{"name":"string","uuid":"string"}]],"external_user_group_reference_list":["list",["object",{"kind":"string","name":"string","uuid":"string"}]],"is_default":"bool","metadata":["map","string"],"name":"string","owner_reference":["map","string"],"project_reference":["map","string"],"resource_domain":["list",["object",{"resources":["list",["object",{"limit":"number","resource_type":"string","units":"string","value":"number"}]]}]],"state":"string","subnet_reference_list":["list",["object",{"kind":"string","name":"string","uuid":"string"}]],"user_reference_list":["list",["object",{"kind":"string","name":"string","uuid":"string"}]]}]],"description_kind":"plain","computed":true},"id":{"type":"string","description_kind":"plain","optional":true,"computed":true}},"description_kind":"plain"}},"nutanix_protection_rule":{"version":1,"block":{"attributes":{"api_version":{"type":"string","description_kind":"plain","computed":true},"availability_zone_connectivity_list":{"type":["list",["object",{"destination_availability_zone_index":"number","snapshot_schedule_list":["list",["object",{"auto_suspend_timeout_secs":"number","local_snapshot_retention_policy":["list",["object",{"num_snapshots":"number","rollup_retention_policy_multiple":"number","rollup_retention_policy_snapshot_interval_type":"string"}]],"recovery_point_objective_secs":"number","remote_snapshot_retention_policy":["list",["object",{"num_snapshots":"number","rollup_retention_policy_multiple":"number","rollup_retention_policy_snapshot_interval_type":"string"}]],"snapshot_type":"string"}]],"source_availability_zone_index":"number"}]],"description_kind":"plain","computed":true},"category_filter":{"type":["list",["object",{"kind_list":["list","string"],"params":["set",["object",{"name":"string","values":["list","string"]}]],"type":"string"}]],"description_kind":"plain","computed":true},"description":{"type":"string","description_kind":"plain","computed":true},"id":{"type":"string","description_kind":"plain","optional":true,"computed":true},"metadata":{"type":["map","string"],"description_kind":"plain","computed":true},"name":{"type":"string","description_kind":"plain","computed":true},"ordered_availability_zone_list":{"type":["list",["object",{"availability_zone_url":"string","cluster_uuid":"string"}]],"description_kind":"plain","computed":true},"owner_reference":{"type":["list",["object",{"kind":"string","name":"string","uuid":"string"}]],"description_kind":"plain","computed":true},"project_reference":{"type":["list",["object",{"kind":"string","name":"string","uuid":"string"}]],"description_kind":"plain","computed":true},"protection_rule_id":{"type":"string","description_kind":"plain","optional":true},"protection_rule_name":{"type":"string","description_kind":"plain","optional":true},"start_time":{"type":"string","description_kind":"plain","computed":true},"state":{"type":"string","description_kind":"plain","computed":true}},"block_types":{"categories":{"nesting_mode":"set","block":{"attributes":{"name":{"type":"string","description_kind":"plain","optional":true,"computed":true},"value":{"type":"string","description_kind":"plain","optional":true,"computed":true}},"description_kind":"plain"}}},"description_kind":"plain"}},"nutanix_protection_rules":{"version":0,"block":{"attributes":{"api_version":{"type":"string","description_kind":"plain","computed":true},"entities":{"type":["list",["object",{"api_version":"string","availability_zone_connectivity_list":["list",["object",{"destination_availability_zone_index":"number","snapshot_schedule_list":["list",["object",{"auto_suspend_timeout_secs":"number","local_snapshot_retention_policy":["list",["object",{"num_snapshots":"number","rollup_retention_policy_multiple":"number","rollup_retention_policy_snapshot_interval_type":"string"}]],"recovery_point_objective_secs":"number","remote_snapshot_retention_policy":["list",["object",{"num_snapshots":"number","rollup_retention_policy_multiple":"number","rollup_retention_policy_snapshot_interval_type":"string"}]],"snapshot_type":"string"}]],"source_availability_zone_index":"number"}]],"categories":["set",["object",{"name":"string","value":"string"}]],"category_filter":["list",["object",{"kind_list":["list","string"],"params":["set",["object",{"name":"string","values":["list","string"]}]],"type":"string"}]],"description":"string","metadata":["map","string"],"name":"string","ordered_availability_zone_list":["list",["object",{"availability_zone_url":"string","cluster_uuid":"string"}]],"owner_reference":["list",["object",{"kind":"string","name":"string","uuid":"string"}]],"project_reference":["list",["object",{"kind":"string","name":"string","uuid":"string"}]],"start_time":"string","state":"string"}]],"description_kind":"plain","computed":true},"id":{"type":"string","description_kind":"plain","optional":true,"computed":true}},"description_kind":"plain"}},"nutanix_recovery_plan":{"version":1,"block":{"attributes":{"api_version":{"type":"string","description_kind":"plain","computed":true},"description":{"type":"string","description_kind":"plain","computed":true},"id":{"type":"string","description_kind":"plain","optional":true,"computed":true},"metadata":{"type":["map","string"],"description_kind":"plain","computed":true},"name":{"type":"string","description_kind":"plain","computed":true},"owner_reference":{"type":["list",["object",{"kind":"string","name":"string","uuid":"string"}]],"description_kind":"plain","computed":true},"parameters":{"type":["list",["object",{"floating_ip_assignment_list":["list",["object",{"availability_zone_url":"string","vm_ip_assignment_list":["list",["object",{"recovery_floating_ip_config":["list",["object",{"ip":"string","should_allocate_dynamically":"bool"}]],"test_floating_ip_config":["list",["object",{"ip":"string","should_allocate_dynamically":"bool"}]],"vm_nic_information":["list",["object",{"ip":"string","uuid":"string"}]],"vm_reference":["list",["object",{"kind":"string","name":"string","uuid":"string"}]]}]]}]],"network_mapping_list":["list",["object",{"are_networks_stretched":"bool","availability_zone_network_mapping_list":["list",["object",{"availability_zone_url":"string","cluster_reference_list":["list",["object",{"kind":"string","name":"string","uuid":"string"}]],"recovery_ip_assignment_list":["list",["object",{"ip_config_list":["list",["object",{"ip_address":"string"}]],"vm_reference":["list",["object",{"kind":"string","name":"string","uuid":"string"}]]}]],"recovery_network":["list",["object",{"name":"string","subnet_list":["list",["object",{"external_connectivity_state":"string","gateway_ip":"string","prefix_length":"number"}]],"use_vpc_reference":"bool","virtual_network_reference":["list",["object",{"kind":"string","name":"string","uuid":"string"}]],"vpc_reference":["list",["object",{"kind":"string","name":"string","uuid":"string"}]]}]],"test_ip_assignment_list":["list",["object",{"ip_config_list":["list",["object",{"ip_address":"string"}]],"vm_reference":["list",["object",{"kind":"string","name":"string","uuid":"string"}]]}]],"test_network":["list",["object",{"name":"string","subnet_list":["list",["object",{"external_connectivity_state":"string","gateway_ip":"string","prefix_length":"number"}]],"use_vpc_reference":"bool","virtual_network_reference":["list",["object",{"kind":"string","name":"string","uuid":"string"}]],"vpc_reference":["list",["object",{"kind":"string","name":"string","uuid":"string"}]]}]]}]]}]]}]],"description_kind":"plain","computed":true},"project_reference":{"type":["list",["object",{"kind":"string","name":"string","uuid":"string"}]],"description_kind":"plain","computed":true},"recovery_plan_id":{"type":"string","description_kind":"plain","optional":true},"recovery_plan_name":{"type":"string","description_kind":"plain","optional":true},"stage_list":{"type":["list",["object",{"delay_time_secs":"number","stage_uuid":"string","stage_work":["list",["object",{"recover_entities":["list",["object",{"entity_info_list":["list",["object",{"any_entity_reference_kind":"string","any_entity_reference_name":"string","any_entity_reference_uuid":"string","categories":["set",["object",{"name":"string","value":"string"}]],"script_list":["list",["object",{"enable_script_exec":"bool","timeout":"string"}]]}]]}]]}]]}]],"description_kind":"plain","computed":true},"state":{"type":"string","description_kind":"plain","computed":true}},"block_types":{"categories":{"nesting_mode":"set","block":{"attributes":{"name":{"type":"string","description_kind":"plain","optional":true,"computed":true},"value":{"type":"string","description_kind":"plain","optional":true,"computed":true}},"description_kind":"plain"}}},"description_kind":"plain"}},"nutanix_recovery_plans":{"version":0,"block":{"attributes":{"api_version":{"type":"string","description_kind":"plain","computed":true},"entities":{"type":["list",["object",{"api_version":"string","categories":["set",["object",{"name":"string","value":"string"}]],"description":"string","metadata":["map","string"],"name":"string","owner_reference":["list",["object",{"kind":"string","name":"string","uuid":"string"}]],"parameters":["list",["object",{"floating_ip_assignment_list":["list",["object",{"availability_zone_url":"string","vm_ip_assignment_list":["list",["object",{"recovery_floating_ip_config":["list",["object",{"ip":"string","should_allocate_dynamically":"bool"}]],"test_floating_ip_config":["list",["object",{"ip":"string","should_allocate_dynamically":"bool"}]],"vm_nic_information":["list",["object",{"ip":"string","uuid":"string"}]],"vm_reference":["list",["object",{"kind":"string","name":"string","uuid":"string"}]]}]]}]],"network_mapping_list":["list",["object",{"are_networks_stretched":"bool","availability_zone_network_mapping_list":["list",["object",{"availability_zone_url":"string","cluster_reference_list":["list",["object",{"kind":"string","name":"string","uuid":"string"}]],"recovery_ip_assignment_list":["list",["object",{"ip_config_list":["list",["object",{"ip_address":"string"}]],"vm_reference":["list",["object",{"kind":"string","name":"string","uuid":"string"}]]}]],"recovery_network":["list",["object",{"name":"string","subnet_list":["list",["object",{"external_connectivity_state":"string","gateway_ip":"string","prefix_length":"number"}]],"use_vpc_reference":"bool","virtual_network_reference":["list",["object",{"kind":"string","name":"string","uuid":"string"}]],"vpc_reference":["list",["object",{"kind":"string","name":"string","uuid":"string"}]]}]],"test_ip_assignment_list":["list",["object",{"ip_config_list":["list",["object",{"ip_address":"string"}]],"vm_reference":["list",["object",{"kind":"string","name":"string","uuid":"string"}]]}]],"test_network":["list",["object",{"name":"string","subnet_list":["list",["object",{"external_connectivity_state":"string","gateway_ip":"string","prefix_length":"number"}]],"use_vpc_reference":"bool","virtual_network_reference":["list",["object",{"kind":"string","name":"string","uuid":"string"}]],"vpc_reference":["list",["object",{"kind":"string","name":"string","uuid":"string"}]]}]]}]]}]]}]],"project_reference":["list",["object",{"kind":"string","name":"string","uuid":"string"}]],"stage_list":["list",["object",{"delay_time_secs":"number","stage_uuid":"string","stage_work":["list",["object",{"recover_entities":["list",["object",{"entity_info_list":["list",["object",{"any_entity_reference_kind":"string","any_entity_reference_name":"string","any_entity_reference_uuid":"string","categories":["set",["object",{"name":"string","value":"string"}]],"script_list":["list",["object",{"enable_script_exec":"bool","timeout":"string"}]]}]]}]]}]]}]],"state":"string"}]],"description_kind":"plain","computed":true},"id":{"type":"string","description_kind":"plain","optional":true,"computed":true}},"description_kind":"plain"}},"nutanix_role":{"version":0,"block":{"attributes":{"api_version":{"type":"string","description_kind":"plain","computed":true},"description":{"type":"string","description_kind":"plain","computed":true},"id":{"type":"string","description_kind":"plain","optional":true,"computed":true},"metadata":{"type":["map","string"],"description_kind":"plain","computed":true},"name":{"type":"string","description_kind":"plain","computed":true},"owner_reference":{"type":["map","string"],"description_kind":"plain","computed":true},"permission_reference_list":{"type":["set",["object",{"kind":"string","name":"string","uuid":"string"}]],"description_kind":"plain","computed":true},"project_reference":{"type":["map","string"],"description_kind":"plain","computed":true},"role_id":{"type":"string","description_kind":"plain","optional":true},"role_name":{"type":"string","description_kind":"plain","optional":true},"state":{"type":"string","description_kind":"plain","computed":true}},"block_types":{"categories":{"nesting_mode":"set","block":{"attributes":{"name":{"type":"string","description_kind":"plain","optional":true,"computed":true},"value":{"type":"string","description_kind":"plain","optional":true,"computed":true}},"description_kind":"plain"}}},"description_kind":"plain"}},"nutanix_roles":{"version":0,"block":{"attributes":{"api_version":{"type":"string","description_kind":"plain","computed":true},"entities":{"type":["list",["object",{"api_version":"string","categories":["set",["object",{"name":"string","value":"string"}]],"description":"string","metadata":["map","string"],"name":"string","owner_reference":["map","string"],"permission_reference_list":["set",["object",{"kind":"string","name":"string","uuid":"string"}]],"project_reference":["map","string"],"role_id":"string","state":"string"}]],"description_kind":"plain","computed":true},"id":{"type":"string","description_kind":"plain","optional":true,"computed":true}},"block_types":{"metadata":{"nesting_mode":"set","block":{"attributes":{"filter":{"type":"string","description_kind":"plain","optional":true,"computed":true},"kind":{"type":"string","description_kind":"plain","optional":true,"computed":true},"length":{"type":"number","description_kind":"plain","optional":true,"computed":true},"offset":{"type":"number","description_kind":"plain","optional":true,"computed":true},"sort_attribute":{"type":"string","description_kind":"plain","optional":true,"computed":true},"sort_order":{"type":"string","description_kind":"plain","optional":true,"computed":true}},"description_kind":"plain"}}},"description_kind":"plain"}},"nutanix_service_group":{"version":0,"block":{"attributes":{"description":{"type":"string","description_kind":"plain","computed":true},"id":{"type":"string","description_kind":"plain","optional":true,"computed":true},"is_system_defined":{"type":"bool","description":"specifying whether it is a system defined service group","description_kind":"plain","computed":true},"name":{"type":"string","description_kind":"plain","computed":true},"service_list":{"type":["list",["object",{"icmp_type_code_list":["list",["object",{"code":"string","type":"string"}]],"protocol":"string","tcp_port_range_list":["list",["object",{"end_port":"number","start_port":"number"}]],"udp_port_range_list":["list",["object",{"end_port":"number","start_port":"number"}]]}]],"description_kind":"plain","computed":true},"uuid":{"type":"string","description_kind":"plain","required":true}},"description_kind":"plain"}},"nutanix_service_groups":{"version":0,"block":{"attributes":{"entities":{"type":["list",["object",{"associated_policies_list":["list",["object",{"kind":"string","name":"string","uuid":"string"}]],"service_group":["list",["object",{"description":"string","is_system_defined":"bool","name":"string","service_list":["list",["object",{"icmp_type_code_list":["list",["object",{"code":"string","type":"string"}]],"protocol":"string","tcp_port_range_list":["list",["object",{"end_port":"number","start_port":"number"}]],"udp_port_range_list":["list",["object",{"end_port":"number","start_port":"number"}]]}]]}]],"uuid":"string"}]],"description_kind":"plain","computed":true},"id":{"type":"string","description_kind":"plain","optional":true,"computed":true}},"block_types":{"metadata":{"nesting_mode":"set","block":{"attributes":{"filter":{"type":"string","description_kind":"plain","optional":true,"computed":true},"kind":{"type":"string","description_kind":"plain","optional":true,"computed":true},"length":{"type":"number","description_kind":"plain","optional":true,"computed":true},"offset":{"type":"number","description_kind":"plain","optional":true,"computed":true},"sort_attribute":{"type":"string","description_kind":"plain","optional":true,"computed":true},"sort_order":{"type":"string","description_kind":"plain","optional":true,"computed":true}},"description_kind":"plain"}}},"description_kind":"plain"}},"nutanix_static_routes":{"version":0,"block":{"attributes":{"api_version":{"type":"string","description_kind":"plain","computed":true},"id":{"type":"string","description_kind":"plain","optional":true,"computed":true},"metadata":{"type":["map","string"],"description_kind":"plain","computed":true},"spec":{"type":["list",["object",{"name":"string","resources":["list",["object",{"default_route_nexthop":["list",["object",{"direct_connect_virtual_interface_reference":["map","string"],"external_subnet_reference":["map","string"],"local_subnet_reference":["map","string"],"vpn_connection_reference":["map","string"]}]],"static_routes_list":["list",["object",{"destination":"string","nexthop":["list",["object",{"direct_connect_virtual_interface_reference":["map","string"],"external_subnet_reference":["map","string"],"local_subnet_reference":["map","string"],"vpn_connection_reference":["map","string"]}]]}]]}]]}]],"description_kind":"plain","computed":true},"status":{"type":["list",["object",{"execution_context":["list",["object",{"task_uuid":["list","string"]}]],"resources":["list",["object",{"default_route":["list",["object",{"destination":"string","is_active":"bool","nexthop":["list",["object",{"direct_connect_virtual_interface_reference":["map","string"],"external_subnet_reference":["map","string"],"local_subnet_reference":["map","string"],"nexthop_ip_address":"string","vpn_connection_reference":["map","string"]}]],"priority":"number"}]],"dynamic_routes_list":["list",["object",{"destination":"string","is_active":"bool","nexthop":["list",["object",{"direct_connect_virtual_interface_reference":["map","string"],"external_subnet_reference":["map","string"],"local_subnet_reference":["map","string"],"nexthop_ip_address":"string","vpn_connection_reference":["map","string"]}]],"priority":"number"}]],"local_routes_list":["list",["object",{"destination":"string","is_active":"bool","nexthop":["list",["object",{"direct_connect_virtual_interface_reference":["map","string"],"external_subnet_reference":["map","string"],"local_subnet_reference":["map","string"],"nexthop_ip_address":"string","vpn_connection_reference":["map","string"]}]],"priority":"number"}]],"static_routes_list":["list",["object",{"destination":"string","is_active":"bool","nexthop":["list",["object",{"direct_connect_virtual_interface_reference":["map","string"],"external_subnet_reference":["map","string"],"local_subnet_reference":["map","string"],"nexthop_ip_address":"string","vpn_connection_reference":["map","string"]}]],"priority":"number"}]]}]],"state":"string"}]],"description_kind":"plain","computed":true},"vpc_name":{"type":"string","description_kind":"plain","optional":true},"vpc_reference_uuid":{"type":"string","description_kind":"plain","optional":true}},"description_kind":"plain"}},"nutanix_subnet":{"version":1,"block":{"attributes":{"api_version":{"type":"string","description_kind":"plain","computed":true},"availability_zone_reference":{"type":["map","string"],"description_kind":"plain","computed":true},"cluster_name":{"type":"string","description_kind":"plain","computed":true},"cluster_uuid":{"type":"string","description_kind":"plain","computed":true},"default_gateway_ip":{"type":"string","description_kind":"plain","computed":true},"description":{"type":"string","description_kind":"plain","computed":true},"dhcp_domain_name_server_list":{"type":["list","string"],"description_kind":"plain","computed":true},"dhcp_domain_search_list":{"type":["list","string"],"description_kind":"plain","computed":true},"dhcp_options":{"type":["map","string"],"description_kind":"plain","computed":true},"dhcp_server_address":{"type":["map","string"],"description_kind":"plain","computed":true},"dhcp_server_address_port":{"type":"number","description_kind":"plain","computed":true},"enable_nat":{"type":"bool","description_kind":"plain","computed":true},"id":{"type":"string","description_kind":"plain","optional":true,"computed":true},"ip_config_pool_list_ranges":{"type":["list","string"],"description_kind":"plain","computed":true},"is_external":{"type":"bool","description_kind":"plain","computed":true},"message_list":{"type":["list",["object",{"details":["map","string"],"message":"string","reason":"string"}]],"description_kind":"plain","computed":true},"metadata":{"type":["map","string"],"description_kind":"plain","computed":true},"name":{"type":"string","description_kind":"plain","computed":true},"network_function_chain_reference":{"type":["map","string"],"description_kind":"plain","computed":true},"owner_reference":{"type":["map","string"],"description_kind":"plain","computed":true},"prefix_length":{"type":"number","description_kind":"plain","computed":true},"project_reference":{"type":["map","string"],"description_kind":"plain","computed":true},"state":{"type":"string","description_kind":"plain","computed":true},"subnet_id":{"type":"string","description_kind":"plain","optional":true},"subnet_ip":{"type":"string","description_kind":"plain","computed":true},"subnet_name":{"type":"string","description_kind":"plain","optional":true},"subnet_type":{"type":"string","description_kind":"plain","computed":true},"vlan_id":{"type":"number","description_kind":"plain","computed":true},"vpc_reference":{"type":["map","string"],"description_kind":"plain","computed":true},"vswitch_name":{"type":"string","description_kind":"plain","computed":true}},"block_types":{"additional_filter":{"nesting_mode":"set","block":{"attributes":{"name":{"type":"string","description_kind":"plain","required":true},"values":{"type":["list","string"],"description_kind":"plain","required":true}},"description_kind":"plain"}},"categories":{"nesting_mode":"set","block":{"attributes":{"name":{"type":"string","description_kind":"plain","optional":true,"computed":true},"value":{"type":"string","description_kind":"plain","optional":true,"computed":true}},"description_kind":"plain"}}},"description_kind":"plain"}},"nutanix_subnets":{"version":0,"block":{"attributes":{"api_version":{"type":"string","description_kind":"plain","computed":true},"entities":{"type":["list",["object",{"api_version":"string","availability_zone_reference":["map","string"],"categories":["set",["object",{"name":"string","value":"string"}]],"cluster_name":"string","cluster_reference":["map","string"],"cluster_uuid":"string","default_gateway_ip":"string","description":"string","dhcp_domain_name_server_list":["list","string"],"dhcp_domain_search_list":["list","string"],"dhcp_options":["map","string"],"dhcp_server_address":["map","string"],"dhcp_server_address_port":"number","enable_nat":"bool","ip_config_pool_list_ranges":["list","string"],"is_external":"bool","message_list":["list",["object",{"details":["map","string"],"message":"string","reason":"string"}]],"metadata":["map","string"],"name":"string","network_function_chain_reference":["map","string"],"owner_reference":["map","string"],"prefix_length":"number","project_reference":["map","string"],"state":"string","subnet_id":"string","subnet_ip":"string","subnet_name":"string","subnet_type":"string","vlan_id":"number","vpc_reference":["map","string"],"vswitch_name":"string"}]],"description_kind":"plain","computed":true},"id":{"type":"string","description_kind":"plain","optional":true,"computed":true}},"block_types":{"metadata":{"nesting_mode":"set","block":{"attributes":{"filter":{"type":"string","description_kind":"plain","optional":true,"computed":true},"kind":{"type":"string","description_kind":"plain","optional":true,"computed":true},"length":{"type":"number","description_kind":"plain","optional":true,"computed":true},"offset":{"type":"number","description_kind":"plain","optional":true,"computed":true},"sort_attribute":{"type":"string","description_kind":"plain","optional":true,"computed":true},"sort_order":{"type":"string","description_kind":"plain","optional":true,"computed":true}},"description_kind":"plain"}}},"description_kind":"plain"}},"nutanix_user":{"version":0,"block":{"attributes":{"access_control_policy_reference_list":{"type":["list",["object",{"kind":"string","name":"string","uuid":"string"}]],"description_kind":"plain","computed":true},"api_version":{"type":"string","description_kind":"plain","computed":true},"directory_service_user":{"type":["list",["object",{"default_user_principal_name":"string","directory_service_reference":["list",["object",{"kind":"string","name":"string","uuid":"string"}]],"user_principal_name":"string"}]],"description_kind":"plain","computed":true},"display_name":{"type":"string","description_kind":"plain","computed":true},"id":{"type":"string","description_kind":"plain","optional":true,"computed":true},"identity_provider_user":{"type":["list",["object",{"identity_provider_reference":["list",["object",{"kind":"string","name":"string","uuid":"string"}]],"username":"string"}]],"description_kind":"plain","computed":true},"metadata":{"type":["map","string"],"description_kind":"plain","computed":true},"owner_reference":{"type":["map","string"],"description_kind":"plain","optional":true,"computed":true},"project_reference":{"type":["map","string"],"description_kind":"plain","optional":true},"project_reference_list":{"type":["list",["object",{"kind":"string","name":"string","uuid":"string"}]],"description_kind":"plain","computed":true},"state":{"type":"string","description_kind":"plain","computed":true},"user_id":{"type":"string","description_kind":"plain","optional":true},"user_name":{"type":"string","description_kind":"plain","optional":true},"user_type":{"type":"string","description_kind":"plain","computed":true}},"block_types":{"categories":{"nesting_mode":"set","block":{"attributes":{"name":{"type":"string","description_kind":"plain","optional":true,"computed":true},"value":{"type":"string","description_kind":"plain","optional":true,"computed":true}},"description_kind":"plain"}}},"description_kind":"plain"}},"nutanix_user_group":{"version":0,"block":{"attributes":{"access_control_policy_reference_list":{"type":["list",["object",{"kind":"string","name":"string","uuid":"string"}]],"description_kind":"plain","computed":true},"api_version":{"type":"string","description_kind":"plain","computed":true},"directory_service_user_group":{"type":["list",["object",{"default_user_principal_name":"string","directory_service_reference":["list",["object",{"kind":"string","name":"string","uuid":"string"}]],"distinguished_name":"string"}]],"description_kind":"plain","computed":true},"display_name":{"type":"string","description_kind":"plain","computed":true},"id":{"type":"string","description_kind":"plain","optional":true,"computed":true},"metadata":{"type":["map","string"],"description_kind":"plain","computed":true},"owner_reference":{"type":["map","string"],"description_kind":"plain","optional":true,"computed":true},"project_reference":{"type":["map","string"],"description_kind":"plain","optional":true},"project_reference_list":{"type":["list",["object",{"kind":"string","name":"string","uuid":"string"}]],"description_kind":"plain","computed":true},"state":{"type":"string","description_kind":"plain","computed":true},"user_group_distinguished_name":{"type":"string","description_kind":"plain","optional":true},"user_group_id":{"type":"string","description_kind":"plain","optional":true},"user_group_name":{"type":"string","description_kind":"plain","optional":true},"user_group_type":{"type":"string","description_kind":"plain","computed":true}},"block_types":{"categories":{"nesting_mode":"set","block":{"attributes":{"name":{"type":"string","description_kind":"plain","optional":true,"computed":true},"value":{"type":"string","description_kind":"plain","optional":true,"computed":true}},"description_kind":"plain"}}},"description_kind":"plain"}},"nutanix_user_groups":{"version":0,"block":{"attributes":{"api_version":{"type":"string","description_kind":"plain","computed":true},"entities":{"type":["list",["object",{"access_control_policy_reference_list":["list",["object",{"kind":"string","name":"string","uuid":"string"}]],"api_version":"string","categories":["set",["object",{"name":"string","value":"string"}]],"directory_service_user_group":["list",["object",{"default_user_principal_name":"string","directory_service_reference":["list",["object",{"kind":"string","name":"string","uuid":"string"}]],"distinguished_name":"string"}]],"display_name":"string","metadata":["map","string"],"owner_reference":["map","string"],"project_reference":["map","string"],"project_reference_list":["list",["object",{"kind":"string","name":"string","uuid":"string"}]],"state":"string","user_group_type":"string"}]],"description_kind":"plain","computed":true},"id":{"type":"string","description_kind":"plain","optional":true,"computed":true}},"block_types":{"metadata":{"nesting_mode":"set","block":{"attributes":{"filter":{"type":"string","description_kind":"plain","optional":true,"computed":true},"kind":{"type":"string","description_kind":"plain","optional":true,"computed":true},"length":{"type":"number","description_kind":"plain","optional":true,"computed":true},"offset":{"type":"number","description_kind":"plain","optional":true,"computed":true},"sort_attribute":{"type":"string","description_kind":"plain","optional":true,"computed":true},"sort_order":{"type":"string","description_kind":"plain","optional":true,"computed":true}},"description_kind":"plain"}}},"description_kind":"plain"}},"nutanix_users":{"version":0,"block":{"attributes":{"api_version":{"type":"string","description_kind":"plain","computed":true},"entities":{"type":["list",["object",{"access_control_policy_reference_list":["list",["object",{"kind":"string","name":"string","uuid":"string"}]],"api_version":"string","categories":["set",["object",{"name":"string","value":"string"}]],"directory_service_user":["list",["object",{"default_user_principal_name":"string","directory_service_reference":["list",["object",{"kind":"string","name":"string","uuid":"string"}]],"user_principal_name":"string"}]],"display_name":"string","identity_provider_user":["list",["object",{"identity_provider_reference":["list",["object",{"kind":"string","name":"string","uuid":"string"}]],"username":"string"}]],"metadata":["map","string"],"name":"string","owner_reference":["map","string"],"project_reference":["map","string"],"project_reference_list":["list",["object",{"kind":"string","name":"string","uuid":"string"}]],"state":"string","user_type":"string"}]],"description_kind":"plain","computed":true},"id":{"type":"string","description_kind":"plain","optional":true,"computed":true}},"block_types":{"metadata":{"nesting_mode":"set","block":{"attributes":{"filter":{"type":"string","description_kind":"plain","optional":true,"computed":true},"kind":{"type":"string","description_kind":"plain","optional":true,"computed":true},"length":{"type":"number","description_kind":"plain","optional":true,"computed":true},"offset":{"type":"number","description_kind":"plain","optional":true,"computed":true},"sort_attribute":{"type":"string","description_kind":"plain","optional":true,"computed":true},"sort_order":{"type":"string","description_kind":"plain","optional":true,"computed":true}},"description_kind":"plain"}}},"description_kind":"plain"}},"nutanix_virtual_machine":{"version":1,"block":{"attributes":{"api_version":{"type":"string","description_kind":"plain","computed":true},"availability_zone_reference":{"type":["map","string"],"description_kind":"plain","computed":true},"boot_device_disk_address":{"type":["map","string"],"description_kind":"plain","optional":true,"computed":true},"boot_device_mac_address":{"type":"string","description_kind":"plain","optional":true,"computed":true},"boot_device_order_list":{"type":["list","string"],"description_kind":"plain","computed":true},"boot_type":{"type":"string","description_kind":"plain","computed":true},"cluster_name":{"type":"string","description_kind":"plain","computed":true},"cluster_uuid":{"type":"string","description_kind":"plain","computed":true},"description":{"type":"string","description_kind":"plain","computed":true},"disk_list":{"type":["list",["object",{"data_source_reference":["map","string"],"device_properties":["list",["object",{"device_type":"string","disk_address":["map","string"]}]],"disk_size_bytes":"number","disk_size_mib":"number","storage_config":["list",["object",{"flash_mode":"string","storage_container_reference":["list",["object",{"kind":"string","name":"string","url":"string","uuid":"string"}]]}]],"uuid":"string","volume_group_reference":["map","string"]}]],"description_kind":"plain","computed":true},"enable_cpu_passthrough":{"type":"bool","description_kind":"plain","computed":true},"enable_script_exec":{"type":"bool","description_kind":"plain","computed":true},"gpu_list":{"type":["list",["object",{"device_id":"number","fraction":"number","frame_buffer_size_mib":"number","guest_driver_version":"string","mode":"string","name":"string","num_virtual_display_heads":"number","pci_address":"string","uuid":"string","vendor":"string"}]],"description_kind":"plain","computed":true},"guest_customization_cloud_init_custom_key_values":{"type":["map","string"],"description_kind":"plain","computed":true},"guest_customization_cloud_init_meta_data":{"type":"string","description_kind":"plain","computed":true},"guest_customization_cloud_init_user_data":{"type":"string","description_kind":"plain","computed":true},"guest_customization_is_overridable":{"type":"bool","description_kind":"plain","computed":true},"guest_customization_sysprep":{"type":["map","string"],"description_kind":"plain","computed":true},"guest_customization_sysprep_custom_key_values":{"type":["map","string"],"description_kind":"plain","computed":true},"guest_os_id":{"type":"string","description_kind":"plain","computed":true},"hardware_clock_timezone":{"type":"string","description_kind":"plain","computed":true},"host_reference":{"type":["map","string"],"description_kind":"plain","computed":true},"hypervisor_type":{"type":"string","description_kind":"plain","computed":true},"id":{"type":"string","description_kind":"plain","optional":true,"computed":true},"is_vcpu_hard_pinned":{"type":"bool","description_kind":"plain","computed":true},"machine_type":{"type":"string","description_kind":"plain","computed":true},"memory_size_mib":{"type":"number","description_kind":"plain","computed":true},"message_list":{"type":["list",["object",{"details":["map","string"],"message":"string","reason":"string"}]],"description_kind":"plain","computed":true},"metadata":{"type":["map","string"],"description_kind":"plain","computed":true},"name":{"type":"string","description_kind":"plain","computed":true},"ngt_credentials":{"type":["map","string"],"description_kind":"plain","computed":true},"ngt_enabled_capability_list":{"type":["list","string"],"description_kind":"plain","computed":true},"nic_list":{"type":["list",["object",{"floating_ip":"string","ip_endpoint_list":["list",["object",{"ip":"string","type":"string"}]],"is_connected":"string","mac_address":"string","model":"string","network_function_chain_reference":["map","string"],"network_function_nic_type":"string","nic_type":"string","num_queues":"number","subnet_name":"string","subnet_uuid":"string","uuid":"string"}]],"description_kind":"plain","computed":true},"num_sockets":{"type":"number","description_kind":"plain","computed":true},"num_vcpus_per_socket":{"type":"number","description_kind":"plain","computed":true},"num_vnuma_nodes":{"type":"number","description_kind":"plain","computed":true},"nutanix_guest_tools":{"type":["map","string"],"description_kind":"plain","computed":true},"owner_reference":{"type":["map","string"],"description_kind":"plain","computed":true},"parent_reference":{"type":["map","string"],"description_kind":"plain","computed":true},"power_state":{"type":"string","description_kind":"plain","computed":true},"power_state_mechanism":{"type":"string","description_kind":"plain","computed":true},"project_reference":{"type":["map","string"],"description_kind":"plain","computed":true},"serial_port_list":{"type":["list",["object",{"index":"number","is_connected":"bool"}]],"description_kind":"plain","computed":true},"should_fail_on_script_failure":{"type":"bool","description_kind":"plain","computed":true},"state":{"type":"string","description_kind":"plain","computed":true},"vga_console_enabled":{"type":"bool","description_kind":"plain","computed":true},"vm_id":{"type":"string","description_kind":"plain","required":true}},"block_types":{"categories":{"nesting_mode":"set","block":{"attributes":{"name":{"type":"string","description_kind":"plain","optional":true,"computed":true},"value":{"type":"string","description_kind":"plain","optional":true,"computed":true}},"description_kind":"plain"}}},"description_kind":"plain"}},"nutanix_vpc":{"version":0,"block":{"attributes":{"api_version":{"type":"string","description_kind":"plain","computed":true},"id":{"type":"string","description_kind":"plain","optional":true,"computed":true},"metadata":{"type":["map","string"],"description_kind":"plain","computed":true},"spec":{"type":["list",["object",{"name":"string","resources":["list",["object",{"common_domain_name_server_ip_list":["list",["object",{"ip":"string"}]],"external_subnet_list":["list",["object",{"external_subnet_reference":["map","string"]}]],"externally_routable_prefix_list":["list",["object",{"ip":"string","prefix_length":"number"}]]}]]}]],"description_kind":"plain","computed":true},"status":{"type":["list",["object",{"execution_context":["list",["object",{"task_uuid":["list","string"]}]],"name":"string","resources":["list",["object",{"common_domain_name_server_ip_list":["list",["object",{"ip":"string"}]],"external_subnet_list":["list",["object",{"active_gateway_node":["list",["object",{"host_reference":["map","string"],"ip_address":"string"}]],"external_ip_list":["list","string"],"external_subnet_reference":["map","string"]}]],"externally_routable_prefix_list":["list",["object",{"ip":"string","prefix_length":"number"}]]}]],"state":"string"}]],"description_kind":"plain","computed":true},"vpc_name":{"type":"string","description_kind":"plain","optional":true},"vpc_uuid":{"type":"string","description_kind":"plain","optional":true}},"description_kind":"plain"}},"nutanix_vpcs":{"version":0,"block":{"attributes":{"api_version":{"type":"string","description_kind":"plain","computed":true},"entities":{"type":["list",["object",{"metadata":["map","string"],"spec":["list",["object",{"name":"string","resources":["list",["object",{"common_domain_name_server_ip_list":["list",["object",{"ip":"string"}]],"external_subnet_list":["list",["object",{"external_subnet_reference":["map","string"]}]],"externally_routable_prefix_list":["list",["object",{"ip":"string","prefix_length":"number"}]]}]]}]],"status":["list",["object",{"execution_context":["list",["object",{"task_uuid":["list","string"]}]],"name":"string","resources":["list",["object",{"common_domain_name_server_ip_list":["list",["object",{"ip":"string"}]],"external_subnet_list":["list",["object",{"active_gateway_node":["list",["object",{"host_reference":["map","string"],"ip_address":"string"}]],"external_ip_list":["list","string"],"external_subnet_reference":["map","string"]}]],"externally_routable_prefix_list":["list",["object",{"ip":"string","prefix_length":"number"}]]}]],"state":"string"}]]}]],"description_kind":"plain","computed":true},"id":{"type":"string","description_kind":"plain","optional":true,"computed":true}},"block_types":{"metadata":{"nesting_mode":"set","block":{"attributes":{"filter":{"type":"string","description_kind":"plain","optional":true,"computed":true},"kind":{"type":"string","description_kind":"plain","optional":true,"computed":true},"length":{"type":"number","description_kind":"plain","optional":true,"computed":true},"offset":{"type":"number","description_kind":"plain","optional":true,"computed":true},"sort_attribute":{"type":"string","description_kind":"plain","optional":true,"computed":true},"sort_order":{"type":"string","description_kind":"plain","optional":true,"computed":true},"total_matches":{"type":"number","description_kind":"plain","optional":true,"computed":true}},"description_kind":"plain"}}},"description_kind":"plain"}}}}}}
